// !$*UTF8*$!
{
	archiveVersion = 1;
	classes = {
	};
	objectVersion = 46;
	objects = {

/* Begin PBXBuildFile section */
		9217E5CD1925380000B2E6F1 /* ScoreViewController.m in Sources */ = {isa = PBXBuildFile; fileRef = 9217E5CB1925380000B2E6F1 /* ScoreViewController.m */; };
		9217E5CE1925380000B2E6F1 /* ScoreViewController.xib in Resources */ = {isa = PBXBuildFile; fileRef = 9217E5CC1925380000B2E6F1 /* ScoreViewController.xib */; };
		92AA42A31916C2800037D405 /* Foundation.framework in Frameworks */ = {isa = PBXBuildFile; fileRef = 92AA42A21916C2800037D405 /* Foundation.framework */; };
		92AA42A51916C2800037D405 /* CoreGraphics.framework in Frameworks */ = {isa = PBXBuildFile; fileRef = 92AA42A41916C2800037D405 /* CoreGraphics.framework */; };
		92AA42A71916C2800037D405 /* UIKit.framework in Frameworks */ = {isa = PBXBuildFile; fileRef = 92AA42A61916C2800037D405 /* UIKit.framework */; };
		92AA42AD1916C2800037D405 /* InfoPlist.strings in Resources */ = {isa = PBXBuildFile; fileRef = 92AA42AB1916C2800037D405 /* InfoPlist.strings */; };
		92AA42AF1916C2800037D405 /* main.m in Sources */ = {isa = PBXBuildFile; fileRef = 92AA42AE1916C2800037D405 /* main.m */; };
		92AA42B31916C2800037D405 /* VolleyBallAppDelegate.m in Sources */ = {isa = PBXBuildFile; fileRef = 92AA42B21916C2800037D405 /* VolleyBallAppDelegate.m */; };
		92AA42B61916C2810037D405 /* Main.storyboard in Resources */ = {isa = PBXBuildFile; fileRef = 92AA42B41916C2810037D405 /* Main.storyboard */; };
		92AA42B91916C2810037D405 /* VolleyBallViewController.m in Sources */ = {isa = PBXBuildFile; fileRef = 92AA42B81916C2810037D405 /* VolleyBallViewController.m */; };
		92AA42BB1916C2810037D405 /* Images.xcassets in Resources */ = {isa = PBXBuildFile; fileRef = 92AA42BA1916C2810037D405 /* Images.xcassets */; };
		92AA42C21916C2810037D405 /* XCTest.framework in Frameworks */ = {isa = PBXBuildFile; fileRef = 92AA42C11916C2810037D405 /* XCTest.framework */; };
		92AA42C31916C2810037D405 /* Foundation.framework in Frameworks */ = {isa = PBXBuildFile; fileRef = 92AA42A21916C2800037D405 /* Foundation.framework */; };
		92AA42C41916C2810037D405 /* UIKit.framework in Frameworks */ = {isa = PBXBuildFile; fileRef = 92AA42A61916C2800037D405 /* UIKit.framework */; };
		92AA42CC1916C2810037D405 /* InfoPlist.strings in Resources */ = {isa = PBXBuildFile; fileRef = 92AA42CA1916C2810037D405 /* InfoPlist.strings */; };
		92AA42CE1916C2810037D405 /* VolleyballTests.m in Sources */ = {isa = PBXBuildFile; fileRef = 92AA42CD1916C2810037D405 /* VolleyballTests.m */; };
/* End PBXBuildFile section */

/* Begin PBXContainerItemProxy section */
		92AA42C51916C2810037D405 /* PBXContainerItemProxy */ = {
			isa = PBXContainerItemProxy;
			containerPortal = 92AA42971916C2800037D405 /* Project object */;
			proxyType = 1;
			remoteGlobalIDString = 92AA429E1916C2800037D405;
			remoteInfo = Volleyball;
		};
/* End PBXContainerItemProxy section */

/* Begin PBXFileReference section */
		9217E5CA1925380000B2E6F1 /* ScoreViewController.h */ = {isa = PBXFileReference; fileEncoding = 4; lastKnownFileType = sourcecode.c.h; path = ScoreViewController.h; sourceTree = "<group>"; };
		9217E5CB1925380000B2E6F1 /* ScoreViewController.m */ = {isa = PBXFileReference; fileEncoding = 4; lastKnownFileType = sourcecode.c.objc; path = ScoreViewController.m; sourceTree = "<group>"; };
		9217E5CC1925380000B2E6F1 /* ScoreViewController.xib */ = {isa = PBXFileReference; fileEncoding = 4; lastKnownFileType = file.xib; path = ScoreViewController.xib; sourceTree = "<group>"; };
		92AA429F1916C2800037D405 /* Volleyball.app */ = {isa = PBXFileReference; explicitFileType = wrapper.application; includeInIndex = 0; path = Volleyball.app; sourceTree = BUILT_PRODUCTS_DIR; };
		92AA42A21916C2800037D405 /* Foundation.framework */ = {isa = PBXFileReference; lastKnownFileType = wrapper.framework; name = Foundation.framework; path = System/Library/Frameworks/Foundation.framework; sourceTree = SDKROOT; };
		92AA42A41916C2800037D405 /* CoreGraphics.framework */ = {isa = PBXFileReference; lastKnownFileType = wrapper.framework; name = CoreGraphics.framework; path = System/Library/Frameworks/CoreGraphics.framework; sourceTree = SDKROOT; };
		92AA42A61916C2800037D405 /* UIKit.framework */ = {isa = PBXFileReference; lastKnownFileType = wrapper.framework; name = UIKit.framework; path = System/Library/Frameworks/UIKit.framework; sourceTree = SDKROOT; };
		92AA42AA1916C2800037D405 /* Volleyball-Info.plist */ = {isa = PBXFileReference; lastKnownFileType = text.plist.xml; path = "Volleyball-Info.plist"; sourceTree = "<group>"; };
		92AA42AC1916C2800037D405 /* en */ = {isa = PBXFileReference; lastKnownFileType = text.plist.strings; name = en; path = en.lproj/InfoPlist.strings; sourceTree = "<group>"; };
		92AA42AE1916C2800037D405 /* main.m */ = {isa = PBXFileReference; lastKnownFileType = sourcecode.c.objc; path = main.m; sourceTree = "<group>"; };
		92AA42B01916C2800037D405 /* Volleyball-Prefix.pch */ = {isa = PBXFileReference; lastKnownFileType = sourcecode.c.h; path = "Volleyball-Prefix.pch"; sourceTree = "<group>"; };
		92AA42B11916C2800037D405 /* VolleyBallAppDelegate.h */ = {isa = PBXFileReference; lastKnownFileType = sourcecode.c.h; path = VolleyBallAppDelegate.h; sourceTree = "<group>"; };
		92AA42B21916C2800037D405 /* VolleyBallAppDelegate.m */ = {isa = PBXFileReference; lastKnownFileType = sourcecode.c.objc; path = VolleyBallAppDelegate.m; sourceTree = "<group>"; };
		92AA42B51916C2810037D405 /* Base */ = {isa = PBXFileReference; lastKnownFileType = file.storyboard; name = Base; path = Base.lproj/Main.storyboard; sourceTree = "<group>"; };
		92AA42B71916C2810037D405 /* VolleyBallViewController.h */ = {isa = PBXFileReference; lastKnownFileType = sourcecode.c.h; path = VolleyBallViewController.h; sourceTree = "<group>"; };
		92AA42B81916C2810037D405 /* VolleyBallViewController.m */ = {isa = PBXFileReference; lastKnownFileType = sourcecode.c.objc; path = VolleyBallViewController.m; sourceTree = "<group>"; };
		92AA42BA1916C2810037D405 /* Images.xcassets */ = {isa = PBXFileReference; lastKnownFileType = folder.assetcatalog; path = Images.xcassets; sourceTree = "<group>"; };
		92AA42C01916C2810037D405 /* VolleyballTests.xctest */ = {isa = PBXFileReference; explicitFileType = wrapper.cfbundle; includeInIndex = 0; path = VolleyballTests.xctest; sourceTree = BUILT_PRODUCTS_DIR; };
		92AA42C11916C2810037D405 /* XCTest.framework */ = {isa = PBXFileReference; lastKnownFileType = wrapper.framework; name = XCTest.framework; path = Library/Frameworks/XCTest.framework; sourceTree = DEVELOPER_DIR; };
		92AA42C91916C2810037D405 /* VolleyballTests-Info.plist */ = {isa = PBXFileReference; lastKnownFileType = text.plist.xml; path = "VolleyballTests-Info.plist"; sourceTree = "<group>"; };
		92AA42CB1916C2810037D405 /* en */ = {isa = PBXFileReference; lastKnownFileType = text.plist.strings; name = en; path = en.lproj/InfoPlist.strings; sourceTree = "<group>"; };
		92AA42CD1916C2810037D405 /* VolleyballTests.m */ = {isa = PBXFileReference; lastKnownFileType = sourcecode.c.objc; path = VolleyballTests.m; sourceTree = "<group>"; };
/* End PBXFileReference section */

/* Begin PBXFrameworksBuildPhase section */
		92AA429C1916C2800037D405 /* Frameworks */ = {
			isa = PBXFrameworksBuildPhase;
			buildActionMask = 2147483647;
			files = (
				92AA42A51916C2800037D405 /* CoreGraphics.framework in Frameworks */,
				92AA42A71916C2800037D405 /* UIKit.framework in Frameworks */,
				92AA42A31916C2800037D405 /* Foundation.framework in Frameworks */,
			);
			runOnlyForDeploymentPostprocessing = 0;
		};
		92AA42BD1916C2810037D405 /* Frameworks */ = {
			isa = PBXFrameworksBuildPhase;
			buildActionMask = 2147483647;
			files = (
				92AA42C21916C2810037D405 /* XCTest.framework in Frameworks */,
				92AA42C41916C2810037D405 /* UIKit.framework in Frameworks */,
				92AA42C31916C2810037D405 /* Foundation.framework in Frameworks */,
			);
			runOnlyForDeploymentPostprocessing = 0;
		};
/* End PBXFrameworksBuildPhase section */

/* Begin PBXGroup section */
		92AA42961916C2800037D405 = {
			isa = PBXGroup;
			children = (
				92AA42A81916C2800037D405 /* Volleyball */,
				92AA42C71916C2810037D405 /* VolleyballTests */,
				92AA42A11916C2800037D405 /* Frameworks */,
				92AA42A01916C2800037D405 /* Products */,
			);
			sourceTree = "<group>";
		};
		92AA42A01916C2800037D405 /* Products */ = {
			isa = PBXGroup;
			children = (
				92AA429F1916C2800037D405 /* Volleyball.app */,
				92AA42C01916C2810037D405 /* VolleyballTests.xctest */,
			);
			name = Products;
			sourceTree = "<group>";
		};
		92AA42A11916C2800037D405 /* Frameworks */ = {
			isa = PBXGroup;
			children = (
				92AA42A21916C2800037D405 /* Foundation.framework */,
				92AA42A41916C2800037D405 /* CoreGraphics.framework */,
				92AA42A61916C2800037D405 /* UIKit.framework */,
				92AA42C11916C2810037D405 /* XCTest.framework */,
			);
			name = Frameworks;
			sourceTree = "<group>";
		};
		92AA42A81916C2800037D405 /* Volleyball */ = {
			isa = PBXGroup;
			children = (
				92AA42B11916C2800037D405 /* VolleyBallAppDelegate.h */,
				92AA42B21916C2800037D405 /* VolleyBallAppDelegate.m */,
				92AA42B71916C2810037D405 /* VolleyBallViewController.h */,
				92AA42B81916C2810037D405 /* VolleyBallViewController.m */,
				9217E5CA1925380000B2E6F1 /* ScoreViewController.h */,
				9217E5CB1925380000B2E6F1 /* ScoreViewController.m */,
				9217E5CC1925380000B2E6F1 /* ScoreViewController.xib */,
				92AA42B41916C2810037D405 /* Main.storyboard */,
				92AA42BA1916C2810037D405 /* Images.xcassets */,
				92AA42A91916C2800037D405 /* Supporting Files */,
			);
			path = Volleyball;
			sourceTree = "<group>";
		};
		92AA42A91916C2800037D405 /* Supporting Files */ = {
			isa = PBXGroup;
			children = (
				92AA42AA1916C2800037D405 /* Volleyball-Info.plist */,
				92AA42AB1916C2800037D405 /* InfoPlist.strings */,
				92AA42AE1916C2800037D405 /* main.m */,
				92AA42B01916C2800037D405 /* Volleyball-Prefix.pch */,
			);
			name = "Supporting Files";
			sourceTree = "<group>";
		};
		92AA42C71916C2810037D405 /* VolleyballTests */ = {
			isa = PBXGroup;
			children = (
				92AA42CD1916C2810037D405 /* VolleyballTests.m */,
				92AA42C81916C2810037D405 /* Supporting Files */,
			);
			path = VolleyballTests;
			sourceTree = "<group>";
		};
		92AA42C81916C2810037D405 /* Supporting Files */ = {
			isa = PBXGroup;
			children = (
				92AA42C91916C2810037D405 /* VolleyballTests-Info.plist */,
				92AA42CA1916C2810037D405 /* InfoPlist.strings */,
			);
			name = "Supporting Files";
			sourceTree = "<group>";
		};
/* End PBXGroup section */

/* Begin PBXNativeTarget section */
		92AA429E1916C2800037D405 /* Volleyball */ = {
			isa = PBXNativeTarget;
			buildConfigurationList = 92AA42D11916C2810037D405 /* Build configuration list for PBXNativeTarget "Volleyball" */;
			buildPhases = (
				92AA429B1916C2800037D405 /* Sources */,
				92AA429C1916C2800037D405 /* Frameworks */,
				92AA429D1916C2800037D405 /* Resources */,
			);
			buildRules = (
			);
			dependencies = (
			);
			name = Volleyball;
			productName = Volleyball;
			productReference = 92AA429F1916C2800037D405 /* Volleyball.app */;
			productType = "com.apple.product-type.application";
		};
		92AA42BF1916C2810037D405 /* VolleyballTests */ = {
			isa = PBXNativeTarget;
			buildConfigurationList = 92AA42D41916C2810037D405 /* Build configuration list for PBXNativeTarget "VolleyballTests" */;
			buildPhases = (
				92AA42BC1916C2810037D405 /* Sources */,
				92AA42BD1916C2810037D405 /* Frameworks */,
				92AA42BE1916C2810037D405 /* Resources */,
			);
			buildRules = (
			);
			dependencies = (
				92AA42C61916C2810037D405 /* PBXTargetDependency */,
			);
			name = VolleyballTests;
			productName = VolleyballTests;
			productReference = 92AA42C01916C2810037D405 /* VolleyballTests.xctest */;
			productType = "com.apple.product-type.bundle.unit-test";
		};
/* End PBXNativeTarget section */

/* Begin PBXProject section */
		92AA42971916C2800037D405 /* Project object */ = {
			isa = PBXProject;
			attributes = {
				CLASSPREFIX = VolleyBall;
				LastUpgradeCheck = 0510;
				ORGANIZATIONNAME = BaraTech;
				TargetAttributes = {
					92AA42BF1916C2810037D405 = {
						TestTargetID = 92AA429E1916C2800037D405;
					};
				};
			};
			buildConfigurationList = 92AA429A1916C2800037D405 /* Build configuration list for PBXProject "Volleyball" */;
			compatibilityVersion = "Xcode 3.2";
			developmentRegion = English;
			hasScannedForEncodings = 0;
			knownRegions = (
				en,
				Base,
			);
			mainGroup = 92AA42961916C2800037D405;
			productRefGroup = 92AA42A01916C2800037D405 /* Products */;
			projectDirPath = "";
			projectRoot = "";
			targets = (
				92AA429E1916C2800037D405 /* Volleyball */,
				92AA42BF1916C2810037D405 /* VolleyballTests */,
			);
		};
/* End PBXProject section */

/* Begin PBXResourcesBuildPhase section */
		92AA429D1916C2800037D405 /* Resources */ = {
			isa = PBXResourcesBuildPhase;
			buildActionMask = 2147483647;
			files = (
				92AA42BB1916C2810037D405 /* Images.xcassets in Resources */,
				92AA42AD1916C2800037D405 /* InfoPlist.strings in Resources */,
				92AA42B61916C2810037D405 /* Main.storyboard in Resources */,
				9217E5CE1925380000B2E6F1 /* ScoreViewController.xib in Resources */,
			);
			runOnlyForDeploymentPostprocessing = 0;
		};
		92AA42BE1916C2810037D405 /* Resources */ = {
			isa = PBXResourcesBuildPhase;
			buildActionMask = 2147483647;
			files = (
				92AA42CC1916C2810037D405 /* InfoPlist.strings in Resources */,
			);
			runOnlyForDeploymentPostprocessing = 0;
		};
/* End PBXResourcesBuildPhase section */

/* Begin PBXSourcesBuildPhase section */
		92AA429B1916C2800037D405 /* Sources */ = {
			isa = PBXSourcesBuildPhase;
			buildActionMask = 2147483647;
			files = (
				92AA42B31916C2800037D405 /* VolleyBallAppDelegate.m in Sources */,
				92AA42B91916C2810037D405 /* VolleyBallViewController.m in Sources */,
				92AA42AF1916C2800037D405 /* main.m in Sources */,
				9217E5CD1925380000B2E6F1 /* ScoreViewController.m in Sources */,
			);
			runOnlyForDeploymentPostprocessing = 0;
		};
		92AA42BC1916C2810037D405 /* Sources */ = {
			isa = PBXSourcesBuildPhase;
			buildActionMask = 2147483647;
			files = (
				92AA42CE1916C2810037D405 /* VolleyballTests.m in Sources */,
			);
			runOnlyForDeploymentPostprocessing = 0;
		};
/* End PBXSourcesBuildPhase section */

/* Begin PBXTargetDependency section */
		92AA42C61916C2810037D405 /* PBXTargetDependency */ = {
			isa = PBXTargetDependency;
			target = 92AA429E1916C2800037D405 /* Volleyball */;
			targetProxy = 92AA42C51916C2810037D405 /* PBXContainerItemProxy */;
		};
/* End PBXTargetDependency section */

/* Begin PBXVariantGroup section */
		92AA42AB1916C2800037D405 /* InfoPlist.strings */ = {
			isa = PBXVariantGroup;
			children = (
				92AA42AC1916C2800037D405 /* en */,
			);
			name = InfoPlist.strings;
			sourceTree = "<group>";
		};
		92AA42B41916C2810037D405 /* Main.storyboard */ = {
			isa = PBXVariantGroup;
			children = (
				92AA42B51916C2810037D405 /* Base */,
			);
			name = Main.storyboard;
			sourceTree = "<group>";
		};
		92AA42CA1916C2810037D405 /* InfoPlist.strings */ = {
			isa = PBXVariantGroup;
			children = (
				92AA42CB1916C2810037D405 /* en */,
			);
			name = InfoPlist.strings;
			sourceTree = "<group>";
		};
/* End PBXVariantGroup section */

/* Begin XCBuildConfiguration section */
		92AA42CF1916C2810037D405 /* Debug */ = {
			isa = XCBuildConfiguration;
			buildSettings = {
				ALWAYS_SEARCH_USER_PATHS = NO;
				CLANG_CXX_LANGUAGE_STANDARD = "gnu++0x";
				CLANG_CXX_LIBRARY = "libc++";
				CLANG_ENABLE_MODULES = YES;
				CLANG_ENABLE_OBJC_ARC = YES;
				CLANG_WARN_BOOL_CONVERSION = YES;
				CLANG_WARN_CONSTANT_CONVERSION = YES;
				CLANG_WARN_DIRECT_OBJC_ISA_USAGE = YES_ERROR;
				CLANG_WARN_EMPTY_BODY = YES;
				CLANG_WARN_ENUM_CONVERSION = YES;
				CLANG_WARN_INT_CONVERSION = YES;
				CLANG_WARN_OBJC_ROOT_CLASS = YES_ERROR;
				CLANG_WARN__DUPLICATE_METHOD_MATCH = YES;
				"CODE_SIGN_IDENTITY[sdk=iphoneos*]" = "iPhone Developer";
				COPY_PHASE_STRIP = NO;
				GCC_C_LANGUAGE_STANDARD = gnu99;
				GCC_DYNAMIC_NO_PIC = NO;
				GCC_OPTIMIZATION_LEVEL = 0;
				GCC_PREPROCESSOR_DEFINITIONS = (
					"DEBUG=1",
					"$(inherited)",
				);
				GCC_SYMBOLS_PRIVATE_EXTERN = NO;
				GCC_WARN_64_TO_32_BIT_CONVERSION = YES;
				GCC_WARN_ABOUT_RETURN_TYPE = YES_ERROR;
				GCC_WARN_UNDECLARED_SELECTOR = YES;
				GCC_WARN_UNINITIALIZED_AUTOS = YES_AGGRESSIVE;
				GCC_WARN_UNUSED_FUNCTION = YES;
				GCC_WARN_UNUSED_VARIABLE = YES;
				IPHONEOS_DEPLOYMENT_TARGET = 7.1;
				ONLY_ACTIVE_ARCH = YES;
				SDKROOT = iphoneos;
			};
			name = Debug;
		};
		92AA42D01916C2810037D405 /* Release */ = {
			isa = XCBuildConfiguration;
			buildSettings = {
				ALWAYS_SEARCH_USER_PATHS = NO;
				CLANG_CXX_LANGUAGE_STANDARD = "gnu++0x";
				CLANG_CXX_LIBRARY = "libc++";
				CLANG_ENABLE_MODULES = YES;
				CLANG_ENABLE_OBJC_ARC = YES;
				CLANG_WARN_BOOL_CONVERSION = YES;
				CLANG_WARN_CONSTANT_CONVERSION = YES;
				CLANG_WARN_DIRECT_OBJC_ISA_USAGE = YES_ERROR;
				CLANG_WARN_EMPTY_BODY = YES;
				CLANG_WARN_ENUM_CONVERSION = YES;
				CLANG_WARN_INT_CONVERSION = YES;
				CLANG_WARN_OBJC_ROOT_CLASS = YES_ERROR;
				CLANG_WARN__DUPLICATE_METHOD_MATCH = YES;
				"CODE_SIGN_IDENTITY[sdk=iphoneos*]" = "iPhone Developer";
				COPY_PHASE_STRIP = YES;
				ENABLE_NS_ASSERTIONS = NO;
				GCC_C_LANGUAGE_STANDARD = gnu99;
				GCC_WARN_64_TO_32_BIT_CONVERSION = YES;
				GCC_WARN_ABOUT_RETURN_TYPE = YES_ERROR;
				GCC_WARN_UNDECLARED_SELECTOR = YES;
				GCC_WARN_UNINITIALIZED_AUTOS = YES_AGGRESSIVE;
				GCC_WARN_UNUSED_FUNCTION = YES;
				GCC_WARN_UNUSED_VARIABLE = YES;
				IPHONEOS_DEPLOYMENT_TARGET = 7.1;
				SDKROOT = iphoneos;
				VALIDATE_PRODUCT = YES;
			};
			name = Release;
		};
		92AA42D21916C2810037D405 /* Debug */ = {
			isa = XCBuildConfiguration;
			buildSettings = {
				ASSETCATALOG_COMPILER_APPICON_NAME = AppIcon;
				ASSETCATALOG_COMPILER_LAUNCHIMAGE_NAME = LaunchImage;
				GCC_PRECOMPILE_PREFIX_HEADER = YES;
				GCC_PREFIX_HEADER = "Volleyball/Volleyball-Prefix.pch";
				INFOPLIST_FILE = "Volleyball/Volleyball-Info.plist";
				PRODUCT_NAME = "$(TARGET_NAME)";
				WRAPPER_EXTENSION = app;
			};
			name = Debug;
		};
		92AA42D31916C2810037D405 /* Release */ = {
			isa = XCBuildConfiguration;
			buildSettings = {
				ASSETCATALOG_COMPILER_APPICON_NAME = AppIcon;
				ASSETCATALOG_COMPILER_LAUNCHIMAGE_NAME = LaunchImage;
				GCC_PRECOMPILE_PREFIX_HEADER = YES;
				GCC_PREFIX_HEADER = "Volleyball/Volleyball-Prefix.pch";
				INFOPLIST_FILE = "Volleyball/Volleyball-Info.plist";
				PRODUCT_NAME = "$(TARGET_NAME)";
				WRAPPER_EXTENSION = app;
			};
			name = Release;
		};
		92AA42D51916C2810037D405 /* Debug */ = {
			isa = XCBuildConfiguration;
			buildSettings = {
				BUNDLE_LOADER = "$(BUILT_PRODUCTS_DIR)/Volleyball.app/Volleyball";
				FRAMEWORK_SEARCH_PATHS = (
					"$(SDKROOT)/Developer/Library/Frameworks",
					"$(inherited)",
					"$(DEVELOPER_FRAMEWORKS_DIR)",
				);
				GCC_PRECOMPILE_PREFIX_HEADER = YES;
				GCC_PREFIX_HEADER = "Volleyball/Volleyball-Prefix.pch";
				GCC_PREPROCESSOR_DEFINITIONS = (
					"DEBUG=1",
					"$(inherited)",
				);
				INFOPLIST_FILE = "VolleyballTests/VolleyballTests-Info.plist";
				PRODUCT_NAME = "$(TARGET_NAME)";
				TEST_HOST = "$(BUNDLE_LOADER)";
				WRAPPER_EXTENSION = xctest;
			};
			name = Debug;
		};
		92AA42D61916C2810037D405 /* Release */ = {
			isa = XCBuildConfiguration;
			buildSettings = {
				BUNDLE_LOADER = "$(BUILT_PRODUCTS_DIR)/Volleyball.app/Volleyball";
				FRAMEWORK_SEARCH_PATHS = (
					"$(SDKROOT)/Developer/Library/Frameworks",
					"$(inherited)",
					"$(DEVELOPER_FRAMEWORKS_DIR)",
				);
				GCC_PRECOMPILE_PREFIX_HEADER = YES;
				GCC_PREFIX_HEADER = "Volleyball/Volleyball-Prefix.pch";
				INFOPLIST_FILE = "VolleyballTests/VolleyballTests-Info.plist";
				PRODUCT_NAME = "$(TARGET_NAME)";
				TEST_HOST = "$(BUNDLE_LOADER)";
				WRAPPER_EXTENSION = xctest;
			};
			name = Release;
		};
/* End XCBuildConfiguration section */

/* Begin XCConfigurationList section */
		92AA429A1916C2800037D405 /* Build configuration list for PBXProject "Volleyball" */ = {
			isa = XCConfigurationList;
			buildConfigurations = (
				92AA42CF1916C2810037D405 /* Debug */,
				92AA42D01916C2810037D405 /* Release */,
			);
			defaultConfigurationIsVisible = 0;
			defaultConfigurationName = Release;
		};
		92AA42D11916C2810037D405 /* Build configuration list for PBXNativeTarget "Volleyball" */ = {
			isa = XCConfigurationList;
			buildConfigurations = (
				92AA42D21916C2810037D405 /* Debug */,
				92AA42D31916C2810037D405 /* Release */,
			);
			defaultConfigurationIsVisible = 0;
			defaultConfigurationName = Release;
		};
		92AA42D41916C2810037D405 /* Build configuration list for PBXNativeTarget "VolleyballTests" */ = {
			isa = XCConfigurationList;
			buildConfigurations = (
				92AA42D51916C2810037D405 /* Debug */,
				92AA42D61916C2810037D405 /* Release */,
			);
			defaultConfigurationIsVisible = 0;
			defaultConfigurationName = Release;
		};
/* End XCConfigurationList section */
	};
	rootObject = 92AA42971916C2800037D405 /* Project object */;
}
