<?xml version="1.0" encoding="UTF-8"?>
<!DOCTYPE plist PUBLIC "-//Apple//DTD PLIST 1.0//EN" "http://www.apple.com/DTDs/PropertyList-1.0.dtd">
<plist version="1.0">
<dict>
	<key>archiveVersion</key>
	<string>1</string>
	<key>classes</key>
	<dict/>
	<key>objectVersion</key>
	<string>46</string>
	<key>objects</key>
	<dict>
		<key>0B4ED459EC734A06A148386C</key>
		<dict>
			<key>fileRef</key>
			<string>BCC53CBCA0594612BB4E9737</string>
			<key>isa</key>
			<string>PBXBuildFile</string>
		</dict>
		<key>78EBC87DCC4F4A9088727E74</key>
		<dict>
			<key>buildActionMask</key>
			<string>2147483647</string>
			<key>files</key>
			<array/>
			<key>inputPaths</key>
			<array/>
			<key>isa</key>
			<string>PBXShellScriptBuildPhase</string>
			<key>name</key>
			<string>Copy Pods Resources</string>
			<key>outputPaths</key>
			<array/>
			<key>runOnlyForDeploymentPostprocessing</key>
			<string>0</string>
			<key>shellPath</key>
			<string>/bin/sh</string>
			<key>shellScript</key>
			<string>"${SRCROOT}/Pods/Pods-resources.sh"
</string>
			<key>showEnvVarsInLog</key>
			<string>0</string>
		</dict>
		<key>9217E5D11926377700B2E6F1</key>
		<dict>
			<key>fileEncoding</key>
			<string>4</string>
			<key>isa</key>
			<string>PBXFileReference</string>
			<key>lastKnownFileType</key>
			<string>sourcecode.c.h</string>
			<key>path</key>
			<string>DefaultScoreViewController.h</string>
			<key>sourceTree</key>
			<string>&lt;group&gt;</string>
		</dict>
		<key>9217E5D21926377700B2E6F1</key>
		<dict>
			<key>fileEncoding</key>
			<string>4</string>
			<key>isa</key>
			<string>PBXFileReference</string>
			<key>lastKnownFileType</key>
			<string>sourcecode.c.objc</string>
			<key>path</key>
			<string>DefaultScoreViewController.m</string>
			<key>sourceTree</key>
			<string>&lt;group&gt;</string>
		</dict>
		<key>9217E5D41926377700B2E6F1</key>
		<dict>
			<key>fileRef</key>
			<string>9217E5D21926377700B2E6F1</string>
			<key>isa</key>
			<string>PBXBuildFile</string>
		</dict>
		<key>92447968192AD7A10031C1F6</key>
		<dict>
			<key>isa</key>
			<string>PBXFileReference</string>
			<key>lastKnownFileType</key>
			<string>wrapper.framework</string>
			<key>name</key>
			<string>MessageUI.framework</string>
			<key>path</key>
			<string>System/Library/Frameworks/MessageUI.framework</string>
			<key>sourceTree</key>
			<string>SDKROOT</string>
		</dict>
		<key>92447969192AD7A10031C1F6</key>
		<dict>
			<key>fileRef</key>
			<string>92447968192AD7A10031C1F6</string>
			<key>isa</key>
			<string>PBXBuildFile</string>
		</dict>
		<key>9244799B192C01830031C1F6</key>
		<dict>
			<key>children</key>
			<array>
				<string>AD9B665B199D2754002C5145</string>
				<string>ADEB992E1986ECB70009B3F5</string>
			</array>
			<key>isa</key>
			<string>PBXGroup</string>
			<key>name</key>
			<string>Resources</string>
			<key>sourceTree</key>
			<string>&lt;group&gt;</string>
		</dict>
		<key>9244799E192C2CDC0031C1F6</key>
		<dict>
			<key>fileEncoding</key>
			<string>4</string>
			<key>isa</key>
			<string>PBXFileReference</string>
			<key>lastKnownFileType</key>
			<string>sourcecode.c.h</string>
			<key>path</key>
			<string>SettingsViewController.h</string>
			<key>sourceTree</key>
			<string>&lt;group&gt;</string>
		</dict>
		<key>9244799F192C2CDC0031C1F6</key>
		<dict>
			<key>fileEncoding</key>
			<string>4</string>
			<key>isa</key>
			<string>PBXFileReference</string>
			<key>lastKnownFileType</key>
			<string>sourcecode.c.objc</string>
			<key>path</key>
			<string>SettingsViewController.m</string>
			<key>sourceTree</key>
			<string>&lt;group&gt;</string>
		</dict>
		<key>924479A0192C2CDC0031C1F6</key>
		<dict>
			<key>fileRef</key>
			<string>9244799F192C2CDC0031C1F6</string>
			<key>isa</key>
			<string>PBXBuildFile</string>
		</dict>
		<key>9273CB021940990200696E8E</key>
		<dict>
			<key>fileEncoding</key>
			<string>4</string>
			<key>isa</key>
			<string>PBXFileReference</string>
			<key>lastKnownFileType</key>
			<string>sourcecode.c.h</string>
			<key>path</key>
			<string>SupportInstructionsViewController.h</string>
			<key>sourceTree</key>
			<string>&lt;group&gt;</string>
		</dict>
		<key>9273CB031940990200696E8E</key>
		<dict>
			<key>fileEncoding</key>
			<string>4</string>
			<key>isa</key>
			<string>PBXFileReference</string>
			<key>lastKnownFileType</key>
			<string>sourcecode.c.objc</string>
			<key>path</key>
			<string>SupportInstructionsViewController.m</string>
			<key>sourceTree</key>
			<string>&lt;group&gt;</string>
		</dict>
		<key>9273CB041940990200696E8E</key>
		<dict>
			<key>fileRef</key>
			<string>9273CB031940990200696E8E</string>
			<key>isa</key>
			<string>PBXBuildFile</string>
		</dict>
		<key>92AA42961916C2800037D405</key>
		<dict>
			<key>children</key>
			<array>
				<string>ADCC13A11981CE21001DC9B6</string>
				<string>AD529694197F45E500767D1C</string>
				<string>AD52968A197F38E100767D1C</string>
				<string>AD52967F197ED75200767D1C</string>
				<string>92AA42A81916C2800037D405</string>
				<string>9244799B192C01830031C1F6</string>
				<string>92AA42C71916C2810037D405</string>
				<string>92AA42A11916C2800037D405</string>
				<string>92AA42A01916C2800037D405</string>
				<string>E9251E8A95CA4E9B81CAA95B</string>
			</array>
			<key>isa</key>
			<string>PBXGroup</string>
			<key>sourceTree</key>
			<string>&lt;group&gt;</string>
		</dict>
		<key>92AA42971916C2800037D405</key>
		<dict>
			<key>attributes</key>
			<dict>
				<key>CLASSPREFIX</key>
				<string>VolleyBall</string>
				<key>LastUpgradeCheck</key>
				<string>0510</string>
				<key>ORGANIZATIONNAME</key>
				<string>BaraLabs, LLC</string>
				<key>TargetAttributes</key>
				<dict>
					<key>92AA429E1916C2800037D405</key>
					<dict>
						<key>DevelopmentTeam</key>
						<string>CF655ESNGC</string>
					</dict>
					<key>92AA42BF1916C2810037D405</key>
					<dict>
						<key>TestTargetID</key>
						<string>92AA429E1916C2800037D405</string>
					</dict>
				</dict>
			</dict>
			<key>buildConfigurationList</key>
			<string>92AA429A1916C2800037D405</string>
			<key>compatibilityVersion</key>
			<string>Xcode 3.2</string>
			<key>developmentRegion</key>
			<string>English</string>
			<key>hasScannedForEncodings</key>
			<string>0</string>
			<key>isa</key>
			<string>PBXProject</string>
			<key>knownRegions</key>
			<array>
				<string>en</string>
				<string>Base</string>
				<string>es</string>
				<string>zh-Hans</string>
			</array>
			<key>mainGroup</key>
			<string>92AA42961916C2800037D405</string>
			<key>productRefGroup</key>
			<string>92AA42A01916C2800037D405</string>
			<key>projectDirPath</key>
			<string></string>
			<key>projectReferences</key>
			<array/>
			<key>projectRoot</key>
			<string></string>
			<key>targets</key>
			<array>
				<string>92AA429E1916C2800037D405</string>
				<string>92AA42BF1916C2810037D405</string>
			</array>
		</dict>
		<key>92AA429A1916C2800037D405</key>
		<dict>
			<key>buildConfigurations</key>
			<array>
				<string>92AA42CF1916C2810037D405</string>
				<string>92AA42D01916C2810037D405</string>
				<string>ADFEAFB41941F52500CB5252</string>
			</array>
			<key>defaultConfigurationIsVisible</key>
			<string>0</string>
			<key>defaultConfigurationName</key>
			<string>Release</string>
			<key>isa</key>
			<string>XCConfigurationList</string>
		</dict>
		<key>92AA429B1916C2800037D405</key>
		<dict>
			<key>buildActionMask</key>
			<string>2147483647</string>
			<key>files</key>
			<array>
				<string>AD529693197F45DD00767D1C</string>
				<string>92AA42B31916C2800037D405</string>
				<string>92AA42B91916C2810037D405</string>
				<string>AD52968D197F390E00767D1C</string>
				<string>AD529690197F458E00767D1C</string>
				<string>AD0E1A09196AC50700289E7D</string>
				<string>AD1C816E195C43A30028179B</string>
				<string>AD082E33198061AE00A997CE</string>
				<string>924479A0192C2CDC0031C1F6</string>
				<string>92AA42AF1916C2800037D405</string>
				<string>9217E5D41926377700B2E6F1</string>
				<string>9273CB041940990200696E8E</string>
				<string>AD1C8101194A5FD70028179B</string>
			</array>
			<key>isa</key>
			<string>PBXSourcesBuildPhase</string>
			<key>runOnlyForDeploymentPostprocessing</key>
			<string>0</string>
		</dict>
		<key>92AA429C1916C2800037D405</key>
		<dict>
			<key>buildActionMask</key>
			<string>2147483647</string>
			<key>files</key>
			<array>
				<string>AD9A21A9199BDB10009CEE31</string>
				<string>AD4B54C0199A40D500770580</string>
				<string>AD80C7F8198EFC0800C03C2E</string>
				<string>AD80C7F6198EFBF300C03C2E</string>
				<string>AD80C7F4198EFBD200C03C2E</string>
				<string>AD746E801969F7BC00CEFAF4</string>
				<string>AD746E811969F7BC00CEFAF4</string>
				<string>92D31900193E7C0B00F5A942</string>
				<string>AD144BA6198D27DE0049EFF8</string>
				<string>92447969192AD7A10031C1F6</string>
				<string>92AA42A51916C2800037D405</string>
				<string>92AA42A71916C2800037D405</string>
				<string>92AA42A31916C2800037D405</string>
				<string>0B4ED459EC734A06A148386C</string>
			</array>
			<key>isa</key>
			<string>PBXFrameworksBuildPhase</string>
			<key>runOnlyForDeploymentPostprocessing</key>
			<string>0</string>
		</dict>
		<key>92AA429D1916C2800037D405</key>
		<dict>
			<key>buildActionMask</key>
			<string>2147483647</string>
			<key>files</key>
			<array>
				<string>AD082E39198182E800A997CE</string>
				<string>92AA42BB1916C2810037D405</string>
				<string>92AA42AD1916C2800037D405</string>
				<string>AD082E3619817E5C00A997CE</string>
				<string>AD9B665C199D2754002C5145</string>
				<string>ADEB992F1986ECB70009B3F5</string>
			</array>
			<key>isa</key>
			<string>PBXResourcesBuildPhase</string>
			<key>runOnlyForDeploymentPostprocessing</key>
			<string>0</string>
		</dict>
		<key>92AA429E1916C2800037D405</key>
		<dict>
			<key>buildConfigurationList</key>
			<string>92AA42D11916C2810037D405</string>
			<key>buildPhases</key>
			<array>
				<string>C42D0C1ECEBE4508B382067D</string>
				<string>92AA429B1916C2800037D405</string>
				<string>92AA429C1916C2800037D405</string>
				<string>92AA429D1916C2800037D405</string>
				<string>ADC716A2196CA6F000360EF4</string>
				<string>78EBC87DCC4F4A9088727E74</string>
			</array>
			<key>buildRules</key>
			<array/>
			<key>dependencies</key>
			<array/>
			<key>isa</key>
			<string>PBXNativeTarget</string>
			<key>name</key>
			<string>VBall ScoreMaster</string>
			<key>productName</key>
			<string>Volleyball</string>
			<key>productReference</key>
			<string>92AA429F1916C2800037D405</string>
			<key>productType</key>
			<string>com.apple.product-type.application</string>
		</dict>
		<key>92AA429F1916C2800037D405</key>
		<dict>
			<key>explicitFileType</key>
			<string>wrapper.application</string>
			<key>includeInIndex</key>
			<string>0</string>
			<key>isa</key>
			<string>PBXFileReference</string>
			<key>path</key>
			<string>VBall ScoreMaster.app</string>
			<key>sourceTree</key>
			<string>BUILT_PRODUCTS_DIR</string>
		</dict>
		<key>92AA42A01916C2800037D405</key>
		<dict>
			<key>children</key>
			<array>
				<string>92AA429F1916C2800037D405</string>
				<string>92AA42C01916C2810037D405</string>
			</array>
			<key>isa</key>
			<string>PBXGroup</string>
			<key>name</key>
			<string>Products</string>
			<key>sourceTree</key>
			<string>&lt;group&gt;</string>
		</dict>
		<key>92AA42A11916C2800037D405</key>
		<dict>
			<key>children</key>
			<array>
				<string>AD9A21A8199BDB10009CEE31</string>
				<string>AD4B54BF199A40D500770580</string>
				<string>AD80C7F7198EFC0800C03C2E</string>
				<string>AD80C7F5198EFBF300C03C2E</string>
				<string>AD80C7F3198EFBD200C03C2E</string>
				<string>AD144BA5198D27DE0049EFF8</string>
				<string>AD746E7E1969F7BC00CEFAF4</string>
				<string>AD746E7F1969F7BC00CEFAF4</string>
				<string>AD1C811E1955E6FC0028179B</string>
				<string>92D318FF193E7C0B00F5A942</string>
				<string>92447968192AD7A10031C1F6</string>
				<string>92AA42A21916C2800037D405</string>
				<string>92AA42A41916C2800037D405</string>
				<string>92AA42A61916C2800037D405</string>
				<string>92AA42C11916C2810037D405</string>
				<string>BCC53CBCA0594612BB4E9737</string>
			</array>
			<key>isa</key>
			<string>PBXGroup</string>
			<key>name</key>
			<string>Frameworks</string>
			<key>sourceTree</key>
			<string>&lt;group&gt;</string>
		</dict>
		<key>92AA42A21916C2800037D405</key>
		<dict>
			<key>isa</key>
			<string>PBXFileReference</string>
			<key>lastKnownFileType</key>
			<string>wrapper.framework</string>
			<key>name</key>
			<string>Foundation.framework</string>
			<key>path</key>
			<string>System/Library/Frameworks/Foundation.framework</string>
			<key>sourceTree</key>
			<string>SDKROOT</string>
		</dict>
		<key>92AA42A31916C2800037D405</key>
		<dict>
			<key>fileRef</key>
			<string>92AA42A21916C2800037D405</string>
			<key>isa</key>
			<string>PBXBuildFile</string>
		</dict>
		<key>92AA42A41916C2800037D405</key>
		<dict>
			<key>isa</key>
			<string>PBXFileReference</string>
			<key>lastKnownFileType</key>
			<string>wrapper.framework</string>
			<key>name</key>
			<string>CoreGraphics.framework</string>
			<key>path</key>
			<string>System/Library/Frameworks/CoreGraphics.framework</string>
			<key>sourceTree</key>
			<string>SDKROOT</string>
		</dict>
		<key>92AA42A51916C2800037D405</key>
		<dict>
			<key>fileRef</key>
			<string>92AA42A41916C2800037D405</string>
			<key>isa</key>
			<string>PBXBuildFile</string>
		</dict>
		<key>92AA42A61916C2800037D405</key>
		<dict>
			<key>isa</key>
			<string>PBXFileReference</string>
			<key>lastKnownFileType</key>
			<string>wrapper.framework</string>
			<key>name</key>
			<string>UIKit.framework</string>
			<key>path</key>
			<string>System/Library/Frameworks/UIKit.framework</string>
			<key>sourceTree</key>
			<string>SDKROOT</string>
		</dict>
		<key>92AA42A71916C2800037D405</key>
		<dict>
			<key>fileRef</key>
			<string>92AA42A61916C2800037D405</string>
			<key>isa</key>
			<string>PBXBuildFile</string>
		</dict>
		<key>92AA42A81916C2800037D405</key>
		<dict>
			<key>children</key>
			<array>
				<string>92AA42B71916C2810037D405</string>
				<string>92AA42B81916C2810037D405</string>
				<string>AD0E1A07196AC50700289E7D</string>
				<string>AD0E1A08196AC50700289E7D</string>
				<string>AD1C816B195C43A30028179B</string>
				<string>AD1C816C195C43A30028179B</string>
				<string>9217E5D11926377700B2E6F1</string>
				<string>9217E5D21926377700B2E6F1</string>
				<string>9244799E192C2CDC0031C1F6</string>
				<string>9244799F192C2CDC0031C1F6</string>
				<string>AD1C80FF194A5FD70028179B</string>
				<string>AD1C8100194A5FD70028179B</string>
				<string>9273CB021940990200696E8E</string>
				<string>9273CB031940990200696E8E</string>
				<string>92AA42BA1916C2810037D405</string>
				<string>92AA42A91916C2800037D405</string>
			</array>
			<key>isa</key>
			<string>PBXGroup</string>
			<key>path</key>
			<string>Volleyball</string>
			<key>sourceTree</key>
			<string>&lt;group&gt;</string>
		</dict>
		<key>92AA42A91916C2800037D405</key>
		<dict>
			<key>children</key>
			<array>
				<string>AD082E37198182E800A997CE</string>
				<string>AD082E3419817E5C00A997CE</string>
				<string>92AA42AB1916C2800037D405</string>
				<string>92AA42B11916C2800037D405</string>
				<string>92AA42B21916C2800037D405</string>
				<string>92AA42AE1916C2800037D405</string>
				<string>92AA42AA1916C2800037D405</string>
				<string>92AA42B01916C2800037D405</string>
			</array>
			<key>isa</key>
			<string>PBXGroup</string>
			<key>name</key>
			<string>Supporting Files</string>
			<key>sourceTree</key>
			<string>&lt;group&gt;</string>
		</dict>
		<key>92AA42AA1916C2800037D405</key>
		<dict>
			<key>isa</key>
			<string>PBXFileReference</string>
			<key>lastKnownFileType</key>
			<string>text.plist.xml</string>
			<key>path</key>
			<string>Volleyball-Info.plist</string>
			<key>sourceTree</key>
			<string>&lt;group&gt;</string>
		</dict>
		<key>92AA42AB1916C2800037D405</key>
		<dict>
			<key>children</key>
			<array>
				<string>92AA42AC1916C2800037D405</string>
			</array>
			<key>isa</key>
			<string>PBXVariantGroup</string>
			<key>name</key>
			<string>InfoPlist.strings</string>
			<key>sourceTree</key>
			<string>&lt;group&gt;</string>
		</dict>
		<key>92AA42AC1916C2800037D405</key>
		<dict>
			<key>isa</key>
			<string>PBXFileReference</string>
			<key>lastKnownFileType</key>
			<string>text.plist.strings</string>
			<key>name</key>
			<string>en</string>
			<key>path</key>
			<string>en.lproj/InfoPlist.strings</string>
			<key>sourceTree</key>
			<string>&lt;group&gt;</string>
		</dict>
		<key>92AA42AD1916C2800037D405</key>
		<dict>
			<key>fileRef</key>
			<string>92AA42AB1916C2800037D405</string>
			<key>isa</key>
			<string>PBXBuildFile</string>
		</dict>
		<key>92AA42AE1916C2800037D405</key>
		<dict>
			<key>isa</key>
			<string>PBXFileReference</string>
			<key>lastKnownFileType</key>
			<string>sourcecode.c.objc</string>
			<key>path</key>
			<string>main.m</string>
			<key>sourceTree</key>
			<string>&lt;group&gt;</string>
		</dict>
		<key>92AA42AF1916C2800037D405</key>
		<dict>
			<key>fileRef</key>
			<string>92AA42AE1916C2800037D405</string>
			<key>isa</key>
			<string>PBXBuildFile</string>
		</dict>
		<key>92AA42B01916C2800037D405</key>
		<dict>
			<key>isa</key>
			<string>PBXFileReference</string>
			<key>lastKnownFileType</key>
			<string>sourcecode.c.h</string>
			<key>path</key>
			<string>Volleyball-Prefix.pch</string>
			<key>sourceTree</key>
			<string>&lt;group&gt;</string>
		</dict>
		<key>92AA42B11916C2800037D405</key>
		<dict>
			<key>isa</key>
			<string>PBXFileReference</string>
			<key>lastKnownFileType</key>
			<string>sourcecode.c.h</string>
			<key>path</key>
			<string>VolleyBallAppDelegate.h</string>
			<key>sourceTree</key>
			<string>&lt;group&gt;</string>
		</dict>
		<key>92AA42B21916C2800037D405</key>
		<dict>
			<key>isa</key>
			<string>PBXFileReference</string>
			<key>lastKnownFileType</key>
			<string>sourcecode.c.objc</string>
			<key>path</key>
			<string>VolleyBallAppDelegate.m</string>
			<key>sourceTree</key>
			<string>&lt;group&gt;</string>
		</dict>
		<key>92AA42B31916C2800037D405</key>
		<dict>
			<key>fileRef</key>
			<string>92AA42B21916C2800037D405</string>
			<key>isa</key>
			<string>PBXBuildFile</string>
		</dict>
		<key>92AA42B71916C2810037D405</key>
		<dict>
			<key>isa</key>
			<string>PBXFileReference</string>
			<key>lastKnownFileType</key>
			<string>sourcecode.c.h</string>
			<key>path</key>
			<string>VolleyBallViewController.h</string>
			<key>sourceTree</key>
			<string>&lt;group&gt;</string>
		</dict>
		<key>92AA42B81916C2810037D405</key>
		<dict>
			<key>isa</key>
			<string>PBXFileReference</string>
			<key>lastKnownFileType</key>
			<string>sourcecode.c.objc</string>
			<key>path</key>
			<string>VolleyBallViewController.m</string>
			<key>sourceTree</key>
			<string>&lt;group&gt;</string>
		</dict>
		<key>92AA42B91916C2810037D405</key>
		<dict>
			<key>fileRef</key>
			<string>92AA42B81916C2810037D405</string>
			<key>isa</key>
			<string>PBXBuildFile</string>
		</dict>
		<key>92AA42BA1916C2810037D405</key>
		<dict>
			<key>isa</key>
			<string>PBXFileReference</string>
			<key>lastKnownFileType</key>
			<string>folder.assetcatalog</string>
			<key>path</key>
			<string>Images.xcassets</string>
			<key>sourceTree</key>
			<string>&lt;group&gt;</string>
		</dict>
		<key>92AA42BB1916C2810037D405</key>
		<dict>
			<key>fileRef</key>
			<string>92AA42BA1916C2810037D405</string>
			<key>isa</key>
			<string>PBXBuildFile</string>
		</dict>
		<key>92AA42BC1916C2810037D405</key>
		<dict>
			<key>buildActionMask</key>
			<string>2147483647</string>
			<key>files</key>
			<array>
				<string>92AA42CE1916C2810037D405</string>
			</array>
			<key>isa</key>
			<string>PBXSourcesBuildPhase</string>
			<key>runOnlyForDeploymentPostprocessing</key>
			<string>0</string>
		</dict>
		<key>92AA42BD1916C2810037D405</key>
		<dict>
			<key>buildActionMask</key>
			<string>2147483647</string>
			<key>files</key>
			<array>
				<string>92AA42C21916C2810037D405</string>
				<string>92AA42C41916C2810037D405</string>
				<string>92AA42C31916C2810037D405</string>
			</array>
			<key>isa</key>
			<string>PBXFrameworksBuildPhase</string>
			<key>runOnlyForDeploymentPostprocessing</key>
			<string>0</string>
		</dict>
		<key>92AA42BE1916C2810037D405</key>
		<dict>
			<key>buildActionMask</key>
			<string>2147483647</string>
			<key>files</key>
			<array>
				<string>92AA42CC1916C2810037D405</string>
			</array>
			<key>isa</key>
			<string>PBXResourcesBuildPhase</string>
			<key>runOnlyForDeploymentPostprocessing</key>
			<string>0</string>
		</dict>
		<key>92AA42BF1916C2810037D405</key>
		<dict>
			<key>buildConfigurationList</key>
			<string>92AA42D41916C2810037D405</string>
			<key>buildPhases</key>
			<array>
				<string>92AA42BC1916C2810037D405</string>
				<string>92AA42BD1916C2810037D405</string>
				<string>92AA42BE1916C2810037D405</string>
			</array>
			<key>buildRules</key>
			<array/>
			<key>dependencies</key>
			<array>
				<string>92AA42C61916C2810037D405</string>
			</array>
			<key>isa</key>
			<string>PBXNativeTarget</string>
			<key>name</key>
			<string>VBall ScoreMasterTests</string>
			<key>productName</key>
			<string>VolleyballTests</string>
			<key>productReference</key>
			<string>92AA42C01916C2810037D405</string>
			<key>productType</key>
			<string>com.apple.product-type.bundle.unit-test</string>
		</dict>
		<key>92AA42C01916C2810037D405</key>
		<dict>
			<key>explicitFileType</key>
			<string>wrapper.cfbundle</string>
			<key>includeInIndex</key>
			<string>0</string>
			<key>isa</key>
			<string>PBXFileReference</string>
			<key>path</key>
			<string>VBall ScoreMasterTests.xctest</string>
			<key>sourceTree</key>
			<string>BUILT_PRODUCTS_DIR</string>
		</dict>
		<key>92AA42C11916C2810037D405</key>
		<dict>
			<key>isa</key>
			<string>PBXFileReference</string>
			<key>lastKnownFileType</key>
			<string>wrapper.framework</string>
			<key>name</key>
			<string>XCTest.framework</string>
			<key>path</key>
			<string>Library/Frameworks/XCTest.framework</string>
			<key>sourceTree</key>
			<string>DEVELOPER_DIR</string>
		</dict>
		<key>92AA42C21916C2810037D405</key>
		<dict>
			<key>fileRef</key>
			<string>92AA42C11916C2810037D405</string>
			<key>isa</key>
			<string>PBXBuildFile</string>
		</dict>
		<key>92AA42C31916C2810037D405</key>
		<dict>
			<key>fileRef</key>
			<string>92AA42A21916C2800037D405</string>
			<key>isa</key>
			<string>PBXBuildFile</string>
		</dict>
		<key>92AA42C41916C2810037D405</key>
		<dict>
			<key>fileRef</key>
			<string>92AA42A61916C2800037D405</string>
			<key>isa</key>
			<string>PBXBuildFile</string>
		</dict>
		<key>92AA42C51916C2810037D405</key>
		<dict>
			<key>containerPortal</key>
			<string>92AA42971916C2800037D405</string>
			<key>isa</key>
			<string>PBXContainerItemProxy</string>
			<key>proxyType</key>
			<string>1</string>
			<key>remoteGlobalIDString</key>
			<string>92AA429E1916C2800037D405</string>
			<key>remoteInfo</key>
			<string>Volleyball</string>
		</dict>
		<key>92AA42C61916C2810037D405</key>
		<dict>
			<key>isa</key>
			<string>PBXTargetDependency</string>
			<key>target</key>
			<string>92AA429E1916C2800037D405</string>
			<key>targetProxy</key>
			<string>92AA42C51916C2810037D405</string>
		</dict>
		<key>92AA42C71916C2810037D405</key>
		<dict>
			<key>children</key>
			<array>
				<string>92AA42CD1916C2810037D405</string>
				<string>92AA42C81916C2810037D405</string>
			</array>
			<key>isa</key>
			<string>PBXGroup</string>
			<key>path</key>
			<string>VolleyballTests</string>
			<key>sourceTree</key>
			<string>&lt;group&gt;</string>
		</dict>
		<key>92AA42C81916C2810037D405</key>
		<dict>
			<key>children</key>
			<array>
				<string>92AA42C91916C2810037D405</string>
				<string>92AA42CA1916C2810037D405</string>
			</array>
			<key>isa</key>
			<string>PBXGroup</string>
			<key>name</key>
			<string>Supporting Files</string>
			<key>sourceTree</key>
			<string>&lt;group&gt;</string>
		</dict>
		<key>92AA42C91916C2810037D405</key>
		<dict>
			<key>isa</key>
			<string>PBXFileReference</string>
			<key>lastKnownFileType</key>
			<string>text.plist.xml</string>
			<key>path</key>
			<string>VolleyballTests-Info.plist</string>
			<key>sourceTree</key>
			<string>&lt;group&gt;</string>
		</dict>
		<key>92AA42CA1916C2810037D405</key>
		<dict>
			<key>children</key>
			<array>
				<string>92AA42CB1916C2810037D405</string>
			</array>
			<key>isa</key>
			<string>PBXVariantGroup</string>
			<key>name</key>
			<string>InfoPlist.strings</string>
			<key>sourceTree</key>
			<string>&lt;group&gt;</string>
		</dict>
		<key>92AA42CB1916C2810037D405</key>
		<dict>
			<key>isa</key>
			<string>PBXFileReference</string>
			<key>lastKnownFileType</key>
			<string>text.plist.strings</string>
			<key>name</key>
			<string>en</string>
			<key>path</key>
			<string>en.lproj/InfoPlist.strings</string>
			<key>sourceTree</key>
			<string>&lt;group&gt;</string>
		</dict>
		<key>92AA42CC1916C2810037D405</key>
		<dict>
			<key>fileRef</key>
			<string>92AA42CA1916C2810037D405</string>
			<key>isa</key>
			<string>PBXBuildFile</string>
		</dict>
		<key>92AA42CD1916C2810037D405</key>
		<dict>
			<key>isa</key>
			<string>PBXFileReference</string>
			<key>lastKnownFileType</key>
			<string>sourcecode.c.objc</string>
			<key>path</key>
			<string>VolleyballTests.m</string>
			<key>sourceTree</key>
			<string>&lt;group&gt;</string>
		</dict>
		<key>92AA42CE1916C2810037D405</key>
		<dict>
			<key>fileRef</key>
			<string>92AA42CD1916C2810037D405</string>
			<key>isa</key>
			<string>PBXBuildFile</string>
		</dict>
		<key>92AA42CF1916C2810037D405</key>
		<dict>
			<key>buildSettings</key>
			<dict>
				<key>ALWAYS_SEARCH_USER_PATHS</key>
				<string>NO</string>
				<key>CLANG_CXX_LANGUAGE_STANDARD</key>
				<string>gnu++0x</string>
				<key>CLANG_CXX_LIBRARY</key>
				<string>libc++</string>
				<key>CLANG_ENABLE_MODULES</key>
				<string>YES</string>
				<key>CLANG_ENABLE_OBJC_ARC</key>
				<string>YES</string>
				<key>CLANG_WARN_BOOL_CONVERSION</key>
				<string>YES</string>
				<key>CLANG_WARN_CONSTANT_CONVERSION</key>
				<string>YES</string>
				<key>CLANG_WARN_DIRECT_OBJC_ISA_USAGE</key>
				<string>YES_ERROR</string>
				<key>CLANG_WARN_EMPTY_BODY</key>
				<string>YES</string>
				<key>CLANG_WARN_ENUM_CONVERSION</key>
				<string>YES</string>
				<key>CLANG_WARN_INT_CONVERSION</key>
				<string>YES</string>
				<key>CLANG_WARN_OBJC_ROOT_CLASS</key>
				<string>YES_ERROR</string>
				<key>CLANG_WARN__DUPLICATE_METHOD_MATCH</key>
				<string>YES</string>
				<key>CODE_SIGN_IDENTITY</key>
				<string>iPhone Distribution: Frank Bara (CF655ESNGC)</string>
				<key>CODE_SIGN_IDENTITY[sdk=iphoneos*]</key>
				<string>iPhone Distribution: Frank Bara (CF655ESNGC)</string>
				<key>COPY_PHASE_STRIP</key>
				<string>NO</string>
				<key>GCC_C_LANGUAGE_STANDARD</key>
				<string>gnu99</string>
				<key>GCC_DYNAMIC_NO_PIC</key>
				<string>NO</string>
				<key>GCC_OPTIMIZATION_LEVEL</key>
				<string>0</string>
				<key>GCC_PREPROCESSOR_DEFINITIONS</key>
				<array>
					<string>DEBUG=1</string>
					<string>$(inherited)</string>
				</array>
				<key>GCC_SYMBOLS_PRIVATE_EXTERN</key>
				<string>NO</string>
				<key>GCC_WARN_64_TO_32_BIT_CONVERSION</key>
				<string>YES</string>
				<key>GCC_WARN_ABOUT_RETURN_TYPE</key>
				<string>YES_ERROR</string>
				<key>GCC_WARN_UNDECLARED_SELECTOR</key>
				<string>YES</string>
				<key>GCC_WARN_UNINITIALIZED_AUTOS</key>
				<string>YES_AGGRESSIVE</string>
				<key>GCC_WARN_UNUSED_FUNCTION</key>
				<string>YES</string>
				<key>GCC_WARN_UNUSED_VARIABLE</key>
				<string>YES</string>
				<key>IPHONEOS_DEPLOYMENT_TARGET</key>
				<string>7.1</string>
				<key>ONLY_ACTIVE_ARCH</key>
				<string>YES</string>
				<key>PROVISIONING_PROFILE</key>
				<string>E7C5FC76-EC0E-474B-9C0B-507BD95751B5</string>
				<key>SDKROOT</key>
				<string>iphoneos</string>
			</dict>
			<key>isa</key>
			<string>XCBuildConfiguration</string>
			<key>name</key>
			<string>Debug</string>
		</dict>
		<key>92AA42D01916C2810037D405</key>
		<dict>
			<key>buildSettings</key>
			<dict>
				<key>ALWAYS_SEARCH_USER_PATHS</key>
				<string>NO</string>
				<key>CLANG_CXX_LANGUAGE_STANDARD</key>
				<string>gnu++0x</string>
				<key>CLANG_CXX_LIBRARY</key>
				<string>libc++</string>
				<key>CLANG_ENABLE_MODULES</key>
				<string>YES</string>
				<key>CLANG_ENABLE_OBJC_ARC</key>
				<string>YES</string>
				<key>CLANG_WARN_BOOL_CONVERSION</key>
				<string>YES</string>
				<key>CLANG_WARN_CONSTANT_CONVERSION</key>
				<string>YES</string>
				<key>CLANG_WARN_DIRECT_OBJC_ISA_USAGE</key>
				<string>YES_ERROR</string>
				<key>CLANG_WARN_EMPTY_BODY</key>
				<string>YES</string>
				<key>CLANG_WARN_ENUM_CONVERSION</key>
				<string>YES</string>
				<key>CLANG_WARN_INT_CONVERSION</key>
				<string>YES</string>
				<key>CLANG_WARN_OBJC_ROOT_CLASS</key>
				<string>YES_ERROR</string>
				<key>CLANG_WARN__DUPLICATE_METHOD_MATCH</key>
				<string>YES</string>
				<key>CODE_SIGN_IDENTITY</key>
				<string>iPhone Distribution: Frank Bara (CF655ESNGC)</string>
				<key>CODE_SIGN_IDENTITY[sdk=iphoneos*]</key>
				<string>iPhone Distribution: Frank Bara (CF655ESNGC)</string>
				<key>COPY_PHASE_STRIP</key>
				<string>YES</string>
				<key>ENABLE_NS_ASSERTIONS</key>
				<string>NO</string>
				<key>GCC_C_LANGUAGE_STANDARD</key>
				<string>gnu99</string>
				<key>GCC_WARN_64_TO_32_BIT_CONVERSION</key>
				<string>YES</string>
				<key>GCC_WARN_ABOUT_RETURN_TYPE</key>
				<string>YES_ERROR</string>
				<key>GCC_WARN_UNDECLARED_SELECTOR</key>
				<string>YES</string>
				<key>GCC_WARN_UNINITIALIZED_AUTOS</key>
				<string>YES_AGGRESSIVE</string>
				<key>GCC_WARN_UNUSED_FUNCTION</key>
				<string>YES</string>
				<key>GCC_WARN_UNUSED_VARIABLE</key>
				<string>YES</string>
				<key>IPHONEOS_DEPLOYMENT_TARGET</key>
				<string>7.1</string>
				<key>PROVISIONING_PROFILE</key>
				<string>E7C5FC76-EC0E-474B-9C0B-507BD95751B5</string>
				<key>SDKROOT</key>
				<string>iphoneos</string>
				<key>VALIDATE_PRODUCT</key>
				<string>YES</string>
			</dict>
			<key>isa</key>
			<string>XCBuildConfiguration</string>
			<key>name</key>
			<string>Release</string>
		</dict>
		<key>92AA42D11916C2810037D405</key>
		<dict>
			<key>buildConfigurations</key>
			<array>
				<string>92AA42D21916C2810037D405</string>
				<string>92AA42D31916C2810037D405</string>
				<string>ADFEAFB51941F52500CB5252</string>
			</array>
			<key>defaultConfigurationIsVisible</key>
			<string>0</string>
			<key>defaultConfigurationName</key>
			<string>Release</string>
			<key>isa</key>
			<string>XCConfigurationList</string>
		</dict>
		<key>92AA42D21916C2810037D405</key>
		<dict>
			<key>baseConfigurationReference</key>
			<string>E9251E8A95CA4E9B81CAA95B</string>
			<key>buildSettings</key>
			<dict>
				<key>ASSETCATALOG_COMPILER_APPICON_NAME</key>
				<string>AppIcon</string>
				<key>ASSETCATALOG_COMPILER_LAUNCHIMAGE_NAME</key>
				<string>LaunchImage</string>
				<key>CLANG_WARN_DOCUMENTATION_COMMENTS</key>
				<string>YES</string>
				<key>CODE_SIGN_IDENTITY</key>
				<string>iPhone Distribution: Frank Bara (CF655ESNGC)</string>
				<key>CODE_SIGN_IDENTITY[sdk=iphoneos*]</key>
				<string>iPhone Distribution: Frank Bara (CF655ESNGC)</string>
				<key>GCC_PRECOMPILE_PREFIX_HEADER</key>
				<string>YES</string>
				<key>GCC_PREFIX_HEADER</key>
				<string>Volleyball/Volleyball-Prefix.pch</string>
				<key>INFOPLIST_FILE</key>
				<string>Volleyball/Volleyball-Info.plist</string>
				<key>IPHONEOS_DEPLOYMENT_TARGET</key>
				<string>7.0</string>
				<key>LIBRARY_SEARCH_PATHS</key>
				<array>
					<string>$(inherited)</string>
					<string>$(PROJECT_DIR)/Volleyball</string>
				</array>
				<key>PRODUCT_NAME</key>
				<string>$(TARGET_NAME)</string>
				<key>PROVISIONING_PROFILE</key>
				<string>1F3397D5-91AD-4B91-83E4-907D2FD9F486</string>
				<key>TARGETED_DEVICE_FAMILY</key>
				<string>1</string>
				<key>WRAPPER_EXTENSION</key>
				<string>app</string>
			</dict>
			<key>isa</key>
			<string>XCBuildConfiguration</string>
			<key>name</key>
			<string>Debug</string>
		</dict>
		<key>92AA42D31916C2810037D405</key>
		<dict>
			<key>baseConfigurationReference</key>
			<string>E9251E8A95CA4E9B81CAA95B</string>
			<key>buildSettings</key>
			<dict>
				<key>ASSETCATALOG_COMPILER_APPICON_NAME</key>
				<string>AppIcon</string>
				<key>ASSETCATALOG_COMPILER_LAUNCHIMAGE_NAME</key>
				<string>LaunchImage</string>
				<key>CLANG_WARN_DOCUMENTATION_COMMENTS</key>
				<string>YES</string>
				<key>CODE_SIGN_IDENTITY</key>
				<string>iPhone Distribution: Frank Bara (CF655ESNGC)</string>
				<key>CODE_SIGN_IDENTITY[sdk=iphoneos*]</key>
				<string>iPhone Distribution: Frank Bara (CF655ESNGC)</string>
				<key>GCC_PRECOMPILE_PREFIX_HEADER</key>
				<string>YES</string>
				<key>GCC_PREFIX_HEADER</key>
				<string>Volleyball/Volleyball-Prefix.pch</string>
				<key>INFOPLIST_FILE</key>
				<string>Volleyball/Volleyball-Info.plist</string>
				<key>IPHONEOS_DEPLOYMENT_TARGET</key>
				<string>7.0</string>
				<key>LIBRARY_SEARCH_PATHS</key>
				<array>
					<string>$(inherited)</string>
					<string>$(PROJECT_DIR)/Volleyball</string>
				</array>
				<key>PRODUCT_NAME</key>
				<string>$(TARGET_NAME)</string>
				<key>PROVISIONING_PROFILE</key>
				<string>8B885CD4-199D-4A36-B59A-C0FE4AF3441D</string>
				<key>TARGETED_DEVICE_FAMILY</key>
				<string>1</string>
				<key>WRAPPER_EXTENSION</key>
				<string>app</string>
			</dict>
			<key>isa</key>
			<string>XCBuildConfiguration</string>
			<key>name</key>
			<string>Release</string>
		</dict>
		<key>92AA42D41916C2810037D405</key>
		<dict>
			<key>buildConfigurations</key>
			<array>
				<string>92AA42D51916C2810037D405</string>
				<string>92AA42D61916C2810037D405</string>
				<string>ADFEAFB61941F52500CB5252</string>
			</array>
			<key>defaultConfigurationIsVisible</key>
			<string>0</string>
			<key>defaultConfigurationName</key>
			<string>Release</string>
			<key>isa</key>
			<string>XCConfigurationList</string>
		</dict>
		<key>92AA42D51916C2810037D405</key>
		<dict>
			<key>buildSettings</key>
			<dict>
				<key>BUNDLE_LOADER</key>
				<string>$(BUILT_PRODUCTS_DIR)/Volleyball.app/Volleyball</string>
				<key>FRAMEWORK_SEARCH_PATHS</key>
				<array>
					<string>$(SDKROOT)/Developer/Library/Frameworks</string>
					<string>$(inherited)</string>
					<string>$(DEVELOPER_FRAMEWORKS_DIR)</string>
				</array>
				<key>GCC_PRECOMPILE_PREFIX_HEADER</key>
				<string>YES</string>
				<key>GCC_PREFIX_HEADER</key>
				<string>Volleyball/Volleyball-Prefix.pch</string>
				<key>GCC_PREPROCESSOR_DEFINITIONS</key>
				<array>
					<string>DEBUG=1</string>
					<string>$(inherited)</string>
				</array>
				<key>INFOPLIST_FILE</key>
				<string>VolleyballTests/VolleyballTests-Info.plist</string>
				<key>PRODUCT_NAME</key>
				<string>$(TARGET_NAME)</string>
				<key>TEST_HOST</key>
				<string>$(BUNDLE_LOADER)</string>
				<key>WRAPPER_EXTENSION</key>
				<string>xctest</string>
			</dict>
			<key>isa</key>
			<string>XCBuildConfiguration</string>
			<key>name</key>
			<string>Debug</string>
		</dict>
		<key>92AA42D61916C2810037D405</key>
		<dict>
			<key>buildSettings</key>
			<dict>
				<key>BUNDLE_LOADER</key>
				<string>$(BUILT_PRODUCTS_DIR)/Volleyball.app/Volleyball</string>
				<key>FRAMEWORK_SEARCH_PATHS</key>
				<array>
					<string>$(SDKROOT)/Developer/Library/Frameworks</string>
					<string>$(inherited)</string>
					<string>$(DEVELOPER_FRAMEWORKS_DIR)</string>
				</array>
				<key>GCC_PRECOMPILE_PREFIX_HEADER</key>
				<string>YES</string>
				<key>GCC_PREFIX_HEADER</key>
				<string>Volleyball/Volleyball-Prefix.pch</string>
				<key>INFOPLIST_FILE</key>
				<string>VolleyballTests/VolleyballTests-Info.plist</string>
				<key>PRODUCT_NAME</key>
				<string>$(TARGET_NAME)</string>
				<key>TEST_HOST</key>
				<string>$(BUNDLE_LOADER)</string>
				<key>WRAPPER_EXTENSION</key>
				<string>xctest</string>
			</dict>
			<key>isa</key>
			<string>XCBuildConfiguration</string>
			<key>name</key>
			<string>Release</string>
		</dict>
		<key>92D318FF193E7C0B00F5A942</key>
		<dict>
			<key>isa</key>
			<string>PBXFileReference</string>
			<key>lastKnownFileType</key>
			<string>wrapper.framework</string>
			<key>name</key>
			<string>QuartzCore.framework</string>
			<key>path</key>
			<string>System/Library/Frameworks/QuartzCore.framework</string>
			<key>sourceTree</key>
			<string>SDKROOT</string>
		</dict>
		<key>92D31900193E7C0B00F5A942</key>
		<dict>
			<key>fileRef</key>
			<string>92D318FF193E7C0B00F5A942</string>
			<key>isa</key>
			<string>PBXBuildFile</string>
		</dict>
		<key>AD082E31198061AE00A997CE</key>
		<dict>
			<key>fileEncoding</key>
			<string>4</string>
			<key>isa</key>
			<string>PBXFileReference</string>
			<key>lastKnownFileType</key>
			<string>sourcecode.c.h</string>
			<key>path</key>
			<string>TutorialSettingsViewController.h</string>
			<key>sourceTree</key>
			<string>&lt;group&gt;</string>
		</dict>
		<key>AD082E32198061AE00A997CE</key>
		<dict>
			<key>fileEncoding</key>
			<string>4</string>
			<key>isa</key>
			<string>PBXFileReference</string>
			<key>lastKnownFileType</key>
			<string>sourcecode.c.objc</string>
			<key>path</key>
			<string>TutorialSettingsViewController.m</string>
			<key>sourceTree</key>
			<string>&lt;group&gt;</string>
		</dict>
		<key>AD082E33198061AE00A997CE</key>
		<dict>
			<key>fileRef</key>
			<string>AD082E32198061AE00A997CE</string>
			<key>isa</key>
			<string>PBXBuildFile</string>
		</dict>
		<key>AD082E3419817E5C00A997CE</key>
		<dict>
			<key>children</key>
			<array>
				<string>ADCC13981981B527001DC9B6</string>
				<string>ADCC139A1981B588001DC9B6</string>
			</array>
			<key>isa</key>
			<string>PBXVariantGroup</string>
			<key>name</key>
			<string>Main.storyboard</string>
			<key>path</key>
			<string>..</string>
			<key>sourceTree</key>
			<string>&lt;group&gt;</string>
		</dict>
		<key>AD082E3619817E5C00A997CE</key>
		<dict>
			<key>fileRef</key>
			<string>AD082E3419817E5C00A997CE</string>
			<key>isa</key>
			<string>PBXBuildFile</string>
		</dict>
		<key>AD082E37198182E800A997CE</key>
		<dict>
			<key>children</key>
			<array>
				<string>ADCC13971981B527001DC9B6</string>
			</array>
			<key>isa</key>
			<string>PBXVariantGroup</string>
			<key>name</key>
			<string>DefaultScoreViewController.xib</string>
			<key>sourceTree</key>
			<string>&lt;group&gt;</string>
		</dict>
		<key>AD082E39198182E800A997CE</key>
		<dict>
			<key>fileRef</key>
			<string>AD082E37198182E800A997CE</string>
			<key>isa</key>
			<string>PBXBuildFile</string>
		</dict>
		<key>AD0E1A07196AC50700289E7D</key>
		<dict>
			<key>fileEncoding</key>
			<string>4</string>
			<key>isa</key>
			<string>PBXFileReference</string>
			<key>lastKnownFileType</key>
			<string>sourcecode.c.h</string>
			<key>path</key>
			<string>ActionLabelTableViewController.h</string>
			<key>sourceTree</key>
			<string>&lt;group&gt;</string>
		</dict>
		<key>AD0E1A08196AC50700289E7D</key>
		<dict>
			<key>fileEncoding</key>
			<string>4</string>
			<key>isa</key>
			<string>PBXFileReference</string>
			<key>lastKnownFileType</key>
			<string>sourcecode.c.objc</string>
			<key>path</key>
			<string>ActionLabelTableViewController.m</string>
			<key>sourceTree</key>
			<string>&lt;group&gt;</string>
		</dict>
		<key>AD0E1A09196AC50700289E7D</key>
		<dict>
			<key>fileRef</key>
			<string>AD0E1A08196AC50700289E7D</string>
			<key>isa</key>
			<string>PBXBuildFile</string>
		</dict>
		<key>AD144BA0198D27DE0049EFF8</key>
		<dict>
			<key>fileEncoding</key>
			<string>4</string>
			<key>isa</key>
			<string>PBXFileReference</string>
			<key>lastKnownFileType</key>
			<string>sourcecode.c.h</string>
			<key>path</key>
			<string>GAIDictionaryBuilder.h</string>
			<key>sourceTree</key>
			<string>&lt;group&gt;</string>
		</dict>
		<key>AD144BA1198D27DE0049EFF8</key>
		<dict>
			<key>fileEncoding</key>
			<string>4</string>
			<key>isa</key>
			<string>PBXFileReference</string>
			<key>lastKnownFileType</key>
			<string>sourcecode.c.h</string>
			<key>path</key>
			<string>GAIFields.h</string>
			<key>sourceTree</key>
			<string>&lt;group&gt;</string>
		</dict>
		<key>AD144BA2198D27DE0049EFF8</key>
		<dict>
			<key>fileEncoding</key>
			<string>4</string>
			<key>isa</key>
			<string>PBXFileReference</string>
			<key>lastKnownFileType</key>
			<string>sourcecode.c.h</string>
			<key>path</key>
			<string>GAILogger.h</string>
			<key>sourceTree</key>
			<string>&lt;group&gt;</string>
		</dict>
		<key>AD144BA3198D27DE0049EFF8</key>
		<dict>
			<key>fileEncoding</key>
			<string>4</string>
			<key>isa</key>
			<string>PBXFileReference</string>
			<key>lastKnownFileType</key>
			<string>sourcecode.c.h</string>
			<key>path</key>
			<string>GAITrackedViewController.h</string>
			<key>sourceTree</key>
			<string>&lt;group&gt;</string>
		</dict>
		<key>AD144BA4198D27DE0049EFF8</key>
		<dict>
			<key>fileEncoding</key>
			<string>4</string>
			<key>isa</key>
			<string>PBXFileReference</string>
			<key>lastKnownFileType</key>
			<string>sourcecode.c.h</string>
			<key>path</key>
			<string>GAITracker.h</string>
			<key>sourceTree</key>
			<string>&lt;group&gt;</string>
		</dict>
		<key>AD144BA5198D27DE0049EFF8</key>
		<dict>
			<key>isa</key>
			<string>PBXFileReference</string>
			<key>lastKnownFileType</key>
			<string>archive.ar</string>
			<key>name</key>
			<string>libGoogleAnalyticsServices.a</string>
			<key>path</key>
			<string>Volleyball/libGoogleAnalyticsServices.a</string>
			<key>sourceTree</key>
			<string>&lt;group&gt;</string>
		</dict>
		<key>AD144BA6198D27DE0049EFF8</key>
		<dict>
			<key>fileRef</key>
			<string>AD144BA5198D27DE0049EFF8</string>
			<key>isa</key>
			<string>PBXBuildFile</string>
		</dict>
		<key>AD144BA7198D286F0049EFF8</key>
		<dict>
			<key>isa</key>
			<string>PBXFileReference</string>
			<key>lastKnownFileType</key>
			<string>sourcecode.c.h</string>
			<key>path</key>
			<string>GAI.h</string>
			<key>sourceTree</key>
			<string>&lt;group&gt;</string>
		</dict>
		<key>AD1C80FF194A5FD70028179B</key>
		<dict>
			<key>fileEncoding</key>
			<string>4</string>
			<key>isa</key>
			<string>PBXFileReference</string>
			<key>lastKnownFileType</key>
			<string>sourcecode.c.h</string>
			<key>path</key>
			<string>InstructionsViewController.h</string>
			<key>sourceTree</key>
			<string>&lt;group&gt;</string>
		</dict>
		<key>AD1C8100194A5FD70028179B</key>
		<dict>
			<key>fileEncoding</key>
			<string>4</string>
			<key>isa</key>
			<string>PBXFileReference</string>
			<key>lastKnownFileType</key>
			<string>sourcecode.c.objc</string>
			<key>path</key>
			<string>InstructionsViewController.m</string>
			<key>sourceTree</key>
			<string>&lt;group&gt;</string>
		</dict>
		<key>AD1C8101194A5FD70028179B</key>
		<dict>
			<key>fileRef</key>
			<string>AD1C8100194A5FD70028179B</string>
			<key>isa</key>
			<string>PBXBuildFile</string>
		</dict>
		<key>AD1C811E1955E6FC0028179B</key>
		<dict>
			<key>isa</key>
			<string>PBXFileReference</string>
			<key>lastKnownFileType</key>
			<string>wrapper.framework</string>
			<key>name</key>
			<string>Accelerate.framework</string>
			<key>path</key>
			<string>System/Library/Frameworks/Accelerate.framework</string>
			<key>sourceTree</key>
			<string>SDKROOT</string>
		</dict>
		<key>AD1C816B195C43A30028179B</key>
		<dict>
			<key>fileEncoding</key>
			<string>4</string>
			<key>isa</key>
			<string>PBXFileReference</string>
			<key>lastKnownFileType</key>
			<string>sourcecode.c.h</string>
			<key>path</key>
			<string>SettingsTableViewController.h</string>
			<key>sourceTree</key>
			<string>&lt;group&gt;</string>
		</dict>
		<key>AD1C816C195C43A30028179B</key>
		<dict>
			<key>fileEncoding</key>
			<string>4</string>
			<key>isa</key>
			<string>PBXFileReference</string>
			<key>lastKnownFileType</key>
			<string>sourcecode.c.objc</string>
			<key>path</key>
			<string>SettingsTableViewController.m</string>
			<key>sourceTree</key>
			<string>&lt;group&gt;</string>
		</dict>
		<key>AD1C816E195C43A30028179B</key>
		<dict>
			<key>fileRef</key>
			<string>AD1C816C195C43A30028179B</string>
			<key>isa</key>
			<string>PBXBuildFile</string>
		</dict>
		<key>AD4B54BF199A40D500770580</key>
		<dict>
			<key>isa</key>
			<string>PBXFileReference</string>
			<key>lastKnownFileType</key>
			<string>wrapper.framework</string>
			<key>name</key>
			<string>Social.framework</string>
			<key>path</key>
			<string>System/Library/Frameworks/Social.framework</string>
			<key>sourceTree</key>
			<string>SDKROOT</string>
		</dict>
		<key>AD4B54C0199A40D500770580</key>
		<dict>
			<key>fileRef</key>
			<string>AD4B54BF199A40D500770580</string>
			<key>isa</key>
			<string>PBXBuildFile</string>
		</dict>
		<key>AD52967F197ED75200767D1C</key>
		<dict>
			<key>children</key>
			<array>
				<string>AD52968E197F458E00767D1C</string>
				<string>AD52968F197F458E00767D1C</string>
			</array>
			<key>isa</key>
			<string>PBXGroup</string>
			<key>name</key>
			<string>WSCoachMarks</string>
			<key>sourceTree</key>
			<string>&lt;group&gt;</string>
		</dict>
		<key>AD52968A197F38E100767D1C</key>
		<dict>
			<key>children</key>
			<array>
				<string>AD52968B197F390E00767D1C</string>
				<string>AD52968C197F390E00767D1C</string>
				<string>AD082E31198061AE00A997CE</string>
				<string>AD082E32198061AE00A997CE</string>
			</array>
			<key>isa</key>
			<string>PBXGroup</string>
			<key>name</key>
			<string>Tutorial</string>
			<key>sourceTree</key>
			<string>&lt;group&gt;</string>
		</dict>
		<key>AD52968B197F390E00767D1C</key>
		<dict>
			<key>fileEncoding</key>
			<string>4</string>
			<key>isa</key>
			<string>PBXFileReference</string>
			<key>lastKnownFileType</key>
			<string>sourcecode.c.h</string>
			<key>name</key>
			<string>TutorialViewController.h</string>
			<key>path</key>
			<string>Volleyball/TutorialViewController.h</string>
			<key>sourceTree</key>
			<string>&lt;group&gt;</string>
		</dict>
		<key>AD52968C197F390E00767D1C</key>
		<dict>
			<key>fileEncoding</key>
			<string>4</string>
			<key>isa</key>
			<string>PBXFileReference</string>
			<key>lastKnownFileType</key>
			<string>sourcecode.c.objc</string>
			<key>name</key>
			<string>TutorialViewController.m</string>
			<key>path</key>
			<string>Volleyball/TutorialViewController.m</string>
			<key>sourceTree</key>
			<string>&lt;group&gt;</string>
		</dict>
		<key>AD52968D197F390E00767D1C</key>
		<dict>
			<key>fileRef</key>
			<string>AD52968C197F390E00767D1C</string>
			<key>isa</key>
			<string>PBXBuildFile</string>
		</dict>
		<key>AD52968E197F458E00767D1C</key>
		<dict>
			<key>fileEncoding</key>
			<string>4</string>
			<key>isa</key>
			<string>PBXFileReference</string>
			<key>lastKnownFileType</key>
			<string>sourcecode.c.h</string>
			<key>name</key>
			<string>WSCoachMarksView.h</string>
			<key>path</key>
			<string>Volleyball/WSCoachMarksView.h</string>
			<key>sourceTree</key>
			<string>&lt;group&gt;</string>
		</dict>
		<key>AD52968F197F458E00767D1C</key>
		<dict>
			<key>fileEncoding</key>
			<string>4</string>
			<key>isa</key>
			<string>PBXFileReference</string>
			<key>lastKnownFileType</key>
			<string>sourcecode.c.objc</string>
			<key>name</key>
			<string>WSCoachMarksView.m</string>
			<key>path</key>
			<string>Volleyball/WSCoachMarksView.m</string>
			<key>sourceTree</key>
			<string>&lt;group&gt;</string>
		</dict>
		<key>AD529690197F458E00767D1C</key>
		<dict>
			<key>fileRef</key>
			<string>AD52968F197F458E00767D1C</string>
			<key>isa</key>
			<string>PBXBuildFile</string>
		</dict>
		<key>AD529691197F45DD00767D1C</key>
		<dict>
			<key>fileEncoding</key>
			<string>4</string>
			<key>isa</key>
			<string>PBXFileReference</string>
			<key>lastKnownFileType</key>
			<string>sourcecode.c.h</string>
			<key>path</key>
			<string>GBVersionTracking.h</string>
			<key>sourceTree</key>
			<string>&lt;group&gt;</string>
		</dict>
		<key>AD529692197F45DD00767D1C</key>
		<dict>
			<key>fileEncoding</key>
			<string>4</string>
			<key>isa</key>
			<string>PBXFileReference</string>
			<key>lastKnownFileType</key>
			<string>sourcecode.c.objc</string>
			<key>path</key>
			<string>GBVersionTracking.m</string>
			<key>sourceTree</key>
			<string>&lt;group&gt;</string>
		</dict>
		<key>AD529693197F45DD00767D1C</key>
		<dict>
			<key>fileRef</key>
			<string>AD529692197F45DD00767D1C</string>
			<key>isa</key>
			<string>PBXBuildFile</string>
		</dict>
		<key>AD529694197F45E500767D1C</key>
		<dict>
			<key>children</key>
			<array>
				<string>AD529691197F45DD00767D1C</string>
				<string>AD529692197F45DD00767D1C</string>
			</array>
			<key>isa</key>
			<string>PBXGroup</string>
			<key>name</key>
			<string>GBVersionTracking</string>
			<key>path</key>
			<string>Volleyball</string>
			<key>sourceTree</key>
			<string>&lt;group&gt;</string>
		</dict>
		<key>AD746E7E1969F7BC00CEFAF4</key>
		<dict>
			<key>isa</key>
			<string>PBXFileReference</string>
			<key>lastKnownFileType</key>
			<string>wrapper.framework</string>
			<key>name</key>
			<string>AddressBook.framework</string>
			<key>path</key>
			<string>System/Library/Frameworks/AddressBook.framework</string>
			<key>sourceTree</key>
			<string>SDKROOT</string>
		</dict>
		<key>AD746E7F1969F7BC00CEFAF4</key>
		<dict>
			<key>isa</key>
			<string>PBXFileReference</string>
			<key>lastKnownFileType</key>
			<string>wrapper.framework</string>
			<key>name</key>
			<string>AddressBookUI.framework</string>
			<key>path</key>
			<string>System/Library/Frameworks/AddressBookUI.framework</string>
			<key>sourceTree</key>
			<string>SDKROOT</string>
		</dict>
		<key>AD746E801969F7BC00CEFAF4</key>
		<dict>
			<key>fileRef</key>
			<string>AD746E7E1969F7BC00CEFAF4</string>
			<key>isa</key>
			<string>PBXBuildFile</string>
		</dict>
		<key>AD746E811969F7BC00CEFAF4</key>
		<dict>
			<key>fileRef</key>
			<string>AD746E7F1969F7BC00CEFAF4</string>
			<key>isa</key>
			<string>PBXBuildFile</string>
		</dict>
		<key>AD80C7F3198EFBD200C03C2E</key>
		<dict>
			<key>isa</key>
			<string>PBXFileReference</string>
			<key>lastKnownFileType</key>
			<string>wrapper.framework</string>
			<key>name</key>
			<string>CoreData.framework</string>
			<key>path</key>
			<string>System/Library/Frameworks/CoreData.framework</string>
			<key>sourceTree</key>
			<string>SDKROOT</string>
		</dict>
		<key>AD80C7F4198EFBD200C03C2E</key>
		<dict>
			<key>fileRef</key>
			<string>AD80C7F3198EFBD200C03C2E</string>
			<key>isa</key>
			<string>PBXBuildFile</string>
		</dict>
		<key>AD80C7F5198EFBF300C03C2E</key>
		<dict>
			<key>isa</key>
			<string>PBXFileReference</string>
			<key>lastKnownFileType</key>
			<string>wrapper.framework</string>
			<key>name</key>
			<string>SystemConfiguration.framework</string>
			<key>path</key>
			<string>System/Library/Frameworks/SystemConfiguration.framework</string>
			<key>sourceTree</key>
			<string>SDKROOT</string>
		</dict>
		<key>AD80C7F6198EFBF300C03C2E</key>
		<dict>
			<key>fileRef</key>
			<string>AD80C7F5198EFBF300C03C2E</string>
			<key>isa</key>
			<string>PBXBuildFile</string>
		</dict>
		<key>AD80C7F7198EFC0800C03C2E</key>
		<dict>
			<key>isa</key>
			<string>PBXFileReference</string>
			<key>lastKnownFileType</key>
			<string>compiled.mach-o.dylib</string>
			<key>name</key>
			<string>libz.dylib</string>
			<key>path</key>
			<string>usr/lib/libz.dylib</string>
			<key>sourceTree</key>
			<string>SDKROOT</string>
		</dict>
		<key>AD80C7F8198EFC0800C03C2E</key>
		<dict>
			<key>fileRef</key>
			<string>AD80C7F7198EFC0800C03C2E</string>
			<key>isa</key>
			<string>PBXBuildFile</string>
		</dict>
		<key>AD9A21A8199BDB10009CEE31</key>
		<dict>
			<key>isa</key>
			<string>PBXFileReference</string>
			<key>lastKnownFileType</key>
			<string>wrapper.framework</string>
			<key>name</key>
			<string>Accounts.framework</string>
			<key>path</key>
			<string>System/Library/Frameworks/Accounts.framework</string>
			<key>sourceTree</key>
			<string>SDKROOT</string>
		</dict>
		<key>AD9A21A9199BDB10009CEE31</key>
		<dict>
			<key>fileRef</key>
			<string>AD9A21A8199BDB10009CEE31</string>
			<key>isa</key>
			<string>PBXBuildFile</string>
		</dict>
		<key>AD9B665B199D2754002C5145</key>
		<dict>
			<key>isa</key>
			<string>PBXFileReference</string>
			<key>lastKnownFileType</key>
			<string>wrapper.plug-in</string>
			<key>path</key>
			<string>Settings.bundle</string>
			<key>sourceTree</key>
			<string>&lt;group&gt;</string>
		</dict>
		<key>AD9B665C199D2754002C5145</key>
		<dict>
			<key>fileRef</key>
			<string>AD9B665B199D2754002C5145</string>
			<key>isa</key>
			<string>PBXBuildFile</string>
		</dict>
		<key>ADC716A2196CA6F000360EF4</key>
		<dict>
			<key>buildActionMask</key>
			<string>2147483647</string>
			<key>files</key>
			<array/>
			<key>inputPaths</key>
			<array/>
			<key>isa</key>
			<string>PBXShellScriptBuildPhase</string>
			<key>outputPaths</key>
			<array/>
			<key>runOnlyForDeploymentPostprocessing</key>
			<string>0</string>
			<key>shellPath</key>
			<string>/bin/sh</string>
			<key>shellScript</key>
			<string>KEYWORDS="TODO:|FIXME:|\?\?\?:|\!\!\!:" find "${SRCROOT}" \( -name "*.h" -or
-name "*.m" \) -print0 | xargs -0 egrep --with-filename --line-number --only-
matching "($KEYWORDS).*\$" | perl -p -e "s/($KEYWORDS)/ warning: \$1/"</string>
		</dict>
		<key>ADCC13971981B527001DC9B6</key>
		<dict>
			<key>isa</key>
			<string>PBXFileReference</string>
			<key>lastKnownFileType</key>
			<string>file.xib</string>
			<key>name</key>
			<string>Base</string>
			<key>path</key>
			<string>Base.lproj/DefaultScoreViewController.xib</string>
			<key>sourceTree</key>
			<string>&lt;group&gt;</string>
		</dict>
		<key>ADCC13981981B527001DC9B6</key>
		<dict>
			<key>isa</key>
			<string>PBXFileReference</string>
			<key>lastKnownFileType</key>
			<string>file.storyboard</string>
			<key>name</key>
			<string>Base</string>
			<key>path</key>
			<string>Base.lproj/Main.storyboard</string>
			<key>sourceTree</key>
			<string>&lt;group&gt;</string>
		</dict>
		<key>ADCC139A1981B588001DC9B6</key>
		<dict>
			<key>isa</key>
			<string>PBXFileReference</string>
			<key>lastKnownFileType</key>
			<string>text.plist.strings</string>
			<key>name</key>
			<string>en</string>
			<key>path</key>
			<string>en.lproj/Main.strings</string>
			<key>sourceTree</key>
			<string>&lt;group&gt;</string>
		</dict>
		<key>ADCC13A11981CE21001DC9B6</key>
		<dict>
			<key>children</key>
			<array>
				<string>AD144BA7198D286F0049EFF8</string>
				<string>AD144BA0198D27DE0049EFF8</string>
				<string>AD144BA1198D27DE0049EFF8</string>
				<string>AD144BA2198D27DE0049EFF8</string>
				<string>AD144BA3198D27DE0049EFF8</string>
				<string>AD144BA4198D27DE0049EFF8</string>
			</array>
			<key>isa</key>
			<string>PBXGroup</string>
			<key>name</key>
			<string>GoogleAnalytics</string>
			<key>path</key>
			<string>Volleyball</string>
			<key>sourceTree</key>
			<string>&lt;group&gt;</string>
		</dict>
		<key>ADEB992E1986ECB70009B3F5</key>
		<dict>
			<key>fileEncoding</key>
			<string>4</string>
			<key>isa</key>
			<string>PBXFileReference</string>
			<key>lastKnownFileType</key>
			<string>text.plist.xml</string>
			<key>path</key>
			<string>ActionNames.plist</string>
			<key>sourceTree</key>
			<string>&lt;group&gt;</string>
		</dict>
		<key>ADEB992F1986ECB70009B3F5</key>
		<dict>
			<key>fileRef</key>
			<string>ADEB992E1986ECB70009B3F5</string>
			<key>isa</key>
			<string>PBXBuildFile</string>
		</dict>
		<key>ADFEAFB41941F52500CB5252</key>
		<dict>
			<key>buildSettings</key>
			<dict>
				<key>ALWAYS_SEARCH_USER_PATHS</key>
				<string>NO</string>
				<key>CLANG_CXX_LANGUAGE_STANDARD</key>
				<string>gnu++0x</string>
				<key>CLANG_CXX_LIBRARY</key>
				<string>libc++</string>
				<key>CLANG_ENABLE_MODULES</key>
				<string>YES</string>
				<key>CLANG_ENABLE_OBJC_ARC</key>
				<string>YES</string>
				<key>CLANG_WARN_BOOL_CONVERSION</key>
				<string>YES</string>
				<key>CLANG_WARN_CONSTANT_CONVERSION</key>
				<string>YES</string>
				<key>CLANG_WARN_DIRECT_OBJC_ISA_USAGE</key>
				<string>YES_ERROR</string>
				<key>CLANG_WARN_EMPTY_BODY</key>
				<string>YES</string>
				<key>CLANG_WARN_ENUM_CONVERSION</key>
				<string>YES</string>
				<key>CLANG_WARN_INT_CONVERSION</key>
				<string>YES</string>
				<key>CLANG_WARN_OBJC_ROOT_CLASS</key>
				<string>YES_ERROR</string>
				<key>CLANG_WARN__DUPLICATE_METHOD_MATCH</key>
				<string>YES</string>
				<key>CODE_SIGN_IDENTITY</key>
				<string>iPhone Distribution: Frank Bara (CF655ESNGC)</string>
				<key>CODE_SIGN_IDENTITY[sdk=iphoneos*]</key>
				<string>iPhone Distribution: Frank Bara (CF655ESNGC)</string>
				<key>COPY_PHASE_STRIP</key>
				<string>YES</string>
				<key>ENABLE_NS_ASSERTIONS</key>
				<string>NO</string>
				<key>GCC_C_LANGUAGE_STANDARD</key>
				<string>gnu99</string>
				<key>GCC_WARN_64_TO_32_BIT_CONVERSION</key>
				<string>YES</string>
				<key>GCC_WARN_ABOUT_RETURN_TYPE</key>
				<string>YES_ERROR</string>
				<key>GCC_WARN_UNDECLARED_SELECTOR</key>
				<string>YES</string>
				<key>GCC_WARN_UNINITIALIZED_AUTOS</key>
				<string>YES_AGGRESSIVE</string>
				<key>GCC_WARN_UNUSED_FUNCTION</key>
				<string>YES</string>
				<key>GCC_WARN_UNUSED_VARIABLE</key>
				<string>YES</string>
				<key>IPHONEOS_DEPLOYMENT_TARGET</key>
				<string>7.1</string>
				<key>PROVISIONING_PROFILE</key>
				<string>E7C5FC76-EC0E-474B-9C0B-507BD95751B5</string>
				<key>SDKROOT</key>
				<string>iphoneos</string>
				<key>VALIDATE_PRODUCT</key>
				<string>YES</string>
			</dict>
			<key>isa</key>
			<string>XCBuildConfiguration</string>
			<key>name</key>
			<string>Distribution</string>
		</dict>
		<key>ADFEAFB51941F52500CB5252</key>
		<dict>
			<key>baseConfigurationReference</key>
			<string>E9251E8A95CA4E9B81CAA95B</string>
			<key>buildSettings</key>
			<dict>
				<key>ASSETCATALOG_COMPILER_APPICON_NAME</key>
				<string>AppIcon</string>
				<key>ASSETCATALOG_COMPILER_LAUNCHIMAGE_NAME</key>
				<string>LaunchImage</string>
				<key>CLANG_WARN_DOCUMENTATION_COMMENTS</key>
				<string>YES</string>
				<key>CODE_SIGN_IDENTITY</key>
				<string>iPhone Distribution: Frank Bara (CF655ESNGC)</string>
				<key>CODE_SIGN_IDENTITY[sdk=iphoneos*]</key>
				<string>iPhone Distribution: Frank Bara (CF655ESNGC)</string>
				<key>GCC_PRECOMPILE_PREFIX_HEADER</key>
				<string>YES</string>
				<key>GCC_PREFIX_HEADER</key>
				<string>Volleyball/Volleyball-Prefix.pch</string>
				<key>INFOPLIST_FILE</key>
				<string>Volleyball/Volleyball-Info.plist</string>
				<key>IPHONEOS_DEPLOYMENT_TARGET</key>
				<string>7.0</string>
				<key>LIBRARY_SEARCH_PATHS</key>
				<array>
					<string>$(inherited)</string>
					<string>$(PROJECT_DIR)/Volleyball</string>
				</array>
				<key>PRODUCT_NAME</key>
				<string>$(TARGET_NAME)</string>
				<key>PROVISIONING_PROFILE</key>
				<string>8B885CD4-199D-4A36-B59A-C0FE4AF3441D</string>
				<key>TARGETED_DEVICE_FAMILY</key>
				<string>1</string>
				<key>WRAPPER_EXTENSION</key>
				<string>app</string>
			</dict>
			<key>isa</key>
			<string>XCBuildConfiguration</string>
			<key>name</key>
			<string>Distribution</string>
		</dict>
		<key>ADFEAFB61941F52500CB5252</key>
		<dict>
			<key>buildSettings</key>
			<dict>
				<key>BUNDLE_LOADER</key>
				<string>$(BUILT_PRODUCTS_DIR)/Volleyball.app/Volleyball</string>
				<key>FRAMEWORK_SEARCH_PATHS</key>
				<array>
					<string>$(SDKROOT)/Developer/Library/Frameworks</string>
					<string>$(inherited)</string>
					<string>$(DEVELOPER_FRAMEWORKS_DIR)</string>
				</array>
				<key>GCC_PRECOMPILE_PREFIX_HEADER</key>
				<string>YES</string>
				<key>GCC_PREFIX_HEADER</key>
				<string>Volleyball/Volleyball-Prefix.pch</string>
				<key>INFOPLIST_FILE</key>
				<string>VolleyballTests/VolleyballTests-Info.plist</string>
				<key>PRODUCT_NAME</key>
				<string>$(TARGET_NAME)</string>
				<key>TEST_HOST</key>
				<string>$(BUNDLE_LOADER)</string>
				<key>WRAPPER_EXTENSION</key>
				<string>xctest</string>
			</dict>
			<key>isa</key>
			<string>XCBuildConfiguration</string>
			<key>name</key>
			<string>Distribution</string>
		</dict>
		<key>BCC53CBCA0594612BB4E9737</key>
		<dict>
			<key>explicitFileType</key>
			<string>archive.ar</string>
			<key>includeInIndex</key>
			<string>0</string>
			<key>isa</key>
			<string>PBXFileReference</string>
			<key>path</key>
			<string>libPods.a</string>
			<key>sourceTree</key>
			<string>BUILT_PRODUCTS_DIR</string>
		</dict>
		<key>C42D0C1ECEBE4508B382067D</key>
		<dict>
			<key>buildActionMask</key>
			<string>2147483647</string>
			<key>files</key>
			<array/>
			<key>inputPaths</key>
			<array/>
			<key>isa</key>
			<string>PBXShellScriptBuildPhase</string>
			<key>name</key>
			<string>Check Pods Manifest.lock</string>
			<key>outputPaths</key>
			<array/>
			<key>runOnlyForDeploymentPostprocessing</key>
			<string>0</string>
			<key>shellPath</key>
			<string>/bin/sh</string>
			<key>shellScript</key>
			<string>diff "${PODS_ROOT}/../Podfile.lock" "${PODS_ROOT}/Manifest.lock" &gt; /dev/null
if [[ $? != 0 ]] ; then
    cat &lt;&lt; EOM
error: The sandbox is not in sync with the Podfile.lock. Run 'pod install' or update your CocoaPods installation.
EOM
    exit 1
fi
</string>
			<key>showEnvVarsInLog</key>
			<string>0</string>
		</dict>
		<key>E9251E8A95CA4E9B81CAA95B</key>
		<dict>
			<key>includeInIndex</key>
			<string>1</string>
			<key>isa</key>
			<string>PBXFileReference</string>
			<key>lastKnownFileType</key>
			<string>text.xcconfig</string>
			<key>name</key>
			<string>Pods.xcconfig</string>
			<key>path</key>
			<string>Pods/Pods.xcconfig</string>
			<key>sourceTree</key>
			<string>&lt;group&gt;</string>
		</dict>
	</dict>
	<key>rootObject</key>
	<string>92AA42971916C2800037D405</string>
</dict>
</plist>
