// !$*UTF8*$!
{
	archiveVersion = 1;
	classes = {
	};
	objectVersion = 46;
	objects = {

/* Begin PBXBuildFile section */
		9217E5D41926377700B2E6F1 /* DefaultScoreViewController.m in Sources */ = {isa = PBXBuildFile; fileRef = 9217E5D21926377700B2E6F1 /* DefaultScoreViewController.m */; };
		92447969192AD7A10031C1F6 /* MessageUI.framework in Frameworks */ = {isa = PBXBuildFile; fileRef = 92447968192AD7A10031C1F6 /* MessageUI.framework */; };
		9244799D192C022D0031C1F6 /* Settings.bundle in Resources */ = {isa = PBXBuildFile; fileRef = 9244799C192C022D0031C1F6 /* Settings.bundle */; };
		924479A0192C2CDC0031C1F6 /* SettingsViewController.m in Sources */ = {isa = PBXBuildFile; fileRef = 9244799F192C2CDC0031C1F6 /* SettingsViewController.m */; };
		9273CB041940990200696E8E /* SupportInstructionsViewController.m in Sources */ = {isa = PBXBuildFile; fileRef = 9273CB031940990200696E8E /* SupportInstructionsViewController.m */; };
		92AA42A31916C2800037D405 /* Foundation.framework in Frameworks */ = {isa = PBXBuildFile; fileRef = 92AA42A21916C2800037D405 /* Foundation.framework */; };
		92AA42A51916C2800037D405 /* CoreGraphics.framework in Frameworks */ = {isa = PBXBuildFile; fileRef = 92AA42A41916C2800037D405 /* CoreGraphics.framework */; };
		92AA42A71916C2800037D405 /* UIKit.framework in Frameworks */ = {isa = PBXBuildFile; fileRef = 92AA42A61916C2800037D405 /* UIKit.framework */; };
		92AA42AD1916C2800037D405 /* InfoPlist.strings in Resources */ = {isa = PBXBuildFile; fileRef = 92AA42AB1916C2800037D405 /* InfoPlist.strings */; };
		92AA42AF1916C2800037D405 /* main.m in Sources */ = {isa = PBXBuildFile; fileRef = 92AA42AE1916C2800037D405 /* main.m */; };
		92AA42B31916C2800037D405 /* VolleyBallAppDelegate.m in Sources */ = {isa = PBXBuildFile; fileRef = 92AA42B21916C2800037D405 /* VolleyBallAppDelegate.m */; };
		92AA42B61916C2810037D405 /* Main.storyboard in Resources */ = {isa = PBXBuildFile; fileRef = 92AA42B41916C2810037D405 /* Main.storyboard */; };
		92AA42B91916C2810037D405 /* VolleyBallViewController.m in Sources */ = {isa = PBXBuildFile; fileRef = 92AA42B81916C2810037D405 /* VolleyBallViewController.m */; };
		92AA42BB1916C2810037D405 /* Images.xcassets in Resources */ = {isa = PBXBuildFile; fileRef = 92AA42BA1916C2810037D405 /* Images.xcassets */; };
		92AA42C21916C2810037D405 /* XCTest.framework in Frameworks */ = {isa = PBXBuildFile; fileRef = 92AA42C11916C2810037D405 /* XCTest.framework */; };
		92AA42C31916C2810037D405 /* Foundation.framework in Frameworks */ = {isa = PBXBuildFile; fileRef = 92AA42A21916C2800037D405 /* Foundation.framework */; };
		92AA42C41916C2810037D405 /* UIKit.framework in Frameworks */ = {isa = PBXBuildFile; fileRef = 92AA42A61916C2800037D405 /* UIKit.framework */; };
		92AA42CC1916C2810037D405 /* InfoPlist.strings in Resources */ = {isa = PBXBuildFile; fileRef = 92AA42CA1916C2810037D405 /* InfoPlist.strings */; };
		92AA42CE1916C2810037D405 /* VolleyballTests.m in Sources */ = {isa = PBXBuildFile; fileRef = 92AA42CD1916C2810037D405 /* VolleyballTests.m */; };
		92D318F9193E3BDF00F5A942 /* TPKeyboardAvoidingScrollView.m in Sources */ = {isa = PBXBuildFile; fileRef = 92D318F8193E3BDF00F5A942 /* TPKeyboardAvoidingScrollView.m */; };
		92D318FC193E3C6900F5A942 /* UIScrollView+TPKeyboardAvoidingAdditions.m in Sources */ = {isa = PBXBuildFile; fileRef = 92D318FB193E3C6900F5A942 /* UIScrollView+TPKeyboardAvoidingAdditions.m */; };
		92D318FE193E3E9900F5A942 /* Default-Landscape@2x.png in Resources */ = {isa = PBXBuildFile; fileRef = 92D318FD193E3E9900F5A942 /* Default-Landscape@2x.png */; };
		92D31900193E7C0B00F5A942 /* QuartzCore.framework in Frameworks */ = {isa = PBXBuildFile; fileRef = 92D318FF193E7C0B00F5A942 /* QuartzCore.framework */; };
		AD1C8101194A5FD70028179B /* InstructionsViewController.m in Sources */ = {isa = PBXBuildFile; fileRef = AD1C8100194A5FD70028179B /* InstructionsViewController.m */; };
		AD1C810B194A81450028179B /* DefaultScoreViewController.strings in Resources */ = {isa = PBXBuildFile; fileRef = AD1C8103194A81450028179B /* DefaultScoreViewController.strings */; };
		AD1C810C194A81450028179B /* InfoPlist.strings in Resources */ = {isa = PBXBuildFile; fileRef = AD1C8105194A81450028179B /* InfoPlist.strings */; };
		AD1C810D194A81450028179B /* Localizable.strings in Resources */ = {isa = PBXBuildFile; fileRef = AD1C8107194A81450028179B /* Localizable.strings */; };
		AD1C810E194A81450028179B /* Main.strings in Resources */ = {isa = PBXBuildFile; fileRef = AD1C8109194A81450028179B /* Main.strings */; };
		AD1C8118194A815D0028179B /* DefaultScoreViewController.strings in Resources */ = {isa = PBXBuildFile; fileRef = AD1C8110194A815D0028179B /* DefaultScoreViewController.strings */; };
		AD1C8119194A815D0028179B /* InfoPlist.strings in Resources */ = {isa = PBXBuildFile; fileRef = AD1C8112194A815D0028179B /* InfoPlist.strings */; };
		AD1C811A194A815D0028179B /* Localizable.strings in Resources */ = {isa = PBXBuildFile; fileRef = AD1C8114194A815D0028179B /* Localizable.strings */; };
		AD1C811B194A815D0028179B /* Main.strings in Resources */ = {isa = PBXBuildFile; fileRef = AD1C8116194A815D0028179B /* Main.strings */; };
		AD1C816E195C43A30028179B /* SettingsTableViewController.m in Sources */ = {isa = PBXBuildFile; fileRef = AD1C816C195C43A30028179B /* SettingsTableViewController.m */; };
		AD999EB719490DFB00285864 /* DefaultScoreViewController.xib in Resources */ = {isa = PBXBuildFile; fileRef = AD999EB919490DFB00285864 /* DefaultScoreViewController.xib */; };
		AD999EC119492CC000285864 /* Localizable.strings in Resources */ = {isa = PBXBuildFile; fileRef = AD999EC319492CC000285864 /* Localizable.strings */; };
/* End PBXBuildFile section */

/* Begin PBXContainerItemProxy section */
		92AA42C51916C2810037D405 /* PBXContainerItemProxy */ = {
			isa = PBXContainerItemProxy;
			containerPortal = 92AA42971916C2800037D405 /* Project object */;
			proxyType = 1;
			remoteGlobalIDString = 92AA429E1916C2800037D405;
			remoteInfo = Volleyball;
		};
/* End PBXContainerItemProxy section */

/* Begin PBXFileReference section */
		9217E5D11926377700B2E6F1 /* DefaultScoreViewController.h */ = {isa = PBXFileReference; fileEncoding = 4; lastKnownFileType = sourcecode.c.h; path = DefaultScoreViewController.h; sourceTree = "<group>"; };
		9217E5D21926377700B2E6F1 /* DefaultScoreViewController.m */ = {isa = PBXFileReference; fileEncoding = 4; lastKnownFileType = sourcecode.c.objc; path = DefaultScoreViewController.m; sourceTree = "<group>"; };
		92447968192AD7A10031C1F6 /* MessageUI.framework */ = {isa = PBXFileReference; lastKnownFileType = wrapper.framework; name = MessageUI.framework; path = System/Library/Frameworks/MessageUI.framework; sourceTree = SDKROOT; };
		9244799C192C022D0031C1F6 /* Settings.bundle */ = {isa = PBXFileReference; lastKnownFileType = "wrapper.plug-in"; name = Settings.bundle; path = Volleyball/Settings.bundle; sourceTree = "<group>"; };
		9244799E192C2CDC0031C1F6 /* SettingsViewController.h */ = {isa = PBXFileReference; fileEncoding = 4; lastKnownFileType = sourcecode.c.h; path = SettingsViewController.h; sourceTree = "<group>"; };
		9244799F192C2CDC0031C1F6 /* SettingsViewController.m */ = {isa = PBXFileReference; fileEncoding = 4; lastKnownFileType = sourcecode.c.objc; path = SettingsViewController.m; sourceTree = "<group>"; };
		9273CB021940990200696E8E /* SupportInstructionsViewController.h */ = {isa = PBXFileReference; fileEncoding = 4; lastKnownFileType = sourcecode.c.h; path = SupportInstructionsViewController.h; sourceTree = "<group>"; };
		9273CB031940990200696E8E /* SupportInstructionsViewController.m */ = {isa = PBXFileReference; fileEncoding = 4; lastKnownFileType = sourcecode.c.objc; path = SupportInstructionsViewController.m; sourceTree = "<group>"; };
		92AA429F1916C2800037D405 /* VBall ScoreMaster.app */ = {isa = PBXFileReference; explicitFileType = wrapper.application; includeInIndex = 0; path = "VBall ScoreMaster.app"; sourceTree = BUILT_PRODUCTS_DIR; };
		92AA42A21916C2800037D405 /* Foundation.framework */ = {isa = PBXFileReference; lastKnownFileType = wrapper.framework; name = Foundation.framework; path = System/Library/Frameworks/Foundation.framework; sourceTree = SDKROOT; };
		92AA42A41916C2800037D405 /* CoreGraphics.framework */ = {isa = PBXFileReference; lastKnownFileType = wrapper.framework; name = CoreGraphics.framework; path = System/Library/Frameworks/CoreGraphics.framework; sourceTree = SDKROOT; };
		92AA42A61916C2800037D405 /* UIKit.framework */ = {isa = PBXFileReference; lastKnownFileType = wrapper.framework; name = UIKit.framework; path = System/Library/Frameworks/UIKit.framework; sourceTree = SDKROOT; };
		92AA42AA1916C2800037D405 /* Volleyball-Info.plist */ = {isa = PBXFileReference; lastKnownFileType = text.plist.xml; path = "Volleyball-Info.plist"; sourceTree = "<group>"; };
		92AA42AC1916C2800037D405 /* en */ = {isa = PBXFileReference; lastKnownFileType = text.plist.strings; name = en; path = en.lproj/InfoPlist.strings; sourceTree = "<group>"; };
		92AA42AE1916C2800037D405 /* main.m */ = {isa = PBXFileReference; lastKnownFileType = sourcecode.c.objc; path = main.m; sourceTree = "<group>"; };
		92AA42B01916C2800037D405 /* Volleyball-Prefix.pch */ = {isa = PBXFileReference; lastKnownFileType = sourcecode.c.h; path = "Volleyball-Prefix.pch"; sourceTree = "<group>"; };
		92AA42B11916C2800037D405 /* VolleyBallAppDelegate.h */ = {isa = PBXFileReference; lastKnownFileType = sourcecode.c.h; path = VolleyBallAppDelegate.h; sourceTree = "<group>"; };
		92AA42B21916C2800037D405 /* VolleyBallAppDelegate.m */ = {isa = PBXFileReference; lastKnownFileType = sourcecode.c.objc; path = VolleyBallAppDelegate.m; sourceTree = "<group>"; };
		92AA42B51916C2810037D405 /* Base */ = {isa = PBXFileReference; lastKnownFileType = file.storyboard; name = Base; path = Base.lproj/Main.storyboard; sourceTree = "<group>"; };
		92AA42B71916C2810037D405 /* VolleyBallViewController.h */ = {isa = PBXFileReference; lastKnownFileType = sourcecode.c.h; path = VolleyBallViewController.h; sourceTree = "<group>"; };
		92AA42B81916C2810037D405 /* VolleyBallViewController.m */ = {isa = PBXFileReference; lastKnownFileType = sourcecode.c.objc; path = VolleyBallViewController.m; sourceTree = "<group>"; };
		92AA42BA1916C2810037D405 /* Images.xcassets */ = {isa = PBXFileReference; lastKnownFileType = folder.assetcatalog; path = Images.xcassets; sourceTree = "<group>"; };
		92AA42C01916C2810037D405 /* VBall ScoreMasterTests.xctest */ = {isa = PBXFileReference; explicitFileType = wrapper.cfbundle; includeInIndex = 0; path = "VBall ScoreMasterTests.xctest"; sourceTree = BUILT_PRODUCTS_DIR; };
		92AA42C11916C2810037D405 /* XCTest.framework */ = {isa = PBXFileReference; lastKnownFileType = wrapper.framework; name = XCTest.framework; path = Library/Frameworks/XCTest.framework; sourceTree = DEVELOPER_DIR; };
		92AA42C91916C2810037D405 /* VolleyballTests-Info.plist */ = {isa = PBXFileReference; lastKnownFileType = text.plist.xml; path = "VolleyballTests-Info.plist"; sourceTree = "<group>"; };
		92AA42CB1916C2810037D405 /* en */ = {isa = PBXFileReference; lastKnownFileType = text.plist.strings; name = en; path = en.lproj/InfoPlist.strings; sourceTree = "<group>"; };
		92AA42CD1916C2810037D405 /* VolleyballTests.m */ = {isa = PBXFileReference; lastKnownFileType = sourcecode.c.objc; path = VolleyballTests.m; sourceTree = "<group>"; };
		92D318F7193E3BDF00F5A942 /* TPKeyboardAvoidingScrollView.h */ = {isa = PBXFileReference; fileEncoding = 4; lastKnownFileType = sourcecode.c.h; path = TPKeyboardAvoidingScrollView.h; sourceTree = "<group>"; };
		92D318F8193E3BDF00F5A942 /* TPKeyboardAvoidingScrollView.m */ = {isa = PBXFileReference; fileEncoding = 4; lastKnownFileType = sourcecode.c.objc; path = TPKeyboardAvoidingScrollView.m; sourceTree = "<group>"; };
		92D318FA193E3C6900F5A942 /* UIScrollView+TPKeyboardAvoidingAdditions.h */ = {isa = PBXFileReference; fileEncoding = 4; lastKnownFileType = sourcecode.c.h; path = "UIScrollView+TPKeyboardAvoidingAdditions.h"; sourceTree = "<group>"; };
		92D318FB193E3C6900F5A942 /* UIScrollView+TPKeyboardAvoidingAdditions.m */ = {isa = PBXFileReference; fileEncoding = 4; lastKnownFileType = sourcecode.c.objc; path = "UIScrollView+TPKeyboardAvoidingAdditions.m"; sourceTree = "<group>"; };
		92D318FD193E3E9900F5A942 /* Default-Landscape@2x.png */ = {isa = PBXFileReference; lastKnownFileType = image.png; path = "Default-Landscape@2x.png"; sourceTree = "<group>"; };
		92D318FF193E7C0B00F5A942 /* QuartzCore.framework */ = {isa = PBXFileReference; lastKnownFileType = wrapper.framework; name = QuartzCore.framework; path = System/Library/Frameworks/QuartzCore.framework; sourceTree = SDKROOT; };
		AD1C80FF194A5FD70028179B /* InstructionsViewController.h */ = {isa = PBXFileReference; fileEncoding = 4; lastKnownFileType = sourcecode.c.h; path = InstructionsViewController.h; sourceTree = "<group>"; };
		AD1C8100194A5FD70028179B /* InstructionsViewController.m */ = {isa = PBXFileReference; fileEncoding = 4; lastKnownFileType = sourcecode.c.objc; path = InstructionsViewController.m; sourceTree = "<group>"; };
		AD1C8104194A81450028179B /* es */ = {isa = PBXFileReference; lastKnownFileType = text.plist.strings; name = es; path = DefaultScoreViewController.strings; sourceTree = "<group>"; };
		AD1C8106194A81450028179B /* es */ = {isa = PBXFileReference; lastKnownFileType = text.plist.strings; name = es; path = InfoPlist.strings; sourceTree = "<group>"; };
		AD1C8108194A81450028179B /* es */ = {isa = PBXFileReference; lastKnownFileType = text.plist.strings; name = es; path = Localizable.strings; sourceTree = "<group>"; };
		AD1C810A194A81450028179B /* es */ = {isa = PBXFileReference; lastKnownFileType = text.plist.strings; name = es; path = Main.strings; sourceTree = "<group>"; };
		AD1C8111194A815D0028179B /* zh-Hans */ = {isa = PBXFileReference; lastKnownFileType = text.plist.strings; name = "zh-Hans"; path = DefaultScoreViewController.strings; sourceTree = "<group>"; };
		AD1C8113194A815D0028179B /* zh-Hans */ = {isa = PBXFileReference; lastKnownFileType = text.plist.strings; name = "zh-Hans"; path = InfoPlist.strings; sourceTree = "<group>"; };
		AD1C8115194A815D0028179B /* zh-Hans */ = {isa = PBXFileReference; lastKnownFileType = text.plist.strings; name = "zh-Hans"; path = Localizable.strings; sourceTree = "<group>"; };
		AD1C8117194A815D0028179B /* zh-Hans */ = {isa = PBXFileReference; lastKnownFileType = text.plist.strings; name = "zh-Hans"; path = Main.strings; sourceTree = "<group>"; };
		AD1C811D194A8BED0028179B /* en */ = {isa = PBXFileReference; lastKnownFileType = text.plist.strings; name = en; path = en.lproj/Main.strings; sourceTree = "<group>"; };
		AD1C811E1955E6FC0028179B /* Accelerate.framework */ = {isa = PBXFileReference; lastKnownFileType = wrapper.framework; name = Accelerate.framework; path = System/Library/Frameworks/Accelerate.framework; sourceTree = SDKROOT; };
		AD1C816B195C43A30028179B /* SettingsTableViewController.h */ = {isa = PBXFileReference; fileEncoding = 4; lastKnownFileType = sourcecode.c.h; path = SettingsTableViewController.h; sourceTree = "<group>"; };
		AD1C816C195C43A30028179B /* SettingsTableViewController.m */ = {isa = PBXFileReference; fileEncoding = 4; lastKnownFileType = sourcecode.c.objc; path = SettingsTableViewController.m; sourceTree = "<group>"; };
		AD999EB119490B8D00285864 /* es */ = {isa = PBXFileReference; lastKnownFileType = text.plist.strings; name = es; path = es.lproj/InfoPlist.strings; sourceTree = "<group>"; };
		AD999EB219490B8D00285864 /* es */ = {isa = PBXFileReference; lastKnownFileType = text.plist.strings; name = es; path = es.lproj/Main.strings; sourceTree = "<group>"; };
		AD999EB319490B8D00285864 /* es */ = {isa = PBXFileReference; lastKnownFileType = text.plist.strings; name = es; path = es.lproj/InfoPlist.strings; sourceTree = "<group>"; };
		AD999EB419490DB700285864 /* zh-Hans */ = {isa = PBXFileReference; lastKnownFileType = text.plist.strings; name = "zh-Hans"; path = "zh-Hans.lproj/Main.strings"; sourceTree = "<group>"; };
		AD999EB519490DB700285864 /* zh-Hans */ = {isa = PBXFileReference; lastKnownFileType = text.plist.strings; name = "zh-Hans"; path = "zh-Hans.lproj/InfoPlist.strings"; sourceTree = "<group>"; };
		AD999EB619490DB700285864 /* zh-Hans */ = {isa = PBXFileReference; lastKnownFileType = text.plist.strings; name = "zh-Hans"; path = "zh-Hans.lproj/InfoPlist.strings"; sourceTree = "<group>"; };
		AD999EB819490DFB00285864 /* Base */ = {isa = PBXFileReference; lastKnownFileType = file.xib; name = Base; path = Base.lproj/DefaultScoreViewController.xib; sourceTree = "<group>"; };
		AD999EBB19490E5200285864 /* es */ = {isa = PBXFileReference; lastKnownFileType = text.plist.strings; name = es; path = es.lproj/DefaultScoreViewController.strings; sourceTree = "<group>"; };
		AD999EBD19490E5400285864 /* zh-Hans */ = {isa = PBXFileReference; lastKnownFileType = text.plist.strings; name = "zh-Hans"; path = "zh-Hans.lproj/DefaultScoreViewController.strings"; sourceTree = "<group>"; };
		AD999EC219492CC000285864 /* en */ = {isa = PBXFileReference; lastKnownFileType = text.plist.strings; name = en; path = en.lproj/Localizable.strings; sourceTree = "<group>"; };
		AD999EC419492CDC00285864 /* es */ = {isa = PBXFileReference; lastKnownFileType = text.plist.strings; name = es; path = es.lproj/Localizable.strings; sourceTree = "<group>"; };
		AD999EC519492CDD00285864 /* zh-Hans */ = {isa = PBXFileReference; lastKnownFileType = text.plist.strings; name = "zh-Hans"; path = "zh-Hans.lproj/Localizable.strings"; sourceTree = "<group>"; };
/* End PBXFileReference section */

/* Begin PBXFrameworksBuildPhase section */
		92AA429C1916C2800037D405 /* Frameworks */ = {
			isa = PBXFrameworksBuildPhase;
			buildActionMask = 2147483647;
			files = (
				92D31900193E7C0B00F5A942 /* QuartzCore.framework in Frameworks */,
				92447969192AD7A10031C1F6 /* MessageUI.framework in Frameworks */,
				92AA42A51916C2800037D405 /* CoreGraphics.framework in Frameworks */,
				92AA42A71916C2800037D405 /* UIKit.framework in Frameworks */,
				92AA42A31916C2800037D405 /* Foundation.framework in Frameworks */,
			);
			runOnlyForDeploymentPostprocessing = 0;
		};
		92AA42BD1916C2810037D405 /* Frameworks */ = {
			isa = PBXFrameworksBuildPhase;
			buildActionMask = 2147483647;
			files = (
				92AA42C21916C2810037D405 /* XCTest.framework in Frameworks */,
				92AA42C41916C2810037D405 /* UIKit.framework in Frameworks */,
				92AA42C31916C2810037D405 /* Foundation.framework in Frameworks */,
			);
			runOnlyForDeploymentPostprocessing = 0;
		};
/* End PBXFrameworksBuildPhase section */

/* Begin PBXGroup section */
		9244799B192C01830031C1F6 /* Resources */ = {
			isa = PBXGroup;
			children = (
				92D318FD193E3E9900F5A942 /* Default-Landscape@2x.png */,
				9244799C192C022D0031C1F6 /* Settings.bundle */,
			);
			name = Resources;
			sourceTree = "<group>";
		};
		92AA42961916C2800037D405 = {
			isa = PBXGroup;
			children = (
				92AA42A81916C2800037D405 /* Volleyball */,
				9244799B192C01830031C1F6 /* Resources */,
				92AA42C71916C2810037D405 /* VolleyballTests */,
				92AA42A11916C2800037D405 /* Frameworks */,
				92AA42A01916C2800037D405 /* Products */,
			);
			sourceTree = "<group>";
		};
		92AA42A01916C2800037D405 /* Products */ = {
			isa = PBXGroup;
			children = (
				92AA429F1916C2800037D405 /* VBall ScoreMaster.app */,
				92AA42C01916C2810037D405 /* VBall ScoreMasterTests.xctest */,
			);
			name = Products;
			sourceTree = "<group>";
		};
		92AA42A11916C2800037D405 /* Frameworks */ = {
			isa = PBXGroup;
			children = (
				AD1C811E1955E6FC0028179B /* Accelerate.framework */,
				92D318FF193E7C0B00F5A942 /* QuartzCore.framework */,
				92447968192AD7A10031C1F6 /* MessageUI.framework */,
				92AA42A21916C2800037D405 /* Foundation.framework */,
				92AA42A41916C2800037D405 /* CoreGraphics.framework */,
				92AA42A61916C2800037D405 /* UIKit.framework */,
				92AA42C11916C2810037D405 /* XCTest.framework */,
			);
			name = Frameworks;
			sourceTree = "<group>";
		};
		92AA42A81916C2800037D405 /* Volleyball */ = {
			isa = PBXGroup;
			children = (
				92AA42B71916C2810037D405 /* VolleyBallViewController.h */,
				AD1C816B195C43A30028179B /* SettingsTableViewController.h */,
				AD1C816C195C43A30028179B /* SettingsTableViewController.m */,
				92AA42B81916C2810037D405 /* VolleyBallViewController.m */,
				9217E5D11926377700B2E6F1 /* DefaultScoreViewController.h */,
				9217E5D21926377700B2E6F1 /* DefaultScoreViewController.m */,
				9244799E192C2CDC0031C1F6 /* SettingsViewController.h */,
				9244799F192C2CDC0031C1F6 /* SettingsViewController.m */,
				AD1C80FF194A5FD70028179B /* InstructionsViewController.h */,
				AD1C8100194A5FD70028179B /* InstructionsViewController.m */,
				9273CB021940990200696E8E /* SupportInstructionsViewController.h */,
				9273CB031940990200696E8E /* SupportInstructionsViewController.m */,
				92AA42BA1916C2810037D405 /* Images.xcassets */,
				92D31901193E7C6600F5A942 /* TPKeyboardAvoidingScrollView */,
				92AA42A91916C2800037D405 /* Supporting Files */,
			);
			path = Volleyball;
			sourceTree = "<group>";
		};
		92AA42A91916C2800037D405 /* Supporting Files */ = {
			isa = PBXGroup;
			children = (
				AD1C810F194A815D0028179B /* zh-Hans.lproj */,
				AD1C8102194A81450028179B /* es.lproj */,
				AD999EBE19490FE200285864 /* en.lproj */,
				AD999EC319492CC000285864 /* Localizable.strings */,
				92AA42B11916C2800037D405 /* VolleyBallAppDelegate.h */,
				92AA42B21916C2800037D405 /* VolleyBallAppDelegate.m */,
				92AA42AA1916C2800037D405 /* Volleyball-Info.plist */,
				92AA42AE1916C2800037D405 /* main.m */,
				92AA42B01916C2800037D405 /* Volleyball-Prefix.pch */,
			);
			name = "Supporting Files";
			sourceTree = "<group>";
		};
		92AA42C71916C2810037D405 /* VolleyballTests */ = {
			isa = PBXGroup;
			children = (
				92AA42CD1916C2810037D405 /* VolleyballTests.m */,
				92AA42C81916C2810037D405 /* Supporting Files */,
			);
			path = VolleyballTests;
			sourceTree = "<group>";
		};
		92AA42C81916C2810037D405 /* Supporting Files */ = {
			isa = PBXGroup;
			children = (
				92AA42C91916C2810037D405 /* VolleyballTests-Info.plist */,
				92AA42CA1916C2810037D405 /* InfoPlist.strings */,
			);
			name = "Supporting Files";
			sourceTree = "<group>";
		};
		92D31901193E7C6600F5A942 /* TPKeyboardAvoidingScrollView */ = {
			isa = PBXGroup;
			children = (
				92D318FA193E3C6900F5A942 /* UIScrollView+TPKeyboardAvoidingAdditions.h */,
				92D318FB193E3C6900F5A942 /* UIScrollView+TPKeyboardAvoidingAdditions.m */,
				92D318F7193E3BDF00F5A942 /* TPKeyboardAvoidingScrollView.h */,
				92D318F8193E3BDF00F5A942 /* TPKeyboardAvoidingScrollView.m */,
			);
			name = TPKeyboardAvoidingScrollView;
			sourceTree = "<group>";
		};
		AD1C8102194A81450028179B /* es.lproj */ = {
			isa = PBXGroup;
			children = (
				AD1C8103194A81450028179B /* DefaultScoreViewController.strings */,
				AD1C8105194A81450028179B /* InfoPlist.strings */,
				AD1C8107194A81450028179B /* Localizable.strings */,
				AD1C8109194A81450028179B /* Main.strings */,
			);
			path = es.lproj;
			sourceTree = "<group>";
		};
		AD1C810F194A815D0028179B /* zh-Hans.lproj */ = {
			isa = PBXGroup;
			children = (
				AD1C8110194A815D0028179B /* DefaultScoreViewController.strings */,
				AD1C8112194A815D0028179B /* InfoPlist.strings */,
				AD1C8114194A815D0028179B /* Localizable.strings */,
				AD1C8116194A815D0028179B /* Main.strings */,
			);
			path = "zh-Hans.lproj";
			sourceTree = "<group>";
		};
		AD999EBE19490FE200285864 /* en.lproj */ = {
			isa = PBXGroup;
			children = (
				92AA42AB1916C2800037D405 /* InfoPlist.strings */,
				AD999EB919490DFB00285864 /* DefaultScoreViewController.xib */,
				92AA42B41916C2810037D405 /* Main.storyboard */,
			);
			name = en.lproj;
			sourceTree = "<group>";
		};
/* End PBXGroup section */

/* Begin PBXNativeTarget section */
		92AA429E1916C2800037D405 /* VBall ScoreMaster */ = {
			isa = PBXNativeTarget;
			buildConfigurationList = 92AA42D11916C2810037D405 /* Build configuration list for PBXNativeTarget "VBall ScoreMaster" */;
			buildPhases = (
				92AA429B1916C2800037D405 /* Sources */,
				92AA429C1916C2800037D405 /* Frameworks */,
				92AA429D1916C2800037D405 /* Resources */,
			);
			buildRules = (
			);
			dependencies = (
			);
			name = "VBall ScoreMaster";
			productName = Volleyball;
			productReference = 92AA429F1916C2800037D405 /* VBall ScoreMaster.app */;
			productType = "com.apple.product-type.application";
		};
		92AA42BF1916C2810037D405 /* VBall ScoreMasterTests */ = {
			isa = PBXNativeTarget;
			buildConfigurationList = 92AA42D41916C2810037D405 /* Build configuration list for PBXNativeTarget "VBall ScoreMasterTests" */;
			buildPhases = (
				92AA42BC1916C2810037D405 /* Sources */,
				92AA42BD1916C2810037D405 /* Frameworks */,
				92AA42BE1916C2810037D405 /* Resources */,
			);
			buildRules = (
			);
			dependencies = (
				92AA42C61916C2810037D405 /* PBXTargetDependency */,
			);
			name = "VBall ScoreMasterTests";
			productName = VolleyballTests;
			productReference = 92AA42C01916C2810037D405 /* VBall ScoreMasterTests.xctest */;
			productType = "com.apple.product-type.bundle.unit-test";
		};
/* End PBXNativeTarget section */

/* Begin PBXProject section */
		92AA42971916C2800037D405 /* Project object */ = {
			isa = PBXProject;
			attributes = {
				CLASSPREFIX = VolleyBall;
				LastUpgradeCheck = 0510;
				ORGANIZATIONNAME = "BaraLabs, LLC";
				TargetAttributes = {
					92AA429E1916C2800037D405 = {
						DevelopmentTeam = CF655ESNGC;
					};
					92AA42BF1916C2810037D405 = {
						TestTargetID = 92AA429E1916C2800037D405;
					};
				};
			};
			buildConfigurationList = 92AA429A1916C2800037D405 /* Build configuration list for PBXProject "VBall ScoreMaster" */;
			compatibilityVersion = "Xcode 3.2";
			developmentRegion = English;
			hasScannedForEncodings = 0;
			knownRegions = (
				en,
				Base,
				es,
				"zh-Hans",
			);
			mainGroup = 92AA42961916C2800037D405;
			productRefGroup = 92AA42A01916C2800037D405 /* Products */;
			projectDirPath = "";
			projectRoot = "";
			targets = (
				92AA429E1916C2800037D405 /* VBall ScoreMaster */,
				92AA42BF1916C2810037D405 /* VBall ScoreMasterTests */,
			);
		};
/* End PBXProject section */

/* Begin PBXResourcesBuildPhase section */
		92AA429D1916C2800037D405 /* Resources */ = {
			isa = PBXResourcesBuildPhase;
			buildActionMask = 2147483647;
			files = (
				92AA42BB1916C2810037D405 /* Images.xcassets in Resources */,
				AD1C810E194A81450028179B /* Main.strings in Resources */,
				AD1C8118194A815D0028179B /* DefaultScoreViewController.strings in Resources */,
				AD1C811A194A815D0028179B /* Localizable.strings in Resources */,
				AD1C8119194A815D0028179B /* InfoPlist.strings in Resources */,
				92AA42AD1916C2800037D405 /* InfoPlist.strings in Resources */,
				AD1C810B194A81450028179B /* DefaultScoreViewController.strings in Resources */,
				9244799D192C022D0031C1F6 /* Settings.bundle in Resources */,
				AD999EC119492CC000285864 /* Localizable.strings in Resources */,
				AD1C811B194A815D0028179B /* Main.strings in Resources */,
				AD1C810D194A81450028179B /* Localizable.strings in Resources */,
				92AA42B61916C2810037D405 /* Main.storyboard in Resources */,
				92D318FE193E3E9900F5A942 /* Default-Landscape@2x.png in Resources */,
				AD1C810C194A81450028179B /* InfoPlist.strings in Resources */,
				AD999EB719490DFB00285864 /* DefaultScoreViewController.xib in Resources */,
			);
			runOnlyForDeploymentPostprocessing = 0;
		};
		92AA42BE1916C2810037D405 /* Resources */ = {
			isa = PBXResourcesBuildPhase;
			buildActionMask = 2147483647;
			files = (
				92AA42CC1916C2810037D405 /* InfoPlist.strings in Resources */,
			);
			runOnlyForDeploymentPostprocessing = 0;
		};
/* End PBXResourcesBuildPhase section */

/* Begin PBXSourcesBuildPhase section */
		92AA429B1916C2800037D405 /* Sources */ = {
			isa = PBXSourcesBuildPhase;
			buildActionMask = 2147483647;
			files = (
				92AA42B31916C2800037D405 /* VolleyBallAppDelegate.m in Sources */,
				92AA42B91916C2810037D405 /* VolleyBallViewController.m in Sources */,
				AD1C816E195C43A30028179B /* SettingsTableViewController.m in Sources */,
				924479A0192C2CDC0031C1F6 /* SettingsViewController.m in Sources */,
				92D318FC193E3C6900F5A942 /* UIScrollView+TPKeyboardAvoidingAdditions.m in Sources */,
				92D318F9193E3BDF00F5A942 /* TPKeyboardAvoidingScrollView.m in Sources */,
				92AA42AF1916C2800037D405 /* main.m in Sources */,
				9217E5D41926377700B2E6F1 /* DefaultScoreViewController.m in Sources */,
				9273CB041940990200696E8E /* SupportInstructionsViewController.m in Sources */,
				AD1C8101194A5FD70028179B /* InstructionsViewController.m in Sources */,
			);
			runOnlyForDeploymentPostprocessing = 0;
		};
		92AA42BC1916C2810037D405 /* Sources */ = {
			isa = PBXSourcesBuildPhase;
			buildActionMask = 2147483647;
			files = (
				92AA42CE1916C2810037D405 /* VolleyballTests.m in Sources */,
			);
			runOnlyForDeploymentPostprocessing = 0;
		};
/* End PBXSourcesBuildPhase section */

/* Begin PBXTargetDependency section */
		92AA42C61916C2810037D405 /* PBXTargetDependency */ = {
			isa = PBXTargetDependency;
			target = 92AA429E1916C2800037D405 /* VBall ScoreMaster */;
			targetProxy = 92AA42C51916C2810037D405 /* PBXContainerItemProxy */;
		};
/* End PBXTargetDependency section */

/* Begin PBXVariantGroup section */
		92AA42AB1916C2800037D405 /* InfoPlist.strings */ = {
			isa = PBXVariantGroup;
			children = (
				92AA42AC1916C2800037D405 /* en */,
				AD999EB119490B8D00285864 /* es */,
				AD999EB519490DB700285864 /* zh-Hans */,
			);
			name = InfoPlist.strings;
			sourceTree = "<group>";
		};
		92AA42B41916C2810037D405 /* Main.storyboard */ = {
			isa = PBXVariantGroup;
			children = (
				92AA42B51916C2810037D405 /* Base */,
				AD999EB219490B8D00285864 /* es */,
				AD999EB419490DB700285864 /* zh-Hans */,
				AD1C811D194A8BED0028179B /* en */,
			);
			name = Main.storyboard;
			sourceTree = "<group>";
		};
		92AA42CA1916C2810037D405 /* InfoPlist.strings */ = {
			isa = PBXVariantGroup;
			children = (
				92AA42CB1916C2810037D405 /* en */,
				AD999EB319490B8D00285864 /* es */,
				AD999EB619490DB700285864 /* zh-Hans */,
			);
			name = InfoPlist.strings;
			sourceTree = "<group>";
		};
		AD1C8103194A81450028179B /* DefaultScoreViewController.strings */ = {
			isa = PBXVariantGroup;
			children = (
				AD1C8104194A81450028179B /* es */,
			);
			name = DefaultScoreViewController.strings;
			sourceTree = "<group>";
		};
		AD1C8105194A81450028179B /* InfoPlist.strings */ = {
			isa = PBXVariantGroup;
			children = (
				AD1C8106194A81450028179B /* es */,
			);
			name = InfoPlist.strings;
			sourceTree = "<group>";
		};
		AD1C8107194A81450028179B /* Localizable.strings */ = {
			isa = PBXVariantGroup;
			children = (
				AD1C8108194A81450028179B /* es */,
			);
			name = Localizable.strings;
			sourceTree = "<group>";
		};
		AD1C8109194A81450028179B /* Main.strings */ = {
			isa = PBXVariantGroup;
			children = (
				AD1C810A194A81450028179B /* es */,
			);
			name = Main.strings;
			sourceTree = "<group>";
		};
		AD1C8110194A815D0028179B /* DefaultScoreViewController.strings */ = {
			isa = PBXVariantGroup;
			children = (
				AD1C8111194A815D0028179B /* zh-Hans */,
			);
			name = DefaultScoreViewController.strings;
			sourceTree = "<group>";
		};
		AD1C8112194A815D0028179B /* InfoPlist.strings */ = {
			isa = PBXVariantGroup;
			children = (
				AD1C8113194A815D0028179B /* zh-Hans */,
			);
			name = InfoPlist.strings;
			sourceTree = "<group>";
		};
		AD1C8114194A815D0028179B /* Localizable.strings */ = {
			isa = PBXVariantGroup;
			children = (
				AD1C8115194A815D0028179B /* zh-Hans */,
			);
			name = Localizable.strings;
			sourceTree = "<group>";
		};
		AD1C8116194A815D0028179B /* Main.strings */ = {
			isa = PBXVariantGroup;
			children = (
				AD1C8117194A815D0028179B /* zh-Hans */,
			);
			name = Main.strings;
			sourceTree = "<group>";
		};
		AD999EB919490DFB00285864 /* DefaultScoreViewController.xib */ = {
			isa = PBXVariantGroup;
			children = (
				AD999EB819490DFB00285864 /* Base */,
				AD999EBB19490E5200285864 /* es */,
				AD999EBD19490E5400285864 /* zh-Hans */,
			);
			name = DefaultScoreViewController.xib;
			sourceTree = "<group>";
		};
		AD999EC319492CC000285864 /* Localizable.strings */ = {
			isa = PBXVariantGroup;
			children = (
				AD999EC219492CC000285864 /* en */,
				AD999EC419492CDC00285864 /* es */,
				AD999EC519492CDD00285864 /* zh-Hans */,
			);
			name = Localizable.strings;
			sourceTree = "<group>";
		};
/* End PBXVariantGroup section */

/* Begin XCBuildConfiguration section */
		92AA42CF1916C2810037D405 /* Debug */ = {
			isa = XCBuildConfiguration;
			buildSettings = {
				ALWAYS_SEARCH_USER_PATHS = NO;
				CLANG_CXX_LANGUAGE_STANDARD = "gnu++0x";
				CLANG_CXX_LIBRARY = "libc++";
				CLANG_ENABLE_MODULES = YES;
				CLANG_ENABLE_OBJC_ARC = YES;
				CLANG_WARN_BOOL_CONVERSION = YES;
				CLANG_WARN_CONSTANT_CONVERSION = YES;
				CLANG_WARN_DIRECT_OBJC_ISA_USAGE = YES_ERROR;
				CLANG_WARN_EMPTY_BODY = YES;
				CLANG_WARN_ENUM_CONVERSION = YES;
				CLANG_WARN_INT_CONVERSION = YES;
				CLANG_WARN_OBJC_ROOT_CLASS = YES_ERROR;
				CLANG_WARN__DUPLICATE_METHOD_MATCH = YES;
				CODE_SIGN_IDENTITY = "iPhone Distribution: Frank Bara (CF655ESNGC)";
				"CODE_SIGN_IDENTITY[sdk=iphoneos*]" = "iPhone Distribution: Frank Bara (CF655ESNGC)";
				COPY_PHASE_STRIP = NO;
				GCC_C_LANGUAGE_STANDARD = gnu99;
				GCC_DYNAMIC_NO_PIC = NO;
				GCC_OPTIMIZATION_LEVEL = 0;
				GCC_PREPROCESSOR_DEFINITIONS = (
					"DEBUG=1",
					"$(inherited)",
				);
				GCC_SYMBOLS_PRIVATE_EXTERN = NO;
				GCC_WARN_64_TO_32_BIT_CONVERSION = YES;
				GCC_WARN_ABOUT_RETURN_TYPE = YES_ERROR;
				GCC_WARN_UNDECLARED_SELECTOR = YES;
				GCC_WARN_UNINITIALIZED_AUTOS = YES_AGGRESSIVE;
				GCC_WARN_UNUSED_FUNCTION = YES;
				GCC_WARN_UNUSED_VARIABLE = YES;
				IPHONEOS_DEPLOYMENT_TARGET = 7.1;
				ONLY_ACTIVE_ARCH = YES;
				PROVISIONING_PROFILE = "E7C5FC76-EC0E-474B-9C0B-507BD95751B5";
				SDKROOT = iphoneos;
			};
			name = Debug;
		};
		92AA42D01916C2810037D405 /* Release */ = {
			isa = XCBuildConfiguration;
			buildSettings = {
				ALWAYS_SEARCH_USER_PATHS = NO;
				CLANG_CXX_LANGUAGE_STANDARD = "gnu++0x";
				CLANG_CXX_LIBRARY = "libc++";
				CLANG_ENABLE_MODULES = YES;
				CLANG_ENABLE_OBJC_ARC = YES;
				CLANG_WARN_BOOL_CONVERSION = YES;
				CLANG_WARN_CONSTANT_CONVERSION = YES;
				CLANG_WARN_DIRECT_OBJC_ISA_USAGE = YES_ERROR;
				CLANG_WARN_EMPTY_BODY = YES;
				CLANG_WARN_ENUM_CONVERSION = YES;
				CLANG_WARN_INT_CONVERSION = YES;
				CLANG_WARN_OBJC_ROOT_CLASS = YES_ERROR;
				CLANG_WARN__DUPLICATE_METHOD_MATCH = YES;
				CODE_SIGN_IDENTITY = "iPhone Distribution: Frank Bara (CF655ESNGC)";
				"CODE_SIGN_IDENTITY[sdk=iphoneos*]" = "iPhone Distribution: Frank Bara (CF655ESNGC)";
				COPY_PHASE_STRIP = YES;
				ENABLE_NS_ASSERTIONS = NO;
				GCC_C_LANGUAGE_STANDARD = gnu99;
				GCC_WARN_64_TO_32_BIT_CONVERSION = YES;
				GCC_WARN_ABOUT_RETURN_TYPE = YES_ERROR;
				GCC_WARN_UNDECLARED_SELECTOR = YES;
				GCC_WARN_UNINITIALIZED_AUTOS = YES_AGGRESSIVE;
				GCC_WARN_UNUSED_FUNCTION = YES;
				GCC_WARN_UNUSED_VARIABLE = YES;
				IPHONEOS_DEPLOYMENT_TARGET = 7.1;
				PROVISIONING_PROFILE = "E7C5FC76-EC0E-474B-9C0B-507BD95751B5";
				SDKROOT = iphoneos;
				VALIDATE_PRODUCT = YES;
			};
			name = Release;
		};
		92AA42D21916C2810037D405 /* Debug */ = {
			isa = XCBuildConfiguration;
			buildSettings = {
				ASSETCATALOG_COMPILER_APPICON_NAME = AppIcon;
				ASSETCATALOG_COMPILER_LAUNCHIMAGE_NAME = LaunchImage;
				CLANG_WARN_DOCUMENTATION_COMMENTS = YES;
				CODE_SIGN_IDENTITY = "iPhone Distribution: Frank Bara (CF655ESNGC)";
				"CODE_SIGN_IDENTITY[sdk=iphoneos*]" = "iPhone Distribution: Frank Bara (CF655ESNGC)";
				GCC_PRECOMPILE_PREFIX_HEADER = YES;
				GCC_PREFIX_HEADER = "Volleyball/Volleyball-Prefix.pch";
				INFOPLIST_FILE = "Volleyball/Volleyball-Info.plist";
				IPHONEOS_DEPLOYMENT_TARGET = 7.0;
				PRODUCT_NAME = "$(TARGET_NAME)";
				PROVISIONING_PROFILE = "1F3397D5-91AD-4B91-83E4-907D2FD9F486";
				TARGETED_DEVICE_FAMILY = 1;
				WRAPPER_EXTENSION = app;
			};
			name = Debug;
		};
		92AA42D31916C2810037D405 /* Release */ = {
			isa = XCBuildConfiguration;
			buildSettings = {
				ASSETCATALOG_COMPILER_APPICON_NAME = AppIcon;
				ASSETCATALOG_COMPILER_LAUNCHIMAGE_NAME = LaunchImage;
				CLANG_WARN_DOCUMENTATION_COMMENTS = YES;
				CODE_SIGN_IDENTITY = "iPhone Distribution: Frank Bara (CF655ESNGC)";
				"CODE_SIGN_IDENTITY[sdk=iphoneos*]" = "iPhone Distribution: Frank Bara (CF655ESNGC)";
				GCC_PRECOMPILE_PREFIX_HEADER = YES;
				GCC_PREFIX_HEADER = "Volleyball/Volleyball-Prefix.pch";
				INFOPLIST_FILE = "Volleyball/Volleyball-Info.plist";
				IPHONEOS_DEPLOYMENT_TARGET = 7.0;
				PRODUCT_NAME = "$(TARGET_NAME)";
				PROVISIONING_PROFILE = "8B885CD4-199D-4A36-B59A-C0FE4AF3441D";
				TARGETED_DEVICE_FAMILY = 1;
				WRAPPER_EXTENSION = app;
			};
			name = Release;
		};
		92AA42D51916C2810037D405 /* Debug */ = {
			isa = XCBuildConfiguration;
			buildSettings = {
				BUNDLE_LOADER = "$(BUILT_PRODUCTS_DIR)/Volleyball.app/Volleyball";
				FRAMEWORK_SEARCH_PATHS = (
					"$(SDKROOT)/Developer/Library/Frameworks",
					"$(inherited)",
					"$(DEVELOPER_FRAMEWORKS_DIR)",
				);
				GCC_PRECOMPILE_PREFIX_HEADER = YES;
				GCC_PREFIX_HEADER = "Volleyball/Volleyball-Prefix.pch";
				GCC_PREPROCESSOR_DEFINITIONS = (
					"DEBUG=1",
					"$(inherited)",
				);
				INFOPLIST_FILE = "VolleyballTests/VolleyballTests-Info.plist";
				PRODUCT_NAME = "$(TARGET_NAME)";
				TEST_HOST = "$(BUNDLE_LOADER)";
				WRAPPER_EXTENSION = xctest;
			};
			name = Debug;
		};
		92AA42D61916C2810037D405 /* Release */ = {
			isa = XCBuildConfiguration;
			buildSettings = {
				BUNDLE_LOADER = "$(BUILT_PRODUCTS_DIR)/Volleyball.app/Volleyball";
				FRAMEWORK_SEARCH_PATHS = (
					"$(SDKROOT)/Developer/Library/Frameworks",
					"$(inherited)",
					"$(DEVELOPER_FRAMEWORKS_DIR)",
				);
				GCC_PRECOMPILE_PREFIX_HEADER = YES;
				GCC_PREFIX_HEADER = "Volleyball/Volleyball-Prefix.pch";
				INFOPLIST_FILE = "VolleyballTests/VolleyballTests-Info.plist";
				PRODUCT_NAME = "$(TARGET_NAME)";
				TEST_HOST = "$(BUNDLE_LOADER)";
				WRAPPER_EXTENSION = xctest;
			};
			name = Release;
		};
		ADFEAFB41941F52500CB5252 /* Distribution */ = {
			isa = XCBuildConfiguration;
			buildSettings = {
				ALWAYS_SEARCH_USER_PATHS = NO;
				CLANG_CXX_LANGUAGE_STANDARD = "gnu++0x";
				CLANG_CXX_LIBRARY = "libc++";
				CLANG_ENABLE_MODULES = YES;
				CLANG_ENABLE_OBJC_ARC = YES;
				CLANG_WARN_BOOL_CONVERSION = YES;
				CLANG_WARN_CONSTANT_CONVERSION = YES;
				CLANG_WARN_DIRECT_OBJC_ISA_USAGE = YES_ERROR;
				CLANG_WARN_EMPTY_BODY = YES;
				CLANG_WARN_ENUM_CONVERSION = YES;
				CLANG_WARN_INT_CONVERSION = YES;
				CLANG_WARN_OBJC_ROOT_CLASS = YES_ERROR;
				CLANG_WARN__DUPLICATE_METHOD_MATCH = YES;
				CODE_SIGN_IDENTITY = "iPhone Distribution: Frank Bara (CF655ESNGC)";
				"CODE_SIGN_IDENTITY[sdk=iphoneos*]" = "iPhone Distribution: Frank Bara (CF655ESNGC)";
				COPY_PHASE_STRIP = YES;
				ENABLE_NS_ASSERTIONS = NO;
				GCC_C_LANGUAGE_STANDARD = gnu99;
				GCC_WARN_64_TO_32_BIT_CONVERSION = YES;
				GCC_WARN_ABOUT_RETURN_TYPE = YES_ERROR;
				GCC_WARN_UNDECLARED_SELECTOR = YES;
				GCC_WARN_UNINITIALIZED_AUTOS = YES_AGGRESSIVE;
				GCC_WARN_UNUSED_FUNCTION = YES;
				GCC_WARN_UNUSED_VARIABLE = YES;
				IPHONEOS_DEPLOYMENT_TARGET = 7.1;
				PROVISIONING_PROFILE = "E7C5FC76-EC0E-474B-9C0B-507BD95751B5";
				SDKROOT = iphoneos;
				VALIDATE_PRODUCT = YES;
			};
			name = Distribution;
		};
		ADFEAFB51941F52500CB5252 /* Distribution */ = {
			isa = XCBuildConfiguration;
			buildSettings = {
				ASSETCATALOG_COMPILER_APPICON_NAME = AppIcon;
				ASSETCATALOG_COMPILER_LAUNCHIMAGE_NAME = LaunchImage;
				CLANG_WARN_DOCUMENTATION_COMMENTS = YES;
				CODE_SIGN_IDENTITY = "iPhone Distribution: Frank Bara (CF655ESNGC)";
				"CODE_SIGN_IDENTITY[sdk=iphoneos*]" = "iPhone Distribution: Frank Bara (CF655ESNGC)";
				GCC_PRECOMPILE_PREFIX_HEADER = YES;
				GCC_PREFIX_HEADER = "Volleyball/Volleyball-Prefix.pch";
				INFOPLIST_FILE = "Volleyball/Volleyball-Info.plist";
				IPHONEOS_DEPLOYMENT_TARGET = 7.0;
				PRODUCT_NAME = "$(TARGET_NAME)";
				PROVISIONING_PROFILE = "8B885CD4-199D-4A36-B59A-C0FE4AF3441D";
				TARGETED_DEVICE_FAMILY = 1;
				WRAPPER_EXTENSION = app;
			};
			name = Distribution;
		};
		ADFEAFB61941F52500CB5252 /* Distribution */ = {
			isa = XCBuildConfiguration;
			buildSettings = {
				BUNDLE_LOADER = "$(BUILT_PRODUCTS_DIR)/Volleyball.app/Volleyball";
				FRAMEWORK_SEARCH_PATHS = (
					"$(SDKROOT)/Developer/Library/Frameworks",
					"$(inherited)",
					"$(DEVELOPER_FRAMEWORKS_DIR)",
				);
				GCC_PRECOMPILE_PREFIX_HEADER = YES;
				GCC_PREFIX_HEADER = "Volleyball/Volleyball-Prefix.pch";
				INFOPLIST_FILE = "VolleyballTests/VolleyballTests-Info.plist";
				PRODUCT_NAME = "$(TARGET_NAME)";
				TEST_HOST = "$(BUNDLE_LOADER)";
				WRAPPER_EXTENSION = xctest;
			};
			name = Distribution;
		};
/* End XCBuildConfiguration section */

/* Begin XCConfigurationList section */
		92AA429A1916C2800037D405 /* Build configuration list for PBXProject "VBall ScoreMaster" */ = {
			isa = XCConfigurationList;
			buildConfigurations = (
				92AA42CF1916C2810037D405 /* Debug */,
				92AA42D01916C2810037D405 /* Release */,
				ADFEAFB41941F52500CB5252 /* Distribution */,
			);
			defaultConfigurationIsVisible = 0;
			defaultConfigurationName = Release;
		};
		92AA42D11916C2810037D405 /* Build configuration list for PBXNativeTarget "VBall ScoreMaster" */ = {
			isa = XCConfigurationList;
			buildConfigurations = (
				92AA42D21916C2810037D405 /* Debug */,
				92AA42D31916C2810037D405 /* Release */,
				ADFEAFB51941F52500CB5252 /* Distribution */,
			);
			defaultConfigurationIsVisible = 0;
			defaultConfigurationName = Release;
		};
		92AA42D41916C2810037D405 /* Build configuration list for PBXNativeTarget "VBall ScoreMasterTests" */ = {
			isa = XCConfigurationList;
			buildConfigurations = (
				92AA42D51916C2810037D405 /* Debug */,
				92AA42D61916C2810037D405 /* Release */,
				ADFEAFB61941F52500CB5252 /* Distribution */,
			);
			defaultConfigurationIsVisible = 0;
			defaultConfigurationName = Release;
		};
/* End XCConfigurationList section */
	};
	rootObject = 92AA42971916C2800037D405 /* Project object */;
}
