// !$*UTF8*$!
{
	archiveVersion = 1;
	classes = {
	};
	objectVersion = 46;
	objects = {

/* Begin PBXBuildFile section */
		9217E5D41926377700B2E6F1 /* DefaultScoreViewController.m in Sources */ = {isa = PBXBuildFile; fileRef = 9217E5D21926377700B2E6F1 /* DefaultScoreViewController.m */; };
		92447969192AD7A10031C1F6 /* MessageUI.framework in Frameworks */ = {isa = PBXBuildFile; fileRef = 92447968192AD7A10031C1F6 /* MessageUI.framework */; };
		92AA42A31916C2800037D405 /* Foundation.framework in Frameworks */ = {isa = PBXBuildFile; fileRef = 92AA42A21916C2800037D405 /* Foundation.framework */; };
		92AA42A51916C2800037D405 /* CoreGraphics.framework in Frameworks */ = {isa = PBXBuildFile; fileRef = 92AA42A41916C2800037D405 /* CoreGraphics.framework */; };
		92AA42AD1916C2800037D405 /* InfoPlist.strings in Resources */ = {isa = PBXBuildFile; fileRef = 92AA42AB1916C2800037D405 /* InfoPlist.strings */; };
		92AA42AF1916C2800037D405 /* main.m in Sources */ = {isa = PBXBuildFile; fileRef = 92AA42AE1916C2800037D405 /* main.m */; };
		92AA42B31916C2800037D405 /* VolleyBallAppDelegate.m in Sources */ = {isa = PBXBuildFile; fileRef = 92AA42B21916C2800037D405 /* VolleyBallAppDelegate.m */; };
		92AA42B91916C2810037D405 /* VolleyBallViewController.m in Sources */ = {isa = PBXBuildFile; fileRef = 92AA42B81916C2810037D405 /* VolleyBallViewController.m */; };
		92AA42BB1916C2810037D405 /* Images.xcassets in Resources */ = {isa = PBXBuildFile; fileRef = 92AA42BA1916C2810037D405 /* Images.xcassets */; };
		92AA42C21916C2810037D405 /* XCTest.framework in Frameworks */ = {isa = PBXBuildFile; fileRef = 92AA42C11916C2810037D405 /* XCTest.framework */; };
		92AA42C31916C2810037D405 /* Foundation.framework in Frameworks */ = {isa = PBXBuildFile; fileRef = 92AA42A21916C2800037D405 /* Foundation.framework */; };
		92AA42C41916C2810037D405 /* UIKit.framework in Frameworks */ = {isa = PBXBuildFile; fileRef = 92AA42A61916C2800037D405 /* UIKit.framework */; };
		92AA42CC1916C2810037D405 /* InfoPlist.strings in Resources */ = {isa = PBXBuildFile; fileRef = 92AA42CA1916C2810037D405 /* InfoPlist.strings */; };
		92AA42CE1916C2810037D405 /* VolleyballTests.m in Sources */ = {isa = PBXBuildFile; fileRef = 92AA42CD1916C2810037D405 /* VolleyballTests.m */; };
		92D31900193E7C0B00F5A942 /* QuartzCore.framework in Frameworks */ = {isa = PBXBuildFile; fileRef = 92D318FF193E7C0B00F5A942 /* QuartzCore.framework */; };
		A4E3AD6529226E70123024B3 /* Pods_VBall_ScoreMaster.framework in Frameworks */ = {isa = PBXBuildFile; fileRef = 99235D913A4E424D683FDAE9 /* Pods_VBall_ScoreMaster.framework */; };
		AD07812919D0493100E30AE9 /* VolleyBallIAPViewController.m in Sources */ = {isa = PBXBuildFile; fileRef = AD07812819D0493100E30AE9 /* VolleyBallIAPViewController.m */; };
		AD082E33198061AE00A997CE /* TutorialSettingsViewController.m in Sources */ = {isa = PBXBuildFile; fileRef = AD082E32198061AE00A997CE /* TutorialSettingsViewController.m */; };
		AD082E3619817E5C00A997CE /* Main.storyboard in Resources */ = {isa = PBXBuildFile; fileRef = AD082E3419817E5C00A997CE /* Main.storyboard */; };
		AD082E39198182E800A997CE /* DefaultScoreViewController.xib in Resources */ = {isa = PBXBuildFile; fileRef = AD082E37198182E800A997CE /* DefaultScoreViewController.xib */; };
		AD0D058A1A7195C300B5FC00 /* FCColorPickerViewController.m in Sources */ = {isa = PBXBuildFile; fileRef = AD0D05881A7195C300B5FC00 /* FCColorPickerViewController.m */; };
		AD0D058B1A7195C300B5FC00 /* FCColorPickerViewController.xib in Resources */ = {isa = PBXBuildFile; fileRef = AD0D05891A7195C300B5FC00 /* FCColorPickerViewController.xib */; };
		AD0D05981A71977100B5FC00 /* FCBrightDarkGradView.m in Sources */ = {isa = PBXBuildFile; fileRef = AD0D05951A71977100B5FC00 /* FCBrightDarkGradView.m */; };
		AD0D05991A71977100B5FC00 /* FCColorSwatchView.m in Sources */ = {isa = PBXBuildFile; fileRef = AD0D05971A71977100B5FC00 /* FCColorSwatchView.m */; };
		AD0D059B1A7198F200B5FC00 /* colormap.png in Resources */ = {isa = PBXBuildFile; fileRef = AD0D059A1A7198F200B5FC00 /* colormap.png */; };
		AD0E1A09196AC50700289E7D /* ActionLabelTableViewController.m in Sources */ = {isa = PBXBuildFile; fileRef = AD0E1A08196AC50700289E7D /* ActionLabelTableViewController.m */; };
		AD1378A219B50B9300DB02D0 /* iPadTutorialViewController.m in Sources */ = {isa = PBXBuildFile; fileRef = AD1378A119B50B9300DB02D0 /* iPadTutorialViewController.m */; };
		AD1378A519B50BB400DB02D0 /* iPadTutorialSettingsBallViewController.m in Sources */ = {isa = PBXBuildFile; fileRef = AD1378A419B50BB400DB02D0 /* iPadTutorialSettingsBallViewController.m */; };
		AD1C816E195C43A30028179B /* SettingsTableViewController.m in Sources */ = {isa = PBXBuildFile; fileRef = AD1C816C195C43A30028179B /* SettingsTableViewController.m */; };
		AD2270B51BD98F4A0087289B /* NSUserDefaults+Extension.m in Sources */ = {isa = PBXBuildFile; fileRef = AD2270B41BD98F4A0087289B /* NSUserDefaults+Extension.m */; };
		AD4B54C0199A40D500770580 /* Social.framework in Frameworks */ = {isa = PBXBuildFile; fileRef = AD4B54BF199A40D500770580 /* Social.framework */; };
		AD52968D197F390E00767D1C /* TutorialViewController.m in Sources */ = {isa = PBXBuildFile; fileRef = AD52968C197F390E00767D1C /* TutorialViewController.m */; };
		AD746E801969F7BC00CEFAF4 /* AddressBook.framework in Frameworks */ = {isa = PBXBuildFile; fileRef = AD746E7E1969F7BC00CEFAF4 /* AddressBook.framework */; };
		AD746E811969F7BC00CEFAF4 /* AddressBookUI.framework in Frameworks */ = {isa = PBXBuildFile; fileRef = AD746E7F1969F7BC00CEFAF4 /* AddressBookUI.framework */; };
		AD7DCC8319BCBE9A0078EB53 /* StoreKit.framework in Frameworks */ = {isa = PBXBuildFile; fileRef = AD7DCC8219BCBE9A0078EB53 /* StoreKit.framework */; };
		AD80C7F4198EFBD200C03C2E /* CoreData.framework in Frameworks */ = {isa = PBXBuildFile; fileRef = AD80C7F3198EFBD200C03C2E /* CoreData.framework */; };
		AD80C7F6198EFBF300C03C2E /* SystemConfiguration.framework in Frameworks */ = {isa = PBXBuildFile; fileRef = AD80C7F5198EFBF300C03C2E /* SystemConfiguration.framework */; };
		AD80C7F8198EFC0800C03C2E /* libz.dylib in Frameworks */ = {isa = PBXBuildFile; fileRef = AD80C7F7198EFC0800C03C2E /* libz.dylib */; };
		AD8B6BD01B17416C0048A73C /* UIKit.framework in Frameworks */ = {isa = PBXBuildFile; fileRef = 92AA42A61916C2800037D405 /* UIKit.framework */; };
		AD96E38619BFB056002CD75E /* IAPHelper.m in Sources */ = {isa = PBXBuildFile; fileRef = AD96E38319BFB056002CD75E /* IAPHelper.m */; };
		AD96E38A19BFB5F7002CD75E /* VolleyBallIAPHelper.m in Sources */ = {isa = PBXBuildFile; fileRef = AD96E38919BFB5F7002CD75E /* VolleyBallIAPHelper.m */; };
		AD9A21A9199BDB10009CEE31 /* Accounts.framework in Frameworks */ = {isa = PBXBuildFile; fileRef = AD9A21A8199BDB10009CEE31 /* Accounts.framework */; };
		AD9B665C199D2754002C5145 /* Settings.bundle in Resources */ = {isa = PBXBuildFile; fileRef = AD9B665B199D2754002C5145 /* Settings.bundle */; };
		ADB5A13219D30372009B1550 /* NRTouchImage.png in Resources */ = {isa = PBXBuildFile; fileRef = ADB5A12C19D30372009B1550 /* NRTouchImage.png */; };
		ADB5A13319D30372009B1550 /* NRTouchImage@2x.png in Resources */ = {isa = PBXBuildFile; fileRef = ADB5A12D19D30372009B1550 /* NRTouchImage@2x.png */; };
		ADB5A13419D30372009B1550 /* NRWindow.m in Sources */ = {isa = PBXBuildFile; fileRef = ADB5A12F19D30372009B1550 /* NRWindow.m */; };
		ADB5A13519D30372009B1550 /* UITouch+NRTouch.m in Sources */ = {isa = PBXBuildFile; fileRef = ADB5A13119D30372009B1550 /* UITouch+NRTouch.m */; };
		ADCFF8B01AB5D6D000AB9CB0 /* Default-Landscape@2x.png in Resources */ = {isa = PBXBuildFile; fileRef = ADCFF8AF1AB5D6D000AB9CB0 /* Default-Landscape@2x.png */; };
		ADEB992F1986ECB70009B3F5 /* ActionNames.plist in Resources */ = {isa = PBXBuildFile; fileRef = ADEB992E1986ECB70009B3F5 /* ActionNames.plist */; };
		ADFAA8B019A8D617009D1143 /* Main_iPad.storyboard in Resources */ = {isa = PBXBuildFile; fileRef = ADFAA8AF19A8D617009D1143 /* Main_iPad.storyboard */; };
		ADFB427319A4C37D00ADBE9F /* SupportTableViewController.m in Sources */ = {isa = PBXBuildFile; fileRef = ADFB427219A4C37D00ADBE9F /* SupportTableViewController.m */; };
/* End PBXBuildFile section */

/* Begin PBXContainerItemProxy section */
		92AA42C51916C2810037D405 /* PBXContainerItemProxy */ = {
			isa = PBXContainerItemProxy;
			containerPortal = 92AA42971916C2800037D405 /* Project object */;
			proxyType = 1;
			remoteGlobalIDString = 92AA429E1916C2800037D405;
			remoteInfo = Volleyball;
		};
/* End PBXContainerItemProxy section */

/* Begin PBXFileReference section */
		80877D435E5C00A428BF118A /* Pods-VBall ScoreMaster.distribution.xcconfig */ = {isa = PBXFileReference; includeInIndex = 1; lastKnownFileType = text.xcconfig; name = "Pods-VBall ScoreMaster.distribution.xcconfig"; path = "Pods/Target Support Files/Pods-VBall ScoreMaster/Pods-VBall ScoreMaster.distribution.xcconfig"; sourceTree = "<group>"; };
		9217E5D11926377700B2E6F1 /* DefaultScoreViewController.h */ = {isa = PBXFileReference; fileEncoding = 4; lastKnownFileType = sourcecode.c.h; path = DefaultScoreViewController.h; sourceTree = "<group>"; };
		9217E5D21926377700B2E6F1 /* DefaultScoreViewController.m */ = {isa = PBXFileReference; fileEncoding = 4; lastKnownFileType = sourcecode.c.objc; path = DefaultScoreViewController.m; sourceTree = "<group>"; };
		92447968192AD7A10031C1F6 /* MessageUI.framework */ = {isa = PBXFileReference; lastKnownFileType = wrapper.framework; name = MessageUI.framework; path = System/Library/Frameworks/MessageUI.framework; sourceTree = SDKROOT; };
		92AA429F1916C2800037D405 /* VBall ScoreMaster.app */ = {isa = PBXFileReference; explicitFileType = wrapper.application; includeInIndex = 0; path = "VBall ScoreMaster.app"; sourceTree = BUILT_PRODUCTS_DIR; };
		92AA42A21916C2800037D405 /* Foundation.framework */ = {isa = PBXFileReference; lastKnownFileType = wrapper.framework; name = Foundation.framework; path = System/Library/Frameworks/Foundation.framework; sourceTree = SDKROOT; };
		92AA42A41916C2800037D405 /* CoreGraphics.framework */ = {isa = PBXFileReference; lastKnownFileType = wrapper.framework; name = CoreGraphics.framework; path = System/Library/Frameworks/CoreGraphics.framework; sourceTree = SDKROOT; };
		92AA42A61916C2800037D405 /* UIKit.framework */ = {isa = PBXFileReference; lastKnownFileType = wrapper.framework; name = UIKit.framework; path = System/Library/Frameworks/UIKit.framework; sourceTree = SDKROOT; };
		92AA42AA1916C2800037D405 /* Volleyball-Info.plist */ = {isa = PBXFileReference; lastKnownFileType = text.plist.xml; path = "Volleyball-Info.plist"; sourceTree = "<group>"; };
		92AA42AC1916C2800037D405 /* en */ = {isa = PBXFileReference; lastKnownFileType = text.plist.strings; name = en; path = en.lproj/InfoPlist.strings; sourceTree = "<group>"; };
		92AA42AE1916C2800037D405 /* main.m */ = {isa = PBXFileReference; lastKnownFileType = sourcecode.c.objc; path = main.m; sourceTree = "<group>"; };
		92AA42B11916C2800037D405 /* VolleyBallAppDelegate.h */ = {isa = PBXFileReference; lastKnownFileType = sourcecode.c.h; path = VolleyBallAppDelegate.h; sourceTree = "<group>"; };
		92AA42B21916C2800037D405 /* VolleyBallAppDelegate.m */ = {isa = PBXFileReference; lastKnownFileType = sourcecode.c.objc; path = VolleyBallAppDelegate.m; sourceTree = "<group>"; };
		92AA42B71916C2810037D405 /* VolleyBallViewController.h */ = {isa = PBXFileReference; lastKnownFileType = sourcecode.c.h; path = VolleyBallViewController.h; sourceTree = "<group>"; };
		92AA42B81916C2810037D405 /* VolleyBallViewController.m */ = {isa = PBXFileReference; lastKnownFileType = sourcecode.c.objc; path = VolleyBallViewController.m; sourceTree = "<group>"; };
		92AA42BA1916C2810037D405 /* Images.xcassets */ = {isa = PBXFileReference; lastKnownFileType = folder.assetcatalog; path = Images.xcassets; sourceTree = "<group>"; };
		92AA42C01916C2810037D405 /* VBall ScoreMasterTests.xctest */ = {isa = PBXFileReference; explicitFileType = wrapper.cfbundle; includeInIndex = 0; path = "VBall ScoreMasterTests.xctest"; sourceTree = BUILT_PRODUCTS_DIR; };
		92AA42C11916C2810037D405 /* XCTest.framework */ = {isa = PBXFileReference; lastKnownFileType = wrapper.framework; name = XCTest.framework; path = Library/Frameworks/XCTest.framework; sourceTree = DEVELOPER_DIR; };
		92AA42C91916C2810037D405 /* VolleyballTests-Info.plist */ = {isa = PBXFileReference; lastKnownFileType = text.plist.xml; path = "VolleyballTests-Info.plist"; sourceTree = "<group>"; };
		92AA42CB1916C2810037D405 /* en */ = {isa = PBXFileReference; lastKnownFileType = text.plist.strings; name = en; path = en.lproj/InfoPlist.strings; sourceTree = "<group>"; };
		92AA42CD1916C2810037D405 /* VolleyballTests.m */ = {isa = PBXFileReference; lastKnownFileType = sourcecode.c.objc; path = VolleyballTests.m; sourceTree = "<group>"; };
		92D318FF193E7C0B00F5A942 /* QuartzCore.framework */ = {isa = PBXFileReference; lastKnownFileType = wrapper.framework; name = QuartzCore.framework; path = System/Library/Frameworks/QuartzCore.framework; sourceTree = SDKROOT; };
		99235D913A4E424D683FDAE9 /* Pods_VBall_ScoreMaster.framework */ = {isa = PBXFileReference; explicitFileType = wrapper.framework; includeInIndex = 0; path = Pods_VBall_ScoreMaster.framework; sourceTree = BUILT_PRODUCTS_DIR; };
		9982E482587BDC7EC29A9DF9 /* Pods-VBall ScoreMaster.debug.xcconfig */ = {isa = PBXFileReference; includeInIndex = 1; lastKnownFileType = text.xcconfig; name = "Pods-VBall ScoreMaster.debug.xcconfig"; path = "Pods/Target Support Files/Pods-VBall ScoreMaster/Pods-VBall ScoreMaster.debug.xcconfig"; sourceTree = "<group>"; };
		AD07812719D0493100E30AE9 /* VolleyBallIAPViewController.h */ = {isa = PBXFileReference; fileEncoding = 4; lastKnownFileType = sourcecode.c.h; path = VolleyBallIAPViewController.h; sourceTree = "<group>"; };
		AD07812819D0493100E30AE9 /* VolleyBallIAPViewController.m */ = {isa = PBXFileReference; fileEncoding = 4; lastKnownFileType = sourcecode.c.objc; path = VolleyBallIAPViewController.m; sourceTree = "<group>"; };
		AD082E31198061AE00A997CE /* TutorialSettingsViewController.h */ = {isa = PBXFileReference; fileEncoding = 4; lastKnownFileType = sourcecode.c.h; path = TutorialSettingsViewController.h; sourceTree = "<group>"; };
		AD082E32198061AE00A997CE /* TutorialSettingsViewController.m */ = {isa = PBXFileReference; fileEncoding = 4; lastKnownFileType = sourcecode.c.objc; path = TutorialSettingsViewController.m; sourceTree = "<group>"; };
		AD0D05871A7195C300B5FC00 /* FCColorPickerViewController.h */ = {isa = PBXFileReference; fileEncoding = 4; lastKnownFileType = sourcecode.c.h; path = FCColorPickerViewController.h; sourceTree = "<group>"; };
		AD0D05881A7195C300B5FC00 /* FCColorPickerViewController.m */ = {isa = PBXFileReference; fileEncoding = 4; lastKnownFileType = sourcecode.c.objc; path = FCColorPickerViewController.m; sourceTree = "<group>"; };
		AD0D05891A7195C300B5FC00 /* FCColorPickerViewController.xib */ = {isa = PBXFileReference; fileEncoding = 4; lastKnownFileType = file.xib; path = FCColorPickerViewController.xib; sourceTree = "<group>"; };
		AD0D05941A71977100B5FC00 /* FCBrightDarkGradView.h */ = {isa = PBXFileReference; fileEncoding = 4; lastKnownFileType = sourcecode.c.h; path = FCBrightDarkGradView.h; sourceTree = "<group>"; };
		AD0D05951A71977100B5FC00 /* FCBrightDarkGradView.m */ = {isa = PBXFileReference; fileEncoding = 4; lastKnownFileType = sourcecode.c.objc; path = FCBrightDarkGradView.m; sourceTree = "<group>"; };
		AD0D05961A71977100B5FC00 /* FCColorSwatchView.h */ = {isa = PBXFileReference; fileEncoding = 4; lastKnownFileType = sourcecode.c.h; path = FCColorSwatchView.h; sourceTree = "<group>"; };
		AD0D05971A71977100B5FC00 /* FCColorSwatchView.m */ = {isa = PBXFileReference; fileEncoding = 4; lastKnownFileType = sourcecode.c.objc; path = FCColorSwatchView.m; sourceTree = "<group>"; };
		AD0D059A1A7198F200B5FC00 /* colormap.png */ = {isa = PBXFileReference; lastKnownFileType = image.png; path = colormap.png; sourceTree = "<group>"; };
		AD0E1A07196AC50700289E7D /* ActionLabelTableViewController.h */ = {isa = PBXFileReference; fileEncoding = 4; lastKnownFileType = sourcecode.c.h; path = ActionLabelTableViewController.h; sourceTree = "<group>"; };
		AD0E1A08196AC50700289E7D /* ActionLabelTableViewController.m */ = {isa = PBXFileReference; fileEncoding = 4; lastKnownFileType = sourcecode.c.objc; path = ActionLabelTableViewController.m; sourceTree = "<group>"; };
		AD1378A019B50B9300DB02D0 /* iPadTutorialViewController.h */ = {isa = PBXFileReference; fileEncoding = 4; lastKnownFileType = sourcecode.c.h; path = iPadTutorialViewController.h; sourceTree = "<group>"; };
		AD1378A119B50B9300DB02D0 /* iPadTutorialViewController.m */ = {isa = PBXFileReference; fileEncoding = 4; lastKnownFileType = sourcecode.c.objc; path = iPadTutorialViewController.m; sourceTree = "<group>"; };
		AD1378A319B50BB400DB02D0 /* iPadTutorialSettingsBallViewController.h */ = {isa = PBXFileReference; fileEncoding = 4; lastKnownFileType = sourcecode.c.h; path = iPadTutorialSettingsBallViewController.h; sourceTree = "<group>"; };
		AD1378A419B50BB400DB02D0 /* iPadTutorialSettingsBallViewController.m */ = {isa = PBXFileReference; fileEncoding = 4; lastKnownFileType = sourcecode.c.objc; path = iPadTutorialSettingsBallViewController.m; sourceTree = "<group>"; };
		AD144BA5198D27DE0049EFF8 /* libGoogleAnalyticsServices.a */ = {isa = PBXFileReference; lastKnownFileType = archive.ar; name = libGoogleAnalyticsServices.a; path = Volleyball/libGoogleAnalyticsServices.a; sourceTree = "<group>"; };
		AD1C811E1955E6FC0028179B /* Accelerate.framework */ = {isa = PBXFileReference; lastKnownFileType = wrapper.framework; name = Accelerate.framework; path = System/Library/Frameworks/Accelerate.framework; sourceTree = SDKROOT; };
		AD1C816B195C43A30028179B /* SettingsTableViewController.h */ = {isa = PBXFileReference; fileEncoding = 4; lastKnownFileType = sourcecode.c.h; path = SettingsTableViewController.h; sourceTree = "<group>"; };
		AD1C816C195C43A30028179B /* SettingsTableViewController.m */ = {isa = PBXFileReference; fileEncoding = 4; lastKnownFileType = sourcecode.c.objc; path = SettingsTableViewController.m; sourceTree = "<group>"; };
		AD2239401B0B5E4B00F66ED6 /* libGoogleAnalyticsServices.a */ = {isa = PBXFileReference; lastKnownFileType = archive.ar; path = libGoogleAnalyticsServices.a; sourceTree = "<group>"; };
		AD2270B31BD98F4A0087289B /* NSUserDefaults+Extension.h */ = {isa = PBXFileReference; fileEncoding = 4; lastKnownFileType = sourcecode.c.h; name = "NSUserDefaults+Extension.h"; path = "Volleyball/NSUserDefaults+Extension.h"; sourceTree = "<group>"; };
		AD2270B41BD98F4A0087289B /* NSUserDefaults+Extension.m */ = {isa = PBXFileReference; fileEncoding = 4; lastKnownFileType = sourcecode.c.objc; name = "NSUserDefaults+Extension.m"; path = "Volleyball/NSUserDefaults+Extension.m"; sourceTree = "<group>"; };
		AD4B54BF199A40D500770580 /* Social.framework */ = {isa = PBXFileReference; lastKnownFileType = wrapper.framework; name = Social.framework; path = System/Library/Frameworks/Social.framework; sourceTree = SDKROOT; };
		AD52968B197F390E00767D1C /* TutorialViewController.h */ = {isa = PBXFileReference; fileEncoding = 4; lastKnownFileType = sourcecode.c.h; name = TutorialViewController.h; path = Volleyball/TutorialViewController.h; sourceTree = "<group>"; };
		AD52968C197F390E00767D1C /* TutorialViewController.m */ = {isa = PBXFileReference; fileEncoding = 4; lastKnownFileType = sourcecode.c.objc; name = TutorialViewController.m; path = Volleyball/TutorialViewController.m; sourceTree = "<group>"; };
		AD746E7E1969F7BC00CEFAF4 /* AddressBook.framework */ = {isa = PBXFileReference; lastKnownFileType = wrapper.framework; name = AddressBook.framework; path = System/Library/Frameworks/AddressBook.framework; sourceTree = SDKROOT; };
		AD746E7F1969F7BC00CEFAF4 /* AddressBookUI.framework */ = {isa = PBXFileReference; lastKnownFileType = wrapper.framework; name = AddressBookUI.framework; path = System/Library/Frameworks/AddressBookUI.framework; sourceTree = SDKROOT; };
		AD7DCC8219BCBE9A0078EB53 /* StoreKit.framework */ = {isa = PBXFileReference; lastKnownFileType = wrapper.framework; name = StoreKit.framework; path = System/Library/Frameworks/StoreKit.framework; sourceTree = SDKROOT; };
		AD80C7F3198EFBD200C03C2E /* CoreData.framework */ = {isa = PBXFileReference; lastKnownFileType = wrapper.framework; name = CoreData.framework; path = System/Library/Frameworks/CoreData.framework; sourceTree = SDKROOT; };
		AD80C7F5198EFBF300C03C2E /* SystemConfiguration.framework */ = {isa = PBXFileReference; lastKnownFileType = wrapper.framework; name = SystemConfiguration.framework; path = System/Library/Frameworks/SystemConfiguration.framework; sourceTree = SDKROOT; };
		AD80C7F7198EFC0800C03C2E /* libz.dylib */ = {isa = PBXFileReference; lastKnownFileType = "compiled.mach-o.dylib"; name = libz.dylib; path = usr/lib/libz.dylib; sourceTree = SDKROOT; };
		AD8B6BCF1B173F0E0048A73C /* Volleyball-Prefix.pch */ = {isa = PBXFileReference; lastKnownFileType = sourcecode.c.h; path = "Volleyball-Prefix.pch"; sourceTree = "<group>"; };
		AD96E38219BFB056002CD75E /* IAPHelper.h */ = {isa = PBXFileReference; fileEncoding = 4; lastKnownFileType = sourcecode.c.h; path = IAPHelper.h; sourceTree = "<group>"; };
		AD96E38319BFB056002CD75E /* IAPHelper.m */ = {isa = PBXFileReference; fileEncoding = 4; lastKnownFileType = sourcecode.c.objc; path = IAPHelper.m; sourceTree = "<group>"; };
		AD96E38819BFB5F7002CD75E /* VolleyBallIAPHelper.h */ = {isa = PBXFileReference; fileEncoding = 4; lastKnownFileType = sourcecode.c.h; path = VolleyBallIAPHelper.h; sourceTree = "<group>"; };
		AD96E38919BFB5F7002CD75E /* VolleyBallIAPHelper.m */ = {isa = PBXFileReference; fileEncoding = 4; lastKnownFileType = sourcecode.c.objc; path = VolleyBallIAPHelper.m; sourceTree = "<group>"; };
		AD9A21A8199BDB10009CEE31 /* Accounts.framework */ = {isa = PBXFileReference; lastKnownFileType = wrapper.framework; name = Accounts.framework; path = System/Library/Frameworks/Accounts.framework; sourceTree = SDKROOT; };
		AD9B665B199D2754002C5145 /* Settings.bundle */ = {isa = PBXFileReference; lastKnownFileType = "wrapper.plug-in"; path = Settings.bundle; sourceTree = "<group>"; };
		ADB5A12C19D30372009B1550 /* NRTouchImage.png */ = {isa = PBXFileReference; lastKnownFileType = image.png; path = NRTouchImage.png; sourceTree = "<group>"; };
		ADB5A12D19D30372009B1550 /* NRTouchImage@2x.png */ = {isa = PBXFileReference; lastKnownFileType = image.png; path = "NRTouchImage@2x.png"; sourceTree = "<group>"; };
		ADB5A12E19D30372009B1550 /* NRWindow.h */ = {isa = PBXFileReference; fileEncoding = 4; lastKnownFileType = sourcecode.c.h; path = NRWindow.h; sourceTree = "<group>"; };
		ADB5A12F19D30372009B1550 /* NRWindow.m */ = {isa = PBXFileReference; fileEncoding = 4; lastKnownFileType = sourcecode.c.objc; path = NRWindow.m; sourceTree = "<group>"; };
		ADB5A13019D30372009B1550 /* UITouch+NRTouch.h */ = {isa = PBXFileReference; fileEncoding = 4; lastKnownFileType = sourcecode.c.h; path = "UITouch+NRTouch.h"; sourceTree = "<group>"; };
		ADB5A13119D30372009B1550 /* UITouch+NRTouch.m */ = {isa = PBXFileReference; fileEncoding = 4; lastKnownFileType = sourcecode.c.objc; path = "UITouch+NRTouch.m"; sourceTree = "<group>"; };
		ADCC13971981B527001DC9B6 /* Base */ = {isa = PBXFileReference; lastKnownFileType = file.xib; name = Base; path = Base.lproj/DefaultScoreViewController.xib; sourceTree = "<group>"; };
		ADCC13981981B527001DC9B6 /* Base */ = {isa = PBXFileReference; lastKnownFileType = file.storyboard; name = Base; path = Base.lproj/Main.storyboard; sourceTree = "<group>"; };
		ADCC139A1981B588001DC9B6 /* en */ = {isa = PBXFileReference; lastKnownFileType = text.plist.strings; name = en; path = en.lproj/Main.strings; sourceTree = "<group>"; };
		ADCFF8AF1AB5D6D000AB9CB0 /* Default-Landscape@2x.png */ = {isa = PBXFileReference; lastKnownFileType = image.png; path = "Default-Landscape@2x.png"; sourceTree = "<group>"; };
		ADEB992E1986ECB70009B3F5 /* ActionNames.plist */ = {isa = PBXFileReference; fileEncoding = 4; lastKnownFileType = text.plist.xml; path = ActionNames.plist; sourceTree = "<group>"; };
		ADFAA8AF19A8D617009D1143 /* Main_iPad.storyboard */ = {isa = PBXFileReference; fileEncoding = 4; lastKnownFileType = file.storyboard; path = Main_iPad.storyboard; sourceTree = "<group>"; };
		ADFB427119A4C37D00ADBE9F /* SupportTableViewController.h */ = {isa = PBXFileReference; fileEncoding = 4; lastKnownFileType = sourcecode.c.h; name = SupportTableViewController.h; path = Volleyball/SupportTableViewController.h; sourceTree = "<group>"; };
		ADFB427219A4C37D00ADBE9F /* SupportTableViewController.m */ = {isa = PBXFileReference; fileEncoding = 4; lastKnownFileType = sourcecode.c.objc; name = SupportTableViewController.m; path = Volleyball/SupportTableViewController.m; sourceTree = "<group>"; };
		FBE7CEAB9E6E4D5FC5CC6BB6 /* Pods-VBall ScoreMaster.release.xcconfig */ = {isa = PBXFileReference; includeInIndex = 1; lastKnownFileType = text.xcconfig; name = "Pods-VBall ScoreMaster.release.xcconfig"; path = "Pods/Target Support Files/Pods-VBall ScoreMaster/Pods-VBall ScoreMaster.release.xcconfig"; sourceTree = "<group>"; };
/* End PBXFileReference section */

/* Begin PBXFrameworksBuildPhase section */
		92AA429C1916C2800037D405 /* Frameworks */ = {
			isa = PBXFrameworksBuildPhase;
			buildActionMask = 2147483647;
			files = (
				AD8B6BD01B17416C0048A73C /* UIKit.framework in Frameworks */,
				AD9A21A9199BDB10009CEE31 /* Accounts.framework in Frameworks */,
				AD7DCC8319BCBE9A0078EB53 /* StoreKit.framework in Frameworks */,
				AD4B54C0199A40D500770580 /* Social.framework in Frameworks */,
				AD80C7F8198EFC0800C03C2E /* libz.dylib in Frameworks */,
				AD80C7F6198EFBF300C03C2E /* SystemConfiguration.framework in Frameworks */,
				AD80C7F4198EFBD200C03C2E /* CoreData.framework in Frameworks */,
				AD746E801969F7BC00CEFAF4 /* AddressBook.framework in Frameworks */,
				AD746E811969F7BC00CEFAF4 /* AddressBookUI.framework in Frameworks */,
				92D31900193E7C0B00F5A942 /* QuartzCore.framework in Frameworks */,
				92447969192AD7A10031C1F6 /* MessageUI.framework in Frameworks */,
				92AA42A51916C2800037D405 /* CoreGraphics.framework in Frameworks */,
				92AA42A31916C2800037D405 /* Foundation.framework in Frameworks */,
				A4E3AD6529226E70123024B3 /* Pods_VBall_ScoreMaster.framework in Frameworks */,
			);
			runOnlyForDeploymentPostprocessing = 0;
		};
		92AA42BD1916C2810037D405 /* Frameworks */ = {
			isa = PBXFrameworksBuildPhase;
			buildActionMask = 2147483647;
			files = (
				92AA42C21916C2810037D405 /* XCTest.framework in Frameworks */,
				92AA42C41916C2810037D405 /* UIKit.framework in Frameworks */,
				92AA42C31916C2810037D405 /* Foundation.framework in Frameworks */,
			);
			runOnlyForDeploymentPostprocessing = 0;
		};
/* End PBXFrameworksBuildPhase section */

/* Begin PBXGroup section */
		70F06610FFB8331B7F69811C /* Pods */ = {
			isa = PBXGroup;
			children = (
				9982E482587BDC7EC29A9DF9 /* Pods-VBall ScoreMaster.debug.xcconfig */,
				FBE7CEAB9E6E4D5FC5CC6BB6 /* Pods-VBall ScoreMaster.release.xcconfig */,
				80877D435E5C00A428BF118A /* Pods-VBall ScoreMaster.distribution.xcconfig */,
			);
			name = Pods;
			sourceTree = "<group>";
		};
		9244799B192C01830031C1F6 /* Resources */ = {
			isa = PBXGroup;
			children = (
				ADCFF8AF1AB5D6D000AB9CB0 /* Default-Landscape@2x.png */,
				AD9B665B199D2754002C5145 /* Settings.bundle */,
				ADEB992E1986ECB70009B3F5 /* ActionNames.plist */,
			);
			name = Resources;
			sourceTree = "<group>";
		};
		92AA42961916C2800037D405 = {
			isa = PBXGroup;
			children = (
				92AA42A81916C2800037D405 /* Volleyball */,
				9244799B192C01830031C1F6 /* Resources */,
				92AA42C71916C2810037D405 /* VolleyballTests */,
				92AA42A11916C2800037D405 /* Frameworks */,
				92AA42A01916C2800037D405 /* Products */,
				70F06610FFB8331B7F69811C /* Pods */,
			);
			sourceTree = "<group>";
		};
		92AA42A01916C2800037D405 /* Products */ = {
			isa = PBXGroup;
			children = (
				92AA429F1916C2800037D405 /* VBall ScoreMaster.app */,
				92AA42C01916C2810037D405 /* VBall ScoreMasterTests.xctest */,
			);
			name = Products;
			sourceTree = "<group>";
		};
		92AA42A11916C2800037D405 /* Frameworks */ = {
			isa = PBXGroup;
			children = (
				AD2239401B0B5E4B00F66ED6 /* libGoogleAnalyticsServices.a */,
				AD7DCC8219BCBE9A0078EB53 /* StoreKit.framework */,
				AD9A21A8199BDB10009CEE31 /* Accounts.framework */,
				AD4B54BF199A40D500770580 /* Social.framework */,
				AD80C7F7198EFC0800C03C2E /* libz.dylib */,
				AD80C7F5198EFBF300C03C2E /* SystemConfiguration.framework */,
				AD80C7F3198EFBD200C03C2E /* CoreData.framework */,
				AD144BA5198D27DE0049EFF8 /* libGoogleAnalyticsServices.a */,
				AD746E7E1969F7BC00CEFAF4 /* AddressBook.framework */,
				AD746E7F1969F7BC00CEFAF4 /* AddressBookUI.framework */,
				AD1C811E1955E6FC0028179B /* Accelerate.framework */,
				92D318FF193E7C0B00F5A942 /* QuartzCore.framework */,
				92447968192AD7A10031C1F6 /* MessageUI.framework */,
				92AA42A21916C2800037D405 /* Foundation.framework */,
				92AA42A41916C2800037D405 /* CoreGraphics.framework */,
				92AA42A61916C2800037D405 /* UIKit.framework */,
				92AA42C11916C2810037D405 /* XCTest.framework */,
				99235D913A4E424D683FDAE9 /* Pods_VBall_ScoreMaster.framework */,
			);
			name = Frameworks;
			sourceTree = "<group>";
		};
		92AA42A81916C2800037D405 /* Volleyball */ = {
			isa = PBXGroup;
			children = (
				92AA42B71916C2810037D405 /* VolleyBallViewController.h */,
				92AA42B81916C2810037D405 /* VolleyBallViewController.m */,
				AD0E1A07196AC50700289E7D /* ActionLabelTableViewController.h */,
				AD0E1A08196AC50700289E7D /* ActionLabelTableViewController.m */,
				AD1C816B195C43A30028179B /* SettingsTableViewController.h */,
				AD1C816C195C43A30028179B /* SettingsTableViewController.m */,
				9217E5D11926377700B2E6F1 /* DefaultScoreViewController.h */,
				9217E5D21926377700B2E6F1 /* DefaultScoreViewController.m */,
				92AA42BA1916C2810037D405 /* Images.xcassets */,
				ADFB427519A4C39200ADBE9F /* Support */,
				92AA42A91916C2800037D405 /* Supporting Files */,
			);
			path = Volleyball;
			sourceTree = "<group>";
		};
		92AA42A91916C2800037D405 /* Supporting Files */ = {
			isa = PBXGroup;
			children = (
				AD082E37198182E800A997CE /* DefaultScoreViewController.xib */,
				ADFAA8AF19A8D617009D1143 /* Main_iPad.storyboard */,
				AD082E3419817E5C00A997CE /* Main.storyboard */,
				92AA42AB1916C2800037D405 /* InfoPlist.strings */,
				92AA42B11916C2800037D405 /* VolleyBallAppDelegate.h */,
				92AA42B21916C2800037D405 /* VolleyBallAppDelegate.m */,
				92AA42AE1916C2800037D405 /* main.m */,
				AD8B6BCF1B173F0E0048A73C /* Volleyball-Prefix.pch */,
				92AA42AA1916C2800037D405 /* Volleyball-Info.plist */,
			);
			name = "Supporting Files";
			sourceTree = "<group>";
		};
		92AA42C71916C2810037D405 /* VolleyballTests */ = {
			isa = PBXGroup;
			children = (
				92AA42CD1916C2810037D405 /* VolleyballTests.m */,
				92AA42C81916C2810037D405 /* Supporting Files */,
			);
			path = VolleyballTests;
			sourceTree = "<group>";
		};
		92AA42C81916C2810037D405 /* Supporting Files */ = {
			isa = PBXGroup;
			children = (
				92AA42C91916C2810037D405 /* VolleyballTests-Info.plist */,
				92AA42CA1916C2810037D405 /* InfoPlist.strings */,
			);
			name = "Supporting Files";
			sourceTree = "<group>";
		};
		AD0D058C1A7195CC00B5FC00 /* FCColorPicker */ = {
			isa = PBXGroup;
			children = (
				AD0D059A1A7198F200B5FC00 /* colormap.png */,
				AD0D05941A71977100B5FC00 /* FCBrightDarkGradView.h */,
				AD0D05951A71977100B5FC00 /* FCBrightDarkGradView.m */,
				AD0D05961A71977100B5FC00 /* FCColorSwatchView.h */,
				AD0D05971A71977100B5FC00 /* FCColorSwatchView.m */,
				AD0D05871A7195C300B5FC00 /* FCColorPickerViewController.h */,
				AD0D05881A7195C300B5FC00 /* FCColorPickerViewController.m */,
				AD0D05891A7195C300B5FC00 /* FCColorPickerViewController.xib */,
			);
			name = FCColorPicker;
			sourceTree = "<group>";
		};
		AD52968A197F38E100767D1C /* Tutorial */ = {
			isa = PBXGroup;
			children = (
				AD1378A019B50B9300DB02D0 /* iPadTutorialViewController.h */,
				AD1378A119B50B9300DB02D0 /* iPadTutorialViewController.m */,
				AD1378A319B50BB400DB02D0 /* iPadTutorialSettingsBallViewController.h */,
				AD1378A419B50BB400DB02D0 /* iPadTutorialSettingsBallViewController.m */,
				AD52968B197F390E00767D1C /* TutorialViewController.h */,
				AD52968C197F390E00767D1C /* TutorialViewController.m */,
				AD082E31198061AE00A997CE /* TutorialSettingsViewController.h */,
				AD082E32198061AE00A997CE /* TutorialSettingsViewController.m */,
			);
			name = Tutorial;
			sourceTree = "<group>";
		};
		AD96E38119BFB02E002CD75E /* IAP */ = {
			isa = PBXGroup;
			children = (
				AD96E38219BFB056002CD75E /* IAPHelper.h */,
				AD96E38319BFB056002CD75E /* IAPHelper.m */,
				AD96E38819BFB5F7002CD75E /* VolleyBallIAPHelper.h */,
				AD96E38919BFB5F7002CD75E /* VolleyBallIAPHelper.m */,
				AD07812719D0493100E30AE9 /* VolleyBallIAPViewController.h */,
				AD07812819D0493100E30AE9 /* VolleyBallIAPViewController.m */,
			);
			name = IAP;
			sourceTree = "<group>";
		};
		ADB5A12B19D302BE009B1550 /* NRTouchPoints */ = {
			isa = PBXGroup;
			children = (
				ADB5A12C19D30372009B1550 /* NRTouchImage.png */,
				ADB5A12D19D30372009B1550 /* NRTouchImage@2x.png */,
				ADB5A12E19D30372009B1550 /* NRWindow.h */,
				ADB5A12F19D30372009B1550 /* NRWindow.m */,
				ADB5A13019D30372009B1550 /* UITouch+NRTouch.h */,
				ADB5A13119D30372009B1550 /* UITouch+NRTouch.m */,
			);
			name = NRTouchPoints;
			sourceTree = "<group>";
		};
		ADFB427519A4C39200ADBE9F /* Support */ = {
			isa = PBXGroup;
			children = (
				AD0D058C1A7195CC00B5FC00 /* FCColorPicker */,
				ADB5A12B19D302BE009B1550 /* NRTouchPoints */,
				AD96E38119BFB02E002CD75E /* IAP */,
				AD52968A197F38E100767D1C /* Tutorial */,
				ADFB427119A4C37D00ADBE9F /* SupportTableViewController.h */,
				ADFB427219A4C37D00ADBE9F /* SupportTableViewController.m */,
				AD2270B31BD98F4A0087289B /* NSUserDefaults+Extension.h */,
				AD2270B41BD98F4A0087289B /* NSUserDefaults+Extension.m */,
			);
			name = Support;
			path = ..;
			sourceTree = "<group>";
		};
/* End PBXGroup section */

/* Begin PBXNativeTarget section */
		92AA429E1916C2800037D405 /* VBall ScoreMaster */ = {
			isa = PBXNativeTarget;
			buildConfigurationList = 92AA42D11916C2810037D405 /* Build configuration list for PBXNativeTarget "VBall ScoreMaster" */;
			buildPhases = (
				6D7C737318285BC8290F769F /* Check Pods Manifest.lock */,
				92AA429B1916C2800037D405 /* Sources */,
				92AA429C1916C2800037D405 /* Frameworks */,
				92AA429D1916C2800037D405 /* Resources */,
				ADC716A2196CA6F000360EF4 /* ShellScript */,
				AD0413E21A3A1C7A00DEFB1F /* ShellScript */,
				0DC7DAD67049FC68E7E7D61E /* Copy Pods Resources */,
				15F3DC32EAD61B4582A930F5 /* Embed Pods Frameworks */,
			);
			buildRules = (
			);
			dependencies = (
			);
			name = "VBall ScoreMaster";
			productName = Volleyball;
			productReference = 92AA429F1916C2800037D405 /* VBall ScoreMaster.app */;
			productType = "com.apple.product-type.application";
		};
		92AA42BF1916C2810037D405 /* VBall ScoreMasterTests */ = {
			isa = PBXNativeTarget;
			buildConfigurationList = 92AA42D41916C2810037D405 /* Build configuration list for PBXNativeTarget "VBall ScoreMasterTests" */;
			buildPhases = (
				92AA42BC1916C2810037D405 /* Sources */,
				92AA42BD1916C2810037D405 /* Frameworks */,
				92AA42BE1916C2810037D405 /* Resources */,
			);
			buildRules = (
			);
			dependencies = (
				92AA42C61916C2810037D405 /* PBXTargetDependency */,
			);
			name = "VBall ScoreMasterTests";
			productName = VolleyballTests;
			productReference = 92AA42C01916C2810037D405 /* VBall ScoreMasterTests.xctest */;
			productType = "com.apple.product-type.bundle.unit-test";
		};
/* End PBXNativeTarget section */

/* Begin PBXProject section */
		92AA42971916C2800037D405 /* Project object */ = {
			isa = PBXProject;
			attributes = {
				CLASSPREFIX = VolleyBall;
				LastUpgradeCheck = 0710;
				ORGANIZATIONNAME = "BaraLabs, LLC";
				TargetAttributes = {
					92AA429E1916C2800037D405 = {
						DevelopmentTeam = CF655ESNGC;
						SystemCapabilities = {
							com.apple.InAppPurchase = {
								enabled = 1;
							};
						};
					};
					92AA42BF1916C2810037D405 = {
						DevelopmentTeam = CF655ESNGC;
						TestTargetID = 92AA429E1916C2800037D405;
					};
				};
			};
			buildConfigurationList = 92AA429A1916C2800037D405 /* Build configuration list for PBXProject "VBall ScoreMaster" */;
			compatibilityVersion = "Xcode 3.2";
			developmentRegion = English;
			hasScannedForEncodings = 0;
			knownRegions = (
				en,
				Base,
			);
			mainGroup = 92AA42961916C2800037D405;
			productRefGroup = 92AA42A01916C2800037D405 /* Products */;
			projectDirPath = "";
			projectRoot = "";
			targets = (
				92AA429E1916C2800037D405 /* VBall ScoreMaster */,
				92AA42BF1916C2810037D405 /* VBall ScoreMasterTests */,
			);
		};
/* End PBXProject section */

/* Begin PBXResourcesBuildPhase section */
		92AA429D1916C2800037D405 /* Resources */ = {
			isa = PBXResourcesBuildPhase;
			buildActionMask = 2147483647;
			files = (
				AD082E39198182E800A997CE /* DefaultScoreViewController.xib in Resources */,
				92AA42BB1916C2810037D405 /* Images.xcassets in Resources */,
				ADB5A13319D30372009B1550 /* NRTouchImage@2x.png in Resources */,
				92AA42AD1916C2800037D405 /* InfoPlist.strings in Resources */,
				ADB5A13219D30372009B1550 /* NRTouchImage.png in Resources */,
				AD082E3619817E5C00A997CE /* Main.storyboard in Resources */,
				AD0D059B1A7198F200B5FC00 /* colormap.png in Resources */,
				ADFAA8B019A8D617009D1143 /* Main_iPad.storyboard in Resources */,
				ADCFF8B01AB5D6D000AB9CB0 /* Default-Landscape@2x.png in Resources */,
				AD9B665C199D2754002C5145 /* Settings.bundle in Resources */,
				AD0D058B1A7195C300B5FC00 /* FCColorPickerViewController.xib in Resources */,
				ADEB992F1986ECB70009B3F5 /* ActionNames.plist in Resources */,
			);
			runOnlyForDeploymentPostprocessing = 0;
		};
		92AA42BE1916C2810037D405 /* Resources */ = {
			isa = PBXResourcesBuildPhase;
			buildActionMask = 2147483647;
			files = (
				92AA42CC1916C2810037D405 /* InfoPlist.strings in Resources */,
			);
			runOnlyForDeploymentPostprocessing = 0;
		};
/* End PBXResourcesBuildPhase section */

/* Begin PBXShellScriptBuildPhase section */
		0DC7DAD67049FC68E7E7D61E /* Copy Pods Resources */ = {
			isa = PBXShellScriptBuildPhase;
			buildActionMask = 2147483647;
			files = (
			);
			inputPaths = (
			);
			name = "Copy Pods Resources";
			outputPaths = (
			);
			runOnlyForDeploymentPostprocessing = 0;
			shellPath = /bin/sh;
			shellScript = "\"${SRCROOT}/Pods/Target Support Files/Pods-VBall ScoreMaster/Pods-VBall ScoreMaster-resources.sh\"\n";
			showEnvVarsInLog = 0;
		};
		15F3DC32EAD61B4582A930F5 /* Embed Pods Frameworks */ = {
			isa = PBXShellScriptBuildPhase;
			buildActionMask = 2147483647;
			files = (
			);
			inputPaths = (
			);
			name = "Embed Pods Frameworks";
			outputPaths = (
			);
			runOnlyForDeploymentPostprocessing = 0;
			shellPath = /bin/sh;
			shellScript = "\"${SRCROOT}/Pods/Target Support Files/Pods-VBall ScoreMaster/Pods-VBall ScoreMaster-frameworks.sh\"\n";
			showEnvVarsInLog = 0;
		};
		6D7C737318285BC8290F769F /* Check Pods Manifest.lock */ = {
			isa = PBXShellScriptBuildPhase;
			buildActionMask = 2147483647;
			files = (
			);
			inputPaths = (
			);
			name = "Check Pods Manifest.lock";
			outputPaths = (
			);
			runOnlyForDeploymentPostprocessing = 0;
			shellPath = /bin/sh;
			shellScript = "diff \"${PODS_ROOT}/../Podfile.lock\" \"${PODS_ROOT}/Manifest.lock\" > /dev/null\nif [[ $? != 0 ]] ; then\n    cat << EOM\nerror: The sandbox is not in sync with the Podfile.lock. Run 'pod install' or update your CocoaPods installation.\nEOM\n    exit 1\nfi\n";
			showEnvVarsInLog = 0;
		};
		AD0413E21A3A1C7A00DEFB1F /* ShellScript */ = {
			isa = PBXShellScriptBuildPhase;
			buildActionMask = 2147483647;
			files = (
			);
			inputPaths = (
			);
			outputPaths = (
			);
			runOnlyForDeploymentPostprocessing = 0;
			shellPath = /bin/sh;
			shellScript = "#Update build number with number of git commits if in release mode\nif [ ${CONFIGURATION} == \"Release\" ]; then\nbuildNumber=$(git rev-list HEAD | wc -l | tr -d ' ')\n/usr/libexec/PlistBuddy -c \"Set :CFBundleVersion $buildNumber\" \"${PROJECT_DIR}/${INFOPLIST_FILE}\"\nfi;";
		};
		ADC716A2196CA6F000360EF4 /* ShellScript */ = {
			isa = PBXShellScriptBuildPhase;
			buildActionMask = 2147483647;
			files = (
			);
			inputPaths = (
			);
			outputPaths = (
			);
			runOnlyForDeploymentPostprocessing = 0;
			shellPath = /bin/sh;
			shellScript = "KEYWORDS=\"TODO:|FIXME:|\\?\\?\\?:|\\!\\!\\!:\" find \"${SRCROOT}\" \\( -name \"*.h\" -or\n-name \"*.m\" \\) -print0 | xargs -0 egrep --with-filename --line-number --only-\nmatching \"($KEYWORDS).*\\$\" | perl -p -e \"s/($KEYWORDS)/ warning: \\$1/\"";
		};
/* End PBXShellScriptBuildPhase section */

/* Begin PBXSourcesBuildPhase section */
		92AA429B1916C2800037D405 /* Sources */ = {
			isa = PBXSourcesBuildPhase;
			buildActionMask = 2147483647;
			files = (
				92AA42B31916C2800037D405 /* VolleyBallAppDelegate.m in Sources */,
				92AA42B91916C2810037D405 /* VolleyBallViewController.m in Sources */,
				AD52968D197F390E00767D1C /* TutorialViewController.m in Sources */,
				AD0D058A1A7195C300B5FC00 /* FCColorPickerViewController.m in Sources */,
				AD07812919D0493100E30AE9 /* VolleyBallIAPViewController.m in Sources */,
				ADB5A13419D30372009B1550 /* NRWindow.m in Sources */,
				AD0E1A09196AC50700289E7D /* ActionLabelTableViewController.m in Sources */,
				AD1C816E195C43A30028179B /* SettingsTableViewController.m in Sources */,
				AD0D05991A71977100B5FC00 /* FCColorSwatchView.m in Sources */,
				AD96E38619BFB056002CD75E /* IAPHelper.m in Sources */,
				AD082E33198061AE00A997CE /* TutorialSettingsViewController.m in Sources */,
				AD1378A219B50B9300DB02D0 /* iPadTutorialViewController.m in Sources */,
				AD96E38A19BFB5F7002CD75E /* VolleyBallIAPHelper.m in Sources */,
				AD2270B51BD98F4A0087289B /* NSUserDefaults+Extension.m in Sources */,
				92AA42AF1916C2800037D405 /* main.m in Sources */,
				9217E5D41926377700B2E6F1 /* DefaultScoreViewController.m in Sources */,
				AD0D05981A71977100B5FC00 /* FCBrightDarkGradView.m in Sources */,
				ADB5A13519D30372009B1550 /* UITouch+NRTouch.m in Sources */,
				AD1378A519B50BB400DB02D0 /* iPadTutorialSettingsBallViewController.m in Sources */,
				ADFB427319A4C37D00ADBE9F /* SupportTableViewController.m in Sources */,
			);
			runOnlyForDeploymentPostprocessing = 0;
		};
		92AA42BC1916C2810037D405 /* Sources */ = {
			isa = PBXSourcesBuildPhase;
			buildActionMask = 2147483647;
			files = (
				92AA42CE1916C2810037D405 /* VolleyballTests.m in Sources */,
			);
			runOnlyForDeploymentPostprocessing = 0;
		};
/* End PBXSourcesBuildPhase section */

/* Begin PBXTargetDependency section */
		92AA42C61916C2810037D405 /* PBXTargetDependency */ = {
			isa = PBXTargetDependency;
			target = 92AA429E1916C2800037D405 /* VBall ScoreMaster */;
			targetProxy = 92AA42C51916C2810037D405 /* PBXContainerItemProxy */;
		};
/* End PBXTargetDependency section */

/* Begin PBXVariantGroup section */
		92AA42AB1916C2800037D405 /* InfoPlist.strings */ = {
			isa = PBXVariantGroup;
			children = (
				92AA42AC1916C2800037D405 /* en */,
			);
			name = InfoPlist.strings;
			sourceTree = "<group>";
		};
		92AA42CA1916C2810037D405 /* InfoPlist.strings */ = {
			isa = PBXVariantGroup;
			children = (
				92AA42CB1916C2810037D405 /* en */,
			);
			name = InfoPlist.strings;
			sourceTree = "<group>";
		};
		AD082E3419817E5C00A997CE /* Main.storyboard */ = {
			isa = PBXVariantGroup;
			children = (
				ADCC13981981B527001DC9B6 /* Base */,
				ADCC139A1981B588001DC9B6 /* en */,
			);
			name = Main.storyboard;
			path = ..;
			sourceTree = "<group>";
		};
		AD082E37198182E800A997CE /* DefaultScoreViewController.xib */ = {
			isa = PBXVariantGroup;
			children = (
				ADCC13971981B527001DC9B6 /* Base */,
			);
			name = DefaultScoreViewController.xib;
			sourceTree = "<group>";
		};
/* End PBXVariantGroup section */

/* Begin XCBuildConfiguration section */
		92AA42CF1916C2810037D405 /* Debug */ = {
			isa = XCBuildConfiguration;
			buildSettings = {
				ALWAYS_SEARCH_USER_PATHS = NO;
				CLANG_CXX_LANGUAGE_STANDARD = "gnu++0x";
				CLANG_CXX_LIBRARY = "libc++";
				CLANG_ENABLE_MODULES = YES;
				CLANG_ENABLE_OBJC_ARC = YES;
				CLANG_WARN_BOOL_CONVERSION = YES;
				CLANG_WARN_CONSTANT_CONVERSION = YES;
				CLANG_WARN_DIRECT_OBJC_ISA_USAGE = YES_ERROR;
				CLANG_WARN_EMPTY_BODY = YES;
				CLANG_WARN_ENUM_CONVERSION = YES;
				CLANG_WARN_INT_CONVERSION = YES;
				CLANG_WARN_OBJC_ROOT_CLASS = YES_ERROR;
				CLANG_WARN__DUPLICATE_METHOD_MATCH = YES;
				CODE_SIGN_IDENTITY = "iPhone Distribution: Frank Bara (CF655ESNGC)";
				"CODE_SIGN_IDENTITY[sdk=iphoneos*]" = "iPhone Distribution: Frank Bara (CF655ESNGC)";
				COPY_PHASE_STRIP = NO;
				ENABLE_TESTABILITY = YES;
				GCC_C_LANGUAGE_STANDARD = gnu99;
				GCC_DYNAMIC_NO_PIC = NO;
				GCC_INCREASE_PRECOMPILED_HEADER_SHARING = YES;
				GCC_OPTIMIZATION_LEVEL = 0;
				GCC_PREPROCESSOR_DEFINITIONS = (
					"DEBUG=1",
					"$(inherited)",
				);
				GCC_SYMBOLS_PRIVATE_EXTERN = NO;
				GCC_WARN_64_TO_32_BIT_CONVERSION = YES;
				GCC_WARN_ABOUT_RETURN_TYPE = YES_ERROR;
				GCC_WARN_UNDECLARED_SELECTOR = YES;
				GCC_WARN_UNINITIALIZED_AUTOS = YES_AGGRESSIVE;
				GCC_WARN_UNUSED_FUNCTION = YES;
				GCC_WARN_UNUSED_VARIABLE = YES;
				IPHONEOS_DEPLOYMENT_TARGET = 9.0;
				ONLY_ACTIVE_ARCH = YES;
				OTHER_LDFLAGS = "-ObjC";
				PROVISIONING_PROFILE = "E7C5FC76-EC0E-474B-9C0B-507BD95751B5";
				SDKROOT = iphoneos;
			};
			name = Debug;
		};
		92AA42D01916C2810037D405 /* Release */ = {
			isa = XCBuildConfiguration;
			buildSettings = {
				ALWAYS_SEARCH_USER_PATHS = NO;
				CLANG_CXX_LANGUAGE_STANDARD = "gnu++0x";
				CLANG_CXX_LIBRARY = "libc++";
				CLANG_ENABLE_MODULES = YES;
				CLANG_ENABLE_OBJC_ARC = YES;
				CLANG_WARN_BOOL_CONVERSION = YES;
				CLANG_WARN_CONSTANT_CONVERSION = YES;
				CLANG_WARN_DIRECT_OBJC_ISA_USAGE = YES_ERROR;
				CLANG_WARN_EMPTY_BODY = YES;
				CLANG_WARN_ENUM_CONVERSION = YES;
				CLANG_WARN_INT_CONVERSION = YES;
				CLANG_WARN_OBJC_ROOT_CLASS = YES_ERROR;
				CLANG_WARN__DUPLICATE_METHOD_MATCH = YES;
				CODE_SIGN_IDENTITY = "iPhone Distribution: Frank Bara (CF655ESNGC)";
				"CODE_SIGN_IDENTITY[sdk=iphoneos*]" = "iPhone Distribution: Frank Bara (CF655ESNGC)";
				COPY_PHASE_STRIP = YES;
				ENABLE_NS_ASSERTIONS = NO;
				GCC_C_LANGUAGE_STANDARD = gnu99;
				GCC_INCREASE_PRECOMPILED_HEADER_SHARING = YES;
				GCC_WARN_64_TO_32_BIT_CONVERSION = YES;
				GCC_WARN_ABOUT_RETURN_TYPE = YES_ERROR;
				GCC_WARN_UNDECLARED_SELECTOR = YES;
				GCC_WARN_UNINITIALIZED_AUTOS = YES_AGGRESSIVE;
				GCC_WARN_UNUSED_FUNCTION = YES;
				GCC_WARN_UNUSED_VARIABLE = YES;
				IPHONEOS_DEPLOYMENT_TARGET = 9.0;
				OTHER_LDFLAGS = "-ObjC";
				PROVISIONING_PROFILE = "E7C5FC76-EC0E-474B-9C0B-507BD95751B5";
				SDKROOT = iphoneos;
				VALIDATE_PRODUCT = YES;
			};
			name = Release;
		};
		92AA42D21916C2810037D405 /* Debug */ = {
			isa = XCBuildConfiguration;
			baseConfigurationReference = 9982E482587BDC7EC29A9DF9 /* Pods-VBall ScoreMaster.debug.xcconfig */;
			buildSettings = {
				ALWAYS_SEARCH_USER_PATHS = YES;
				ASSETCATALOG_COMPILER_APPICON_NAME = AppIcon;
				ASSETCATALOG_COMPILER_LAUNCHIMAGE_NAME = LaunchImage;
				CLANG_WARN_DIRECT_OBJC_ISA_USAGE = NO;
				CLANG_WARN_DOCUMENTATION_COMMENTS = YES;
				CODE_SIGN_IDENTITY = "iPhone Developer";
				"CODE_SIGN_IDENTITY[sdk=iphoneos*]" = "iPhone Developer";
				FRAMEWORK_SEARCH_PATHS = (
					"$(inherited)",
					"$(PROJECT_DIR)",
				);
				GCC_PRECOMPILE_PREFIX_HEADER = YES;
				GCC_PREFIX_HEADER = "Volleyball/Volleyball-Prefix.pch";
				GCC_WARN_ABOUT_DEPRECATED_FUNCTIONS = NO;
				INFOPLIST_FILE = "Volleyball/Volleyball-Info.plist";
				IPHONEOS_DEPLOYMENT_TARGET = 9.0;
				LIBRARY_SEARCH_PATHS = (
					"$(inherited)",
					"$(PROJECT_DIR)/Volleyball",
					"$(PROJECT_DIR)",
				);
				OTHER_LDFLAGS = "$(inherited)";
				PRODUCT_BUNDLE_IDENTIFIER = com.BaraLabs.VBallScoreMaster;
				PRODUCT_NAME = "$(TARGET_NAME)";
				PROVISIONING_PROFILE = "";
				TARGETED_DEVICE_FAMILY = "1,2";
				USER_HEADER_SEARCH_PATHS = "\"$(SRCROOT)/Classes\" \"$(SRCROOT)/Views\" \"$(SRCROOT)/Models\"";
				WRAPPER_EXTENSION = app;
			};
			name = Debug;
		};
		92AA42D31916C2810037D405 /* Release */ = {
			isa = XCBuildConfiguration;
			baseConfigurationReference = FBE7CEAB9E6E4D5FC5CC6BB6 /* Pods-VBall ScoreMaster.release.xcconfig */;
			buildSettings = {
				ALWAYS_SEARCH_USER_PATHS = YES;
				ASSETCATALOG_COMPILER_APPICON_NAME = AppIcon;
				ASSETCATALOG_COMPILER_LAUNCHIMAGE_NAME = LaunchImage;
				CLANG_WARN_DIRECT_OBJC_ISA_USAGE = NO;
				CLANG_WARN_DOCUMENTATION_COMMENTS = YES;
				CODE_SIGN_IDENTITY = "iPhone Developer";
				"CODE_SIGN_IDENTITY[sdk=iphoneos*]" = "iPhone Developer";
				FRAMEWORK_SEARCH_PATHS = (
					"$(inherited)",
					"$(PROJECT_DIR)",
				);
				GCC_PRECOMPILE_PREFIX_HEADER = YES;
				GCC_PREFIX_HEADER = "Volleyball/Volleyball-Prefix.pch";
				GCC_WARN_ABOUT_DEPRECATED_FUNCTIONS = NO;
				INFOPLIST_FILE = "Volleyball/Volleyball-Info.plist";
				IPHONEOS_DEPLOYMENT_TARGET = 9.0;
				LIBRARY_SEARCH_PATHS = (
					"$(inherited)",
					"$(PROJECT_DIR)/Volleyball",
					"$(PROJECT_DIR)",
				);
				OTHER_LDFLAGS = "$(inherited)";
				PRODUCT_BUNDLE_IDENTIFIER = com.BaraLabs.VBallScoreMaster;
				PRODUCT_NAME = "$(TARGET_NAME)";
				PROVISIONING_PROFILE = "";
				TARGETED_DEVICE_FAMILY = "1,2";
				USER_HEADER_SEARCH_PATHS = "\"$(SRCROOT)/Classes\" \"$(SRCROOT)/Models\" \"$(SRCROOT)/Views\"";
				WRAPPER_EXTENSION = app;
			};
			name = Release;
		};
		92AA42D51916C2810037D405 /* Debug */ = {
			isa = XCBuildConfiguration;
			buildSettings = {
				BUNDLE_LOADER = "$(BUILT_PRODUCTS_DIR)/VBall ScoreMaster.app/VBall ScoreMaster";
				CODE_SIGN_IDENTITY = "iPhone Developer";
				"CODE_SIGN_IDENTITY[sdk=iphoneos*]" = "iPhone Developer";
				FRAMEWORK_SEARCH_PATHS = (
					"$(SDKROOT)/Developer/Library/Frameworks",
					"$(inherited)",
					"$(DEVELOPER_FRAMEWORKS_DIR)",
				);
				GCC_PRECOMPILE_PREFIX_HEADER = YES;
				GCC_PREFIX_HEADER = "Volleyball/Volleyball-Prefix.pch";
				GCC_PREPROCESSOR_DEFINITIONS = (
					"DEBUG=1",
					"$(inherited)",
				);
				INFOPLIST_FILE = "VolleyballTests/VolleyballTests-Info.plist";
				PRODUCT_BUNDLE_IDENTIFIER = "com.BaraTech.${PRODUCT_NAME:rfc1034identifier}";
				PRODUCT_NAME = "$(TARGET_NAME)";
				PROVISIONING_PROFILE = "";
				TEST_HOST = "$(BUNDLE_LOADER)";
				WRAPPER_EXTENSION = xctest;
			};
			name = Debug;
		};
		92AA42D61916C2810037D405 /* Release */ = {
			isa = XCBuildConfiguration;
			buildSettings = {
				BUNDLE_LOADER = "$(BUILT_PRODUCTS_DIR)/VBall ScoreMaster.app/VBall ScoreMaster";
				CODE_SIGN_IDENTITY = "iPhone Developer";
				"CODE_SIGN_IDENTITY[sdk=iphoneos*]" = "iPhone Developer";
				FRAMEWORK_SEARCH_PATHS = (
					"$(SDKROOT)/Developer/Library/Frameworks",
					"$(inherited)",
					"$(DEVELOPER_FRAMEWORKS_DIR)",
				);
				GCC_PRECOMPILE_PREFIX_HEADER = YES;
				GCC_PREFIX_HEADER = "Volleyball/Volleyball-Prefix.pch";
				INFOPLIST_FILE = "VolleyballTests/VolleyballTests-Info.plist";
				PRODUCT_BUNDLE_IDENTIFIER = "com.BaraTech.${PRODUCT_NAME:rfc1034identifier}";
				PRODUCT_NAME = "$(TARGET_NAME)";
				PROVISIONING_PROFILE = "";
				TEST_HOST = "$(BUNDLE_LOADER)";
				WRAPPER_EXTENSION = xctest;
			};
			name = Release;
		};
		ADFEAFB41941F52500CB5252 /* Distribution */ = {
			isa = XCBuildConfiguration;
			buildSettings = {
				ALWAYS_SEARCH_USER_PATHS = NO;
				CLANG_CXX_LANGUAGE_STANDARD = "gnu++0x";
				CLANG_CXX_LIBRARY = "libc++";
				CLANG_ENABLE_MODULES = YES;
				CLANG_ENABLE_OBJC_ARC = YES;
				CLANG_WARN_BOOL_CONVERSION = YES;
				CLANG_WARN_CONSTANT_CONVERSION = YES;
				CLANG_WARN_DIRECT_OBJC_ISA_USAGE = YES_ERROR;
				CLANG_WARN_EMPTY_BODY = YES;
				CLANG_WARN_ENUM_CONVERSION = YES;
				CLANG_WARN_INT_CONVERSION = YES;
				CLANG_WARN_OBJC_ROOT_CLASS = YES_ERROR;
				CLANG_WARN__DUPLICATE_METHOD_MATCH = YES;
				CODE_SIGN_IDENTITY = "iPhone Distribution: Frank Bara (CF655ESNGC)";
				"CODE_SIGN_IDENTITY[sdk=iphoneos*]" = "iPhone Distribution: Frank Bara (CF655ESNGC)";
				COPY_PHASE_STRIP = YES;
				ENABLE_NS_ASSERTIONS = NO;
				GCC_C_LANGUAGE_STANDARD = gnu99;
				GCC_INCREASE_PRECOMPILED_HEADER_SHARING = YES;
				GCC_WARN_64_TO_32_BIT_CONVERSION = YES;
				GCC_WARN_ABOUT_RETURN_TYPE = YES_ERROR;
				GCC_WARN_UNDECLARED_SELECTOR = YES;
				GCC_WARN_UNINITIALIZED_AUTOS = YES_AGGRESSIVE;
				GCC_WARN_UNUSED_FUNCTION = YES;
				GCC_WARN_UNUSED_VARIABLE = YES;
				IPHONEOS_DEPLOYMENT_TARGET = 9.0;
				OTHER_LDFLAGS = "-ObjC";
				PROVISIONING_PROFILE = "E7C5FC76-EC0E-474B-9C0B-507BD95751B5";
				SDKROOT = iphoneos;
				VALIDATE_PRODUCT = YES;
			};
			name = Distribution;
		};
		ADFEAFB51941F52500CB5252 /* Distribution */ = {
			isa = XCBuildConfiguration;
			baseConfigurationReference = 80877D435E5C00A428BF118A /* Pods-VBall ScoreMaster.distribution.xcconfig */;
			buildSettings = {
				ALWAYS_SEARCH_USER_PATHS = YES;
				ASSETCATALOG_COMPILER_APPICON_NAME = AppIcon;
				ASSETCATALOG_COMPILER_LAUNCHIMAGE_NAME = LaunchImage;
				CLANG_WARN_DIRECT_OBJC_ISA_USAGE = NO;
				CLANG_WARN_DOCUMENTATION_COMMENTS = YES;
				CODE_SIGN_IDENTITY = "iPhone Developer";
				"CODE_SIGN_IDENTITY[sdk=iphoneos*]" = "iPhone Developer";
				FRAMEWORK_SEARCH_PATHS = (
					"$(inherited)",
					"$(PROJECT_DIR)",
				);
				GCC_PRECOMPILE_PREFIX_HEADER = YES;
				GCC_PREFIX_HEADER = "Volleyball/Volleyball-Prefix.pch";
				GCC_WARN_ABOUT_DEPRECATED_FUNCTIONS = NO;
				INFOPLIST_FILE = "Volleyball/Volleyball-Info.plist";
				IPHONEOS_DEPLOYMENT_TARGET = 9.0;
				LIBRARY_SEARCH_PATHS = (
					"$(inherited)",
					"$(PROJECT_DIR)/Volleyball",
					"$(PROJECT_DIR)",
				);
				OTHER_LDFLAGS = "$(inherited)";
				PRODUCT_BUNDLE_IDENTIFIER = com.BaraLabs.VBallScoreMaster;
				PRODUCT_NAME = "$(TARGET_NAME)";
				PROVISIONING_PROFILE = "";
				TARGETED_DEVICE_FAMILY = "1,2";
				USER_HEADER_SEARCH_PATHS = "\"$(SRCROOT)/Classes\" \"$(SRCROOT)/Models\" \"$(SRCROOT)/Views\"";
				WRAPPER_EXTENSION = app;
			};
			name = Distribution;
		};
		ADFEAFB61941F52500CB5252 /* Distribution */ = {
			isa = XCBuildConfiguration;
			buildSettings = {
				BUNDLE_LOADER = "$(BUILT_PRODUCTS_DIR)/VBall ScoreMaster.app/VBall ScoreMaster";
				CODE_SIGN_IDENTITY = "iPhone Developer";
				"CODE_SIGN_IDENTITY[sdk=iphoneos*]" = "iPhone Developer";
				FRAMEWORK_SEARCH_PATHS = (
					"$(SDKROOT)/Developer/Library/Frameworks",
					"$(inherited)",
					"$(DEVELOPER_FRAMEWORKS_DIR)",
				);
				GCC_PRECOMPILE_PREFIX_HEADER = YES;
				GCC_PREFIX_HEADER = "Volleyball/Volleyball-Prefix.pch";
				INFOPLIST_FILE = "VolleyballTests/VolleyballTests-Info.plist";
				PRODUCT_BUNDLE_IDENTIFIER = "com.BaraTech.${PRODUCT_NAME:rfc1034identifier}";
				PRODUCT_NAME = "$(TARGET_NAME)";
				PROVISIONING_PROFILE = "";
				TEST_HOST = "$(BUNDLE_LOADER)";
				WRAPPER_EXTENSION = xctest;
			};
			name = Distribution;
		};
/* End XCBuildConfiguration section */

/* Begin XCConfigurationList section */
		92AA429A1916C2800037D405 /* Build configuration list for PBXProject "VBall ScoreMaster" */ = {
			isa = XCConfigurationList;
			buildConfigurations = (
				92AA42CF1916C2810037D405 /* Debug */,
				92AA42D01916C2810037D405 /* Release */,
				ADFEAFB41941F52500CB5252 /* Distribution */,
			);
			defaultConfigurationIsVisible = 0;
			defaultConfigurationName = Release;
		};
		92AA42D11916C2810037D405 /* Build configuration list for PBXNativeTarget "VBall ScoreMaster" */ = {
			isa = XCConfigurationList;
			buildConfigurations = (
				92AA42D21916C2810037D405 /* Debug */,
				92AA42D31916C2810037D405 /* Release */,
				ADFEAFB51941F52500CB5252 /* Distribution */,
			);
			defaultConfigurationIsVisible = 0;
			defaultConfigurationName = Release;
		};
		92AA42D41916C2810037D405 /* Build configuration list for PBXNativeTarget "VBall ScoreMasterTests" */ = {
			isa = XCConfigurationList;
			buildConfigurations = (
				92AA42D51916C2810037D405 /* Debug */,
				92AA42D61916C2810037D405 /* Release */,
				ADFEAFB61941F52500CB5252 /* Distribution */,
			);
			defaultConfigurationIsVisible = 0;
			defaultConfigurationName = Release;
		};
/* End XCConfigurationList section */
	};
	rootObject = 92AA42971916C2800037D405 /* Project object */;
}
